
Microsoft Visual Studio Solution File, Format Version 12.00
# Visual Studio Version 16
VisualStudioVersion = 16.0.30804.86
MinimumVisualStudioVersion = 10.0.40219.1
Project("{FAE04EC0-301F-11D3-BF4B-00C04F79EFBC}") = "PGE.Common.CommandFlags", "PGE.Common.CommandFlags\PGE.Common.CommandFlags.csproj", "{C47A87A5-EB63-422E-BCCE-9D9A7D0D1F1D}"
EndProject
Global
	GlobalSection(SolutionConfigurationPlatforms) = preSolution
		Debug|Any CPU = Debug|Any CPU
		Release|Any CPU = Release|Any CPU
	EndGlobalSection
	GlobalSection(ProjectConfigurationPlatforms) = postSolution
		{C47A87A5-EB63-422E-BCCE-9D9A7D0D1F1D}.Debug|Any CPU.ActiveCfg = Debug|Any CPU
		{C47A87A5-EB63-422E-BCCE-9D9A7D0D1F1D}.Debug|Any CPU.Build.0 = Debug|Any CPU
		{C47A87A5-EB63-422E-BCCE-9D9A7D0D1F1D}.Release|Any CPU.ActiveCfg = Release|Any CPU
		{C47A87A5-EB63-422E-BCCE-9D9A7D0D1F1D}.Release|Any CPU.Build.0 = Release|Any CPU
	EndGlobalSection
	GlobalSection(SolutionProperties) = preSolution
		HideSolutionNode = FALSE
	EndGlobalSection
	GlobalSection(ExtensibilityGlobals) = postSolution
		SolutionGuid = {B2F53C08-AD2E-4077-87B6-D83CF400E2BD}
	EndGlobalSection
	GlobalSection(TeamFoundationVersionControl) = preSolution
		SccNumberOfProjects = 2
		SccEnterpriseProvider = {4CA58AB2-18FA-4F8D-95D4-32DDF27D184C}
		SccTeamFoundationServer = http://edappgistfsprd1:8080/tfs/electricdistcollection
		SccLocalPath0 = .
		SccProjectUniqueName1 = PGE.Common.CommandFlags\\PGE.Common.CommandFlags.csproj
		SccProjectName1 = PGE.Common.CommandFlags
		SccLocalPath1 = PGE.Common.CommandFlags
	EndGlobalSection
EndGlobal
