
Microsoft Visual Studio Solution File, Format Version 12.00
# Visual Studio Version 16
VisualStudioVersion = 16.0.29806.167
MinimumVisualStudioVersion = 10.0.40219.1
Project("{FAE04EC0-301F-11D3-BF4B-00C04F79EFBC}") = "DeleteFeatures", "DeleteFeatures\DeleteFeatures.csproj", "{3A7F1940-621D-4D14-9BF6-33C9AF820425}"
EndProject
Project("{2150E333-8FDC-42A3-9474-1A3956D46DE8}") = "externals", "externals", "{68C307B0-A676-481D-851F-13BCCFE4F3CB}"
EndProject
Project("{FAE04EC0-301F-11D3-BF4B-00C04F79EFBC}") = "Telvent.Delivery.ArcFM", "..\..\..\..\EDER\externals\telvent.delivery\Telvent.Delivery.ArcFM\Telvent.Delivery.ArcFM.csproj", "{D51259A8-4142-4C43-A95C-6C1FCBF88A73}"
EndProject
Project("{FAE04EC0-301F-11D3-BF4B-00C04F79EFBC}") = "Telvent.Delivery.Diagnostics", "..\..\..\..\EDER\externals\telvent.delivery\Telvent.Delivery.Diagnostics\Telvent.Delivery.Diagnostics.csproj", "{F1D566A4-A80B-44D5-AC34-F4859D068A13}"
EndProject
Project("{FAE04EC0-301F-11D3-BF4B-00C04F79EFBC}") = "Telvent.Delivery.Framework", "..\..\..\..\EDER\externals\telvent.delivery\Telvent.Delivery.Framework\Telvent.Delivery.Framework.csproj", "{F83A2262-39CF-4AF1-91B4-6BF243568F30}"
EndProject
Project("{FAE04EC0-301F-11D3-BF4B-00C04F79EFBC}") = "Telvent.Delivery.Geodatabase", "..\..\..\..\EDER\externals\telvent.delivery\Telvent.Delivery.Geodatabase\Telvent.Delivery.Geodatabase.csproj", "{C5D5C40D-F0DA-4455-9E1D-86F8A9C57C2B}"
EndProject
Project("{FAE04EC0-301F-11D3-BF4B-00C04F79EFBC}") = "Telvent.Delivery.Process", "..\..\..\..\EDER\externals\telvent.delivery\Telvent.Delivery.ProcessManager\Telvent.Delivery.Process.csproj", "{50D5B168-0D42-40D3-970F-00B5E0D6D7BD}"
EndProject
Project("{FAE04EC0-301F-11D3-BF4B-00C04F79EFBC}") = "Telvent.Delivery.SessionManager", "..\..\..\..\EDER\externals\telvent.delivery\Telvent.Delivery.SessionManager\Telvent.Delivery.SessionManager.csproj", "{086A1CDD-E760-4503-AFF3-1C3F7F113106}"
EndProject
Project("{FAE04EC0-301F-11D3-BF4B-00C04F79EFBC}") = "Telvent.Delivery.Systems", "..\..\..\..\EDER\externals\telvent.delivery\Telvent.Delivery.System\Telvent.Delivery.Systems.csproj", "{BB2F3F97-87F6-434A-8618-C4016F020B3F}"
EndProject
Project("{FAE04EC0-301F-11D3-BF4B-00C04F79EFBC}") = "Telvent.Delivery.UI", "..\..\..\..\EDER\externals\telvent.delivery\Telvent.Delivery.UI\Telvent.Delivery.UI.csproj", "{9C7B8625-11EA-477E-937C-0FD928F1F6F6}"
EndProject
Project("{FAE04EC0-301F-11D3-BF4B-00C04F79EFBC}") = "ROBC_API", "..\..\..\..\IBM GIS\Standalone Executables\ROBC_API\ROBC_API\ROBC_API.csproj", "{F40BD604-CDB9-423B-94A9-7A1A9DBA0CBF}"
EndProject
Project("{FAE04EC0-301F-11D3-BF4B-00C04F79EFBC}") = "Telvent.PGE.ED.Desktop", "..\..\..\..\EDER\ED\Desktop\Telvent.PGE.ED.Desktop\Telvent.PGE.ED.Desktop.csproj", "{BC966FF3-6198-405A-A643-FD63BA00324F}"
EndProject
Global
	GlobalSection(SolutionConfigurationPlatforms) = preSolution
		Debug|Any CPU = Debug|Any CPU
		Debug|x86 = Debug|x86
		KF_Debug|Any CPU = KF_Debug|Any CPU
		KF_Debug|x86 = KF_Debug|x86
		NoBuild|Any CPU = NoBuild|Any CPU
		NoBuild|x86 = NoBuild|x86
		Release|Any CPU = Release|Any CPU
		Release|x86 = Release|x86
	EndGlobalSection
	GlobalSection(ProjectConfigurationPlatforms) = postSolution
		{3A7F1940-621D-4D14-9BF6-33C9AF820425}.Debug|Any CPU.ActiveCfg = Debug|x86
		{3A7F1940-621D-4D14-9BF6-33C9AF820425}.Debug|Any CPU.Build.0 = Debug|x86
		{3A7F1940-621D-4D14-9BF6-33C9AF820425}.Debug|x86.ActiveCfg = Debug|x86
		{3A7F1940-621D-4D14-9BF6-33C9AF820425}.Debug|x86.Build.0 = Debug|x86
		{3A7F1940-621D-4D14-9BF6-33C9AF820425}.KF_Debug|Any CPU.ActiveCfg = Debug|x86
		{3A7F1940-621D-4D14-9BF6-33C9AF820425}.KF_Debug|x86.ActiveCfg = Debug|x86
		{3A7F1940-621D-4D14-9BF6-33C9AF820425}.KF_Debug|x86.Build.0 = Debug|x86
		{3A7F1940-621D-4D14-9BF6-33C9AF820425}.NoBuild|Any CPU.ActiveCfg = Release|x86
		{3A7F1940-621D-4D14-9BF6-33C9AF820425}.NoBuild|x86.ActiveCfg = Release|x86
		{3A7F1940-621D-4D14-9BF6-33C9AF820425}.NoBuild|x86.Build.0 = Release|x86
		{3A7F1940-621D-4D14-9BF6-33C9AF820425}.Release|Any CPU.ActiveCfg = Release|x86
		{3A7F1940-621D-4D14-9BF6-33C9AF820425}.Release|x86.ActiveCfg = Release|x86
		{3A7F1940-621D-4D14-9BF6-33C9AF820425}.Release|x86.Build.0 = Release|x86
		{D51259A8-4142-4C43-A95C-6C1FCBF88A73}.Debug|Any CPU.ActiveCfg = Debug|Any CPU
		{D51259A8-4142-4C43-A95C-6C1FCBF88A73}.Debug|Any CPU.Build.0 = Debug|Any CPU
		{D51259A8-4142-4C43-A95C-6C1FCBF88A73}.Debug|x86.ActiveCfg = Debug|x86
		{D51259A8-4142-4C43-A95C-6C1FCBF88A73}.Debug|x86.Build.0 = Debug|x86
		{D51259A8-4142-4C43-A95C-6C1FCBF88A73}.KF_Debug|Any CPU.ActiveCfg = Debug|Any CPU
		{D51259A8-4142-4C43-A95C-6C1FCBF88A73}.KF_Debug|Any CPU.Build.0 = Debug|Any CPU
		{D51259A8-4142-4C43-A95C-6C1FCBF88A73}.KF_Debug|x86.ActiveCfg = Debug|x86
		{D51259A8-4142-4C43-A95C-6C1FCBF88A73}.KF_Debug|x86.Build.0 = Debug|x86
		{D51259A8-4142-4C43-A95C-6C1FCBF88A73}.NoBuild|Any CPU.ActiveCfg = NoBuild|Any CPU
		{D51259A8-4142-4C43-A95C-6C1FCBF88A73}.NoBuild|Any CPU.Build.0 = NoBuild|Any CPU
		{D51259A8-4142-4C43-A95C-6C1FCBF88A73}.NoBuild|x86.ActiveCfg = NoBuild|x86
		{D51259A8-4142-4C43-A95C-6C1FCBF88A73}.NoBuild|x86.Build.0 = NoBuild|x86
		{D51259A8-4142-4C43-A95C-6C1FCBF88A73}.Release|Any CPU.ActiveCfg = Release|Any CPU
		{D51259A8-4142-4C43-A95C-6C1FCBF88A73}.Release|Any CPU.Build.0 = Release|Any CPU
		{D51259A8-4142-4C43-A95C-6C1FCBF88A73}.Release|x86.ActiveCfg = Release|x86
		{D51259A8-4142-4C43-A95C-6C1FCBF88A73}.Release|x86.Build.0 = Release|x86
		{F1D566A4-A80B-44D5-AC34-F4859D068A13}.Debug|Any CPU.ActiveCfg = Debug|Any CPU
		{F1D566A4-A80B-44D5-AC34-F4859D068A13}.Debug|Any CPU.Build.0 = Debug|Any CPU
		{F1D566A4-A80B-44D5-AC34-F4859D068A13}.Debug|x86.ActiveCfg = Debug|x86
		{F1D566A4-A80B-44D5-AC34-F4859D068A13}.Debug|x86.Build.0 = Debug|x86
		{F1D566A4-A80B-44D5-AC34-F4859D068A13}.KF_Debug|Any CPU.ActiveCfg = Debug|Any CPU
		{F1D566A4-A80B-44D5-AC34-F4859D068A13}.KF_Debug|Any CPU.Build.0 = Debug|Any CPU
		{F1D566A4-A80B-44D5-AC34-F4859D068A13}.KF_Debug|x86.ActiveCfg = Debug|x86
		{F1D566A4-A80B-44D5-AC34-F4859D068A13}.KF_Debug|x86.Build.0 = Debug|x86
		{F1D566A4-A80B-44D5-AC34-F4859D068A13}.NoBuild|Any CPU.ActiveCfg = NoBuild|Any CPU
		{F1D566A4-A80B-44D5-AC34-F4859D068A13}.NoBuild|Any CPU.Build.0 = NoBuild|Any CPU
		{F1D566A4-A80B-44D5-AC34-F4859D068A13}.NoBuild|x86.ActiveCfg = NoBuild|x86
		{F1D566A4-A80B-44D5-AC34-F4859D068A13}.NoBuild|x86.Build.0 = NoBuild|x86
		{F1D566A4-A80B-44D5-AC34-F4859D068A13}.Release|Any CPU.ActiveCfg = Release|Any CPU
		{F1D566A4-A80B-44D5-AC34-F4859D068A13}.Release|Any CPU.Build.0 = Release|Any CPU
		{F1D566A4-A80B-44D5-AC34-F4859D068A13}.Release|x86.ActiveCfg = Release|x86
		{F1D566A4-A80B-44D5-AC34-F4859D068A13}.Release|x86.Build.0 = Release|x86
		{F83A2262-39CF-4AF1-91B4-6BF243568F30}.Debug|Any CPU.ActiveCfg = Debug|Any CPU
		{F83A2262-39CF-4AF1-91B4-6BF243568F30}.Debug|Any CPU.Build.0 = Debug|Any CPU
		{F83A2262-39CF-4AF1-91B4-6BF243568F30}.Debug|x86.ActiveCfg = Debug|x86
		{F83A2262-39CF-4AF1-91B4-6BF243568F30}.Debug|x86.Build.0 = Debug|x86
		{F83A2262-39CF-4AF1-91B4-6BF243568F30}.KF_Debug|Any CPU.ActiveCfg = Debug|Any CPU
		{F83A2262-39CF-4AF1-91B4-6BF243568F30}.KF_Debug|Any CPU.Build.0 = Debug|Any CPU
		{F83A2262-39CF-4AF1-91B4-6BF243568F30}.KF_Debug|x86.ActiveCfg = Debug|x86
		{F83A2262-39CF-4AF1-91B4-6BF243568F30}.KF_Debug|x86.Build.0 = Debug|x86
		{F83A2262-39CF-4AF1-91B4-6BF243568F30}.NoBuild|Any CPU.ActiveCfg = NoBuild|Any CPU
		{F83A2262-39CF-4AF1-91B4-6BF243568F30}.NoBuild|Any CPU.Build.0 = NoBuild|Any CPU
		{F83A2262-39CF-4AF1-91B4-6BF243568F30}.NoBuild|x86.ActiveCfg = NoBuild|x86
		{F83A2262-39CF-4AF1-91B4-6BF243568F30}.NoBuild|x86.Build.0 = NoBuild|x86
		{F83A2262-39CF-4AF1-91B4-6BF243568F30}.Release|Any CPU.ActiveCfg = Release|Any CPU
		{F83A2262-39CF-4AF1-91B4-6BF243568F30}.Release|Any CPU.Build.0 = Release|Any CPU
		{F83A2262-39CF-4AF1-91B4-6BF243568F30}.Release|x86.ActiveCfg = Release|x86
		{F83A2262-39CF-4AF1-91B4-6BF243568F30}.Release|x86.Build.0 = Release|x86
		{C5D5C40D-F0DA-4455-9E1D-86F8A9C57C2B}.Debug|Any CPU.ActiveCfg = Debug|Any CPU
		{C5D5C40D-F0DA-4455-9E1D-86F8A9C57C2B}.Debug|Any CPU.Build.0 = Debug|Any CPU
		{C5D5C40D-F0DA-4455-9E1D-86F8A9C57C2B}.Debug|x86.ActiveCfg = Debug|x86
		{C5D5C40D-F0DA-4455-9E1D-86F8A9C57C2B}.Debug|x86.Build.0 = Debug|x86
		{C5D5C40D-F0DA-4455-9E1D-86F8A9C57C2B}.KF_Debug|Any CPU.ActiveCfg = Debug|Any CPU
		{C5D5C40D-F0DA-4455-9E1D-86F8A9C57C2B}.KF_Debug|Any CPU.Build.0 = Debug|Any CPU
		{C5D5C40D-F0DA-4455-9E1D-86F8A9C57C2B}.KF_Debug|x86.ActiveCfg = Debug|x86
		{C5D5C40D-F0DA-4455-9E1D-86F8A9C57C2B}.KF_Debug|x86.Build.0 = Debug|x86
		{C5D5C40D-F0DA-4455-9E1D-86F8A9C57C2B}.NoBuild|Any CPU.ActiveCfg = NoBuild|Any CPU
		{C5D5C40D-F0DA-4455-9E1D-86F8A9C57C2B}.NoBuild|Any CPU.Build.0 = NoBuild|Any CPU
		{C5D5C40D-F0DA-4455-9E1D-86F8A9C57C2B}.NoBuild|x86.ActiveCfg = NoBuild|x86
		{C5D5C40D-F0DA-4455-9E1D-86F8A9C57C2B}.NoBuild|x86.Build.0 = NoBuild|x86
		{C5D5C40D-F0DA-4455-9E1D-86F8A9C57C2B}.Release|Any CPU.ActiveCfg = Release|Any CPU
		{C5D5C40D-F0DA-4455-9E1D-86F8A9C57C2B}.Release|Any CPU.Build.0 = Release|Any CPU
		{C5D5C40D-F0DA-4455-9E1D-86F8A9C57C2B}.Release|x86.ActiveCfg = Release|x86
		{C5D5C40D-F0DA-4455-9E1D-86F8A9C57C2B}.Release|x86.Build.0 = Release|x86
		{50D5B168-0D42-40D3-970F-00B5E0D6D7BD}.Debug|Any CPU.ActiveCfg = Debug|Any CPU
		{50D5B168-0D42-40D3-970F-00B5E0D6D7BD}.Debug|Any CPU.Build.0 = Debug|Any CPU
		{50D5B168-0D42-40D3-970F-00B5E0D6D7BD}.Debug|x86.ActiveCfg = Debug|x86
		{50D5B168-0D42-40D3-970F-00B5E0D6D7BD}.Debug|x86.Build.0 = Debug|x86
		{50D5B168-0D42-40D3-970F-00B5E0D6D7BD}.KF_Debug|Any CPU.ActiveCfg = Debug|Any CPU
		{50D5B168-0D42-40D3-970F-00B5E0D6D7BD}.KF_Debug|Any CPU.Build.0 = Debug|Any CPU
		{50D5B168-0D42-40D3-970F-00B5E0D6D7BD}.KF_Debug|x86.ActiveCfg = Debug|x86
		{50D5B168-0D42-40D3-970F-00B5E0D6D7BD}.KF_Debug|x86.Build.0 = Debug|x86
		{50D5B168-0D42-40D3-970F-00B5E0D6D7BD}.NoBuild|Any CPU.ActiveCfg = NoBuild|Any CPU
		{50D5B168-0D42-40D3-970F-00B5E0D6D7BD}.NoBuild|Any CPU.Build.0 = NoBuild|Any CPU
		{50D5B168-0D42-40D3-970F-00B5E0D6D7BD}.NoBuild|x86.ActiveCfg = NoBuild|x86
		{50D5B168-0D42-40D3-970F-00B5E0D6D7BD}.NoBuild|x86.Build.0 = NoBuild|x86
		{50D5B168-0D42-40D3-970F-00B5E0D6D7BD}.Release|Any CPU.ActiveCfg = Release|Any CPU
		{50D5B168-0D42-40D3-970F-00B5E0D6D7BD}.Release|Any CPU.Build.0 = Release|Any CPU
		{50D5B168-0D42-40D3-970F-00B5E0D6D7BD}.Release|x86.ActiveCfg = Release|x86
		{50D5B168-0D42-40D3-970F-00B5E0D6D7BD}.Release|x86.Build.0 = Release|x86
		{086A1CDD-E760-4503-AFF3-1C3F7F113106}.Debug|Any CPU.ActiveCfg = Debug|Any CPU
		{086A1CDD-E760-4503-AFF3-1C3F7F113106}.Debug|Any CPU.Build.0 = Debug|Any CPU
		{086A1CDD-E760-4503-AFF3-1C3F7F113106}.Debug|x86.ActiveCfg = Debug|x86
		{086A1CDD-E760-4503-AFF3-1C3F7F113106}.Debug|x86.Build.0 = Debug|x86
		{086A1CDD-E760-4503-AFF3-1C3F7F113106}.KF_Debug|Any CPU.ActiveCfg = Debug|Any CPU
		{086A1CDD-E760-4503-AFF3-1C3F7F113106}.KF_Debug|Any CPU.Build.0 = Debug|Any CPU
		{086A1CDD-E760-4503-AFF3-1C3F7F113106}.KF_Debug|x86.ActiveCfg = Debug|x86
		{086A1CDD-E760-4503-AFF3-1C3F7F113106}.KF_Debug|x86.Build.0 = Debug|x86
		{086A1CDD-E760-4503-AFF3-1C3F7F113106}.NoBuild|Any CPU.ActiveCfg = NoBuild|Any CPU
		{086A1CDD-E760-4503-AFF3-1C3F7F113106}.NoBuild|Any CPU.Build.0 = NoBuild|Any CPU
		{086A1CDD-E760-4503-AFF3-1C3F7F113106}.NoBuild|x86.ActiveCfg = NoBuild|x86
		{086A1CDD-E760-4503-AFF3-1C3F7F113106}.NoBuild|x86.Build.0 = NoBuild|x86
		{086A1CDD-E760-4503-AFF3-1C3F7F113106}.Release|Any CPU.ActiveCfg = Release|Any CPU
		{086A1CDD-E760-4503-AFF3-1C3F7F113106}.Release|Any CPU.Build.0 = Release|Any CPU
		{086A1CDD-E760-4503-AFF3-1C3F7F113106}.Release|x86.ActiveCfg = Release|x86
		{086A1CDD-E760-4503-AFF3-1C3F7F113106}.Release|x86.Build.0 = Release|x86
		{BB2F3F97-87F6-434A-8618-C4016F020B3F}.Debug|Any CPU.ActiveCfg = Debug|Any CPU
		{BB2F3F97-87F6-434A-8618-C4016F020B3F}.Debug|Any CPU.Build.0 = Debug|Any CPU
		{BB2F3F97-87F6-434A-8618-C4016F020B3F}.Debug|x86.ActiveCfg = Debug|x86
		{BB2F3F97-87F6-434A-8618-C4016F020B3F}.Debug|x86.Build.0 = Debug|x86
		{BB2F3F97-87F6-434A-8618-C4016F020B3F}.KF_Debug|Any CPU.ActiveCfg = Debug|Any CPU
		{BB2F3F97-87F6-434A-8618-C4016F020B3F}.KF_Debug|Any CPU.Build.0 = Debug|Any CPU
		{BB2F3F97-87F6-434A-8618-C4016F020B3F}.KF_Debug|x86.ActiveCfg = Debug|x86
		{BB2F3F97-87F6-434A-8618-C4016F020B3F}.KF_Debug|x86.Build.0 = Debug|x86
		{BB2F3F97-87F6-434A-8618-C4016F020B3F}.NoBuild|Any CPU.ActiveCfg = NoBuild|Any CPU
		{BB2F3F97-87F6-434A-8618-C4016F020B3F}.NoBuild|Any CPU.Build.0 = NoBuild|Any CPU
		{BB2F3F97-87F6-434A-8618-C4016F020B3F}.NoBuild|x86.ActiveCfg = NoBuild|x86
		{BB2F3F97-87F6-434A-8618-C4016F020B3F}.NoBuild|x86.Build.0 = NoBuild|x86
		{BB2F3F97-87F6-434A-8618-C4016F020B3F}.Release|Any CPU.ActiveCfg = Release|Any CPU
		{BB2F3F97-87F6-434A-8618-C4016F020B3F}.Release|Any CPU.Build.0 = Release|Any CPU
		{BB2F3F97-87F6-434A-8618-C4016F020B3F}.Release|x86.ActiveCfg = Release|x86
		{BB2F3F97-87F6-434A-8618-C4016F020B3F}.Release|x86.Build.0 = Release|x86
		{9C7B8625-11EA-477E-937C-0FD928F1F6F6}.Debug|Any CPU.ActiveCfg = Debug|Any CPU
		{9C7B8625-11EA-477E-937C-0FD928F1F6F6}.Debug|Any CPU.Build.0 = Debug|Any CPU
		{9C7B8625-11EA-477E-937C-0FD928F1F6F6}.Debug|x86.ActiveCfg = Debug|x86
		{9C7B8625-11EA-477E-937C-0FD928F1F6F6}.Debug|x86.Build.0 = Debug|x86
		{9C7B8625-11EA-477E-937C-0FD928F1F6F6}.KF_Debug|Any CPU.ActiveCfg = Debug|Any CPU
		{9C7B8625-11EA-477E-937C-0FD928F1F6F6}.KF_Debug|Any CPU.Build.0 = Debug|Any CPU
		{9C7B8625-11EA-477E-937C-0FD928F1F6F6}.KF_Debug|x86.ActiveCfg = Debug|x86
		{9C7B8625-11EA-477E-937C-0FD928F1F6F6}.KF_Debug|x86.Build.0 = Debug|x86
		{9C7B8625-11EA-477E-937C-0FD928F1F6F6}.NoBuild|Any CPU.ActiveCfg = NoBuild|Any CPU
		{9C7B8625-11EA-477E-937C-0FD928F1F6F6}.NoBuild|Any CPU.Build.0 = NoBuild|Any CPU
		{9C7B8625-11EA-477E-937C-0FD928F1F6F6}.NoBuild|x86.ActiveCfg = NoBuild|x86
		{9C7B8625-11EA-477E-937C-0FD928F1F6F6}.NoBuild|x86.Build.0 = NoBuild|x86
		{9C7B8625-11EA-477E-937C-0FD928F1F6F6}.Release|Any CPU.ActiveCfg = Release|Any CPU
		{9C7B8625-11EA-477E-937C-0FD928F1F6F6}.Release|Any CPU.Build.0 = Release|Any CPU
		{9C7B8625-11EA-477E-937C-0FD928F1F6F6}.Release|x86.ActiveCfg = Release|x86
		{9C7B8625-11EA-477E-937C-0FD928F1F6F6}.Release|x86.Build.0 = Release|x86
		{F40BD604-CDB9-423B-94A9-7A1A9DBA0CBF}.Debug|Any CPU.ActiveCfg = Debug|x86
		{F40BD604-CDB9-423B-94A9-7A1A9DBA0CBF}.Debug|Any CPU.Build.0 = Debug|x86
		{F40BD604-CDB9-423B-94A9-7A1A9DBA0CBF}.Debug|x86.ActiveCfg = Debug|x86
		{F40BD604-CDB9-423B-94A9-7A1A9DBA0CBF}.Debug|x86.Build.0 = Debug|x86
		{F40BD604-CDB9-423B-94A9-7A1A9DBA0CBF}.KF_Debug|Any CPU.ActiveCfg = Debug|Any CPU
		{F40BD604-CDB9-423B-94A9-7A1A9DBA0CBF}.KF_Debug|Any CPU.Build.0 = Debug|Any CPU
		{F40BD604-CDB9-423B-94A9-7A1A9DBA0CBF}.KF_Debug|x86.ActiveCfg = Debug|x86
		{F40BD604-CDB9-423B-94A9-7A1A9DBA0CBF}.KF_Debug|x86.Build.0 = Debug|x86
		{F40BD604-CDB9-423B-94A9-7A1A9DBA0CBF}.NoBuild|Any CPU.ActiveCfg = Release|Any CPU
		{F40BD604-CDB9-423B-94A9-7A1A9DBA0CBF}.NoBuild|Any CPU.Build.0 = Release|Any CPU
		{F40BD604-CDB9-423B-94A9-7A1A9DBA0CBF}.NoBuild|x86.ActiveCfg = Release|x86
		{F40BD604-CDB9-423B-94A9-7A1A9DBA0CBF}.NoBuild|x86.Build.0 = Release|x86
		{F40BD604-CDB9-423B-94A9-7A1A9DBA0CBF}.Release|Any CPU.ActiveCfg = Release|Any CPU
		{F40BD604-CDB9-423B-94A9-7A1A9DBA0CBF}.Release|Any CPU.Build.0 = Release|Any CPU
		{F40BD604-CDB9-423B-94A9-7A1A9DBA0CBF}.Release|x86.ActiveCfg = Release|x86
		{F40BD604-CDB9-423B-94A9-7A1A9DBA0CBF}.Release|x86.Build.0 = Release|x86
		{BC966FF3-6198-405A-A643-FD63BA00324F}.Debug|Any CPU.ActiveCfg = Debug|Any CPU
		{BC966FF3-6198-405A-A643-FD63BA00324F}.Debug|Any CPU.Build.0 = Debug|Any CPU
		{BC966FF3-6198-405A-A643-FD63BA00324F}.Debug|x86.ActiveCfg = Debug|x86
		{BC966FF3-6198-405A-A643-FD63BA00324F}.Debug|x86.Build.0 = Debug|x86
		{BC966FF3-6198-405A-A643-FD63BA00324F}.KF_Debug|Any CPU.ActiveCfg = KF_Debug|Any CPU
		{BC966FF3-6198-405A-A643-FD63BA00324F}.KF_Debug|Any CPU.Build.0 = KF_Debug|Any CPU
		{BC966FF3-6198-405A-A643-FD63BA00324F}.KF_Debug|x86.ActiveCfg = KF_Debug|x86
		{BC966FF3-6198-405A-A643-FD63BA00324F}.KF_Debug|x86.Build.0 = KF_Debug|x86
		{BC966FF3-6198-405A-A643-FD63BA00324F}.NoBuild|Any CPU.ActiveCfg = NoBuild|Any CPU
		{BC966FF3-6198-405A-A643-FD63BA00324F}.NoBuild|Any CPU.Build.0 = NoBuild|Any CPU
		{BC966FF3-6198-405A-A643-FD63BA00324F}.NoBuild|x86.ActiveCfg = NoBuild|x86
		{BC966FF3-6198-405A-A643-FD63BA00324F}.NoBuild|x86.Build.0 = NoBuild|x86
		{BC966FF3-6198-405A-A643-FD63BA00324F}.Release|Any CPU.ActiveCfg = Release|Any CPU
		{BC966FF3-6198-405A-A643-FD63BA00324F}.Release|Any CPU.Build.0 = Release|Any CPU
		{BC966FF3-6198-405A-A643-FD63BA00324F}.Release|x86.ActiveCfg = Release|x86
		{BC966FF3-6198-405A-A643-FD63BA00324F}.Release|x86.Build.0 = Release|x86
	EndGlobalSection
	GlobalSection(SolutionProperties) = preSolution
		HideSolutionNode = FALSE
	EndGlobalSection
	GlobalSection(NestedProjects) = preSolution
		{D51259A8-4142-4C43-A95C-6C1FCBF88A73} = {68C307B0-A676-481D-851F-13BCCFE4F3CB}
		{F1D566A4-A80B-44D5-AC34-F4859D068A13} = {68C307B0-A676-481D-851F-13BCCFE4F3CB}
		{F83A2262-39CF-4AF1-91B4-6BF243568F30} = {68C307B0-A676-481D-851F-13BCCFE4F3CB}
		{C5D5C40D-F0DA-4455-9E1D-86F8A9C57C2B} = {68C307B0-A676-481D-851F-13BCCFE4F3CB}
		{50D5B168-0D42-40D3-970F-00B5E0D6D7BD} = {68C307B0-A676-481D-851F-13BCCFE4F3CB}
		{086A1CDD-E760-4503-AFF3-1C3F7F113106} = {68C307B0-A676-481D-851F-13BCCFE4F3CB}
		{BB2F3F97-87F6-434A-8618-C4016F020B3F} = {68C307B0-A676-481D-851F-13BCCFE4F3CB}
		{9C7B8625-11EA-477E-937C-0FD928F1F6F6} = {68C307B0-A676-481D-851F-13BCCFE4F3CB}
		{F40BD604-CDB9-423B-94A9-7A1A9DBA0CBF} = {68C307B0-A676-481D-851F-13BCCFE4F3CB}
		{BC966FF3-6198-405A-A643-FD63BA00324F} = {68C307B0-A676-481D-851F-13BCCFE4F3CB}
	EndGlobalSection
	GlobalSection(ExtensibilityGlobals) = postSolution
		SolutionGuid = {67B1BEB0-2394-4558-9AC0-DDF60C17B855}
	EndGlobalSection
	GlobalSection(TeamFoundationVersionControl) = preSolution
		SccNumberOfProjects = 12
		SccEnterpriseProvider = {4CA58AB2-18FA-4F8D-95D4-32DDF27D184C}
		SccTeamFoundationServer = http://edappgistfsprd1:8080/tfs/electricdistcollection
		SccLocalPath0 = .
		SccProjectUniqueName1 = DeleteFeatures\\DeleteFeatures.csproj
		SccProjectName1 = DeleteFeatures
		SccLocalPath1 = DeleteFeatures
		SccProjectUniqueName2 = ..\\..\\..\\..\\EDER\\externals\\telvent.delivery\\Telvent.Delivery.ArcFM\\Telvent.Delivery.ArcFM.csproj
		SccProjectTopLevelParentUniqueName2 = DeleteFeatures.sln
		SccProjectName2 = ../../../../EDER/externals/telvent.delivery/Telvent.Delivery.ArcFM
		SccLocalPath2 = ..\\..\\..\\..\\EDER\\externals\\telvent.delivery\\Telvent.Delivery.ArcFM
		SccProjectUniqueName3 = ..\\..\\..\\..\\EDER\\externals\\telvent.delivery\\Telvent.Delivery.Diagnostics\\Telvent.Delivery.Diagnostics.csproj
		SccProjectTopLevelParentUniqueName3 = DeleteFeatures.sln
		SccProjectName3 = ../../../../EDER/externals/telvent.delivery/Telvent.Delivery.Diagnostics
		SccLocalPath3 = ..\\..\\..\\..\\EDER\\externals\\telvent.delivery\\Telvent.Delivery.Diagnostics
		SccProjectUniqueName4 = ..\\..\\..\\..\\EDER\\externals\\telvent.delivery\\Telvent.Delivery.Framework\\Telvent.Delivery.Framework.csproj
		SccProjectTopLevelParentUniqueName4 = DeleteFeatures.sln
		SccProjectName4 = ../../../../EDER/externals/telvent.delivery/Telvent.Delivery.Framework
		SccLocalPath4 = ..\\..\\..\\..\\EDER\\externals\\telvent.delivery\\Telvent.Delivery.Framework
		SccProjectUniqueName5 = ..\\..\\..\\..\\EDER\\externals\\telvent.delivery\\Telvent.Delivery.Geodatabase\\Telvent.Delivery.Geodatabase.csproj
		SccProjectTopLevelParentUniqueName5 = DeleteFeatures.sln
		SccProjectName5 = ../../../../EDER/externals/telvent.delivery/Telvent.Delivery.Geodatabase
		SccLocalPath5 = ..\\..\\..\\..\\EDER\\externals\\telvent.delivery\\Telvent.Delivery.Geodatabase
		SccProjectUniqueName6 = ..\\..\\..\\..\\EDER\\externals\\telvent.delivery\\Telvent.Delivery.ProcessManager\\Telvent.Delivery.Process.csproj
		SccProjectTopLevelParentUniqueName6 = DeleteFeatures.sln
		SccProjectName6 = ../../../../EDER/externals/telvent.delivery/Telvent.Delivery.ProcessManager
		SccLocalPath6 = ..\\..\\..\\..\\EDER\\externals\\telvent.delivery\\Telvent.Delivery.ProcessManager
		SccProjectUniqueName7 = ..\\..\\..\\..\\EDER\\externals\\telvent.delivery\\Telvent.Delivery.SessionManager\\Telvent.Delivery.SessionManager.csproj
		SccProjectTopLevelParentUniqueName7 = DeleteFeatures.sln
		SccProjectName7 = ../../../../EDER/externals/telvent.delivery/Telvent.Delivery.SessionManager
		SccLocalPath7 = ..\\..\\..\\..\\EDER\\externals\\telvent.delivery\\Telvent.Delivery.SessionManager
		SccProjectUniqueName8 = ..\\..\\..\\..\\EDER\\externals\\telvent.delivery\\Telvent.Delivery.System\\Telvent.Delivery.Systems.csproj
		SccProjectTopLevelParentUniqueName8 = DeleteFeatures.sln
		SccProjectName8 = ../../../../EDER/externals/telvent.delivery/Telvent.Delivery.System
		SccLocalPath8 = ..\\..\\..\\..\\EDER\\externals\\telvent.delivery\\Telvent.Delivery.System
		SccProjectUniqueName9 = ..\\..\\..\\..\\EDER\\externals\\telvent.delivery\\Telvent.Delivery.UI\\Telvent.Delivery.UI.csproj
		SccProjectTopLevelParentUniqueName9 = DeleteFeatures.sln
		SccProjectName9 = ../../../../EDER/externals/telvent.delivery/Telvent.Delivery.UI
		SccLocalPath9 = ..\\..\\..\\..\\EDER\\externals\\telvent.delivery\\Telvent.Delivery.UI
		SccProjectUniqueName10 = ..\\..\\..\\..\\IBM\u0020GIS\\Standalone\u0020Executables\\ROBC_API\\ROBC_API\\ROBC_API.csproj
		SccProjectTopLevelParentUniqueName10 = DeleteFeatures.sln
		SccProjectName10 = ../../../../IBM\u0020GIS/Standalone\u0020Executables/ROBC_API/ROBC_API
		SccLocalPath10 = ..\\..\\..\\..\\IBM\u0020GIS\\Standalone\u0020Executables\\ROBC_API\\ROBC_API
		SccProjectUniqueName11 = ..\\..\\..\\..\\EDER\\ED\\Desktop\\Telvent.PGE.ED.Desktop\\Telvent.PGE.ED.Desktop.csproj
		SccProjectTopLevelParentUniqueName11 = DeleteFeatures.sln
		SccProjectName11 = ../../../../EDER/ED/Desktop/Telvent.PGE.ED.Desktop
		SccLocalPath11 = ..\\..\\..\\..\\EDER\\ED\\Desktop\\Telvent.PGE.ED.Desktop
	EndGlobalSection
EndGlobal
