
Microsoft Visual Studio Solution File, Format Version 12.00
# Visual Studio Version 16
VisualStudioVersion = 16.0.30804.86
MinimumVisualStudioVersion = 10.0.40219.1
Project("{2150E333-8FDC-42A3-9474-1A3956D46DE8}") = "Solution Items", "Solution Items", "{1E7CCCA8-DC07-4292-A92C-8B4EB74ACB1F}"
	ProjectSection(SolutionItems) = preProject
		ReferencedFiles\NAD 1927 StatePlane California I FIPS 0401.prj = ReferencedFiles\NAD 1927 StatePlane California I FIPS 0401.prj
		ReferencedFiles\NAD 1927 StatePlane California II FIPS 0402.prj = ReferencedFiles\NAD 1927 StatePlane California II FIPS 0402.prj
		ReferencedFiles\NAD 1927 StatePlane California III FIPS 0403.prj = ReferencedFiles\NAD 1927 StatePlane California III FIPS 0403.prj
		ReferencedFiles\NAD 1927 StatePlane California IV FIPS 0404.prj = ReferencedFiles\NAD 1927 StatePlane California IV FIPS 0404.prj
		ReferencedFiles\NAD 1927 StatePlane California V FIPS 0405.prj = ReferencedFiles\NAD 1927 StatePlane California V FIPS 0405.prj
		SharedAssemblyInfo.cs = SharedAssemblyInfo.cs
	EndProjectSection
EndProject
Project("{2150E333-8FDC-42A3-9474-1A3956D46DE8}") = "externals", "externals", "{911C2A14-3A2E-4526-BFA4-0F9515ED7F5E}"
EndProject
Project("{54435603-DBB4-11D2-8724-00A0C9A8B90C}") = "PGE.Installer.MapProduction10", "PGE.Installer.MapProduction10\PGE.Installer.MapProduction1.vdproj", "{E1B95CC8-FC79-409D-80C1-9A13A0AC53A1}"
EndProject
Project("{FAE04EC0-301F-11D3-BF4B-00C04F79EFBC}") = "PGE.Interfaces.MapProduction", "PGE.Interfaces.MapProduction\PGE.Interfaces.MapProduction.csproj", "{8AC990D4-5A99-4387-9514-A00466DB6448}"
EndProject
Project("{FAE04EC0-301F-11D3-BF4B-00C04F79EFBC}") = "PGE.Interfaces.MapProduction.Exporter", "PGE.Interfaces.MapProduction.Exporter\PGE.Interfaces.MapProduction.Exporter.csproj", "{7E837B3B-2BF7-4FDE-8654-E78FCC8D3B04}"
EndProject
Project("{FAE04EC0-301F-11D3-BF4B-00C04F79EFBC}") = "PGE.Interfaces.MapProduction.Processor", "PGE.Interfaces.MapProduction.Processor\PGE.Interfaces.MapProduction.Processor.csproj", "{5DB781D0-207D-44C4-8CE7-C1F7A50DF781}"
EndProject
Project("{FAE04EC0-301F-11D3-BF4B-00C04F79EFBC}") = "PGE.Common.Delivery.ArcFM", "..\..\..\..\PGE_CommonProject\PGE.Common.DeliveryProject\PGE.Common.Delivery.ArcFM\PGE.Common.Delivery.ArcFM.csproj", "{36519D54-E65E-4974-8DA5-1931F1BBB692}"
EndProject
Project("{FAE04EC0-301F-11D3-BF4B-00C04F79EFBC}") = "PGE.Common.Delivery.Framework", "..\..\..\..\PGE_CommonProject\PGE.Common.DeliveryProject\PGE.Common.Delivery.Framework\PGE.Common.Delivery.Framework.csproj", "{F36C0849-BF86-4632-AED8-DCC7C4827F86}"
EndProject
Project("{FAE04EC0-301F-11D3-BF4B-00C04F79EFBC}") = "PGE.Common.Delivery.Diagnostics", "..\..\..\..\PGE_CommonProject\PGE.Common.DeliveryProject\PGE.Common.Delivery.Diagnostics\PGE.Common.Delivery.Diagnostics.csproj", "{1D019976-FFE6-41A2-AB9C-6241696EDB8E}"
EndProject
Project("{FAE04EC0-301F-11D3-BF4B-00C04F79EFBC}") = "PGE.Common.Delivery.Geodatabase", "..\..\..\..\PGE_CommonProject\PGE.Common.DeliveryProject\PGE.Common.Delivery.Geodatabase\PGE.Common.Delivery.Geodatabase.csproj", "{472C594A-CD61-48E0-B814-8144CB1506FC}"
EndProject
Project("{FAE04EC0-301F-11D3-BF4B-00C04F79EFBC}") = "PGE.Common.Delivery.Systems", "..\..\..\..\PGE_CommonProject\PGE.Common.DeliveryProject\PGE.Common.Delivery.System\PGE.Common.Delivery.Systems.csproj", "{BB4E7878-3B0A-4BB4-A34C-61B4630684BA}"
EndProject
Project("{FAE04EC0-301F-11D3-BF4B-00C04F79EFBC}") = "PGE.Interfaces.GeodatabaseUtils", "PGE.Interfaces.GeodatabaseUtils\PGE.Interfaces.GeodatabaseUtils.csproj", "{BFF300CF-15B2-408B-9109-CEFE09956020}"
EndProject
Project("{FAE04EC0-301F-11D3-BF4B-00C04F79EFBC}") = "PGE.Interfaces.EDGISExtract", "PGE.Interfaces.EDGISExtractClient\PGE.Interfaces.EDGISExtract.csproj", "{71FC0D3A-67F2-4DF5-9740-A8830FD00F51}"
EndProject
Project("{FAE04EC0-301F-11D3-BF4B-00C04F79EFBC}") = "PGE.Common.ChangeDetectionAPI", "..\..\..\..\PGE_CommonProject\PGE.Common.DeliveryProject\PGE.Common.ChangeDetectionAPI\PGE.Common.ChangeDetectionAPI\PGE.Common.ChangeDetectionAPI.csproj", "{69B7FF1F-49BF-46F5-8D71-B09AE5E8FC2A}"
EndProject
Global
	GlobalSection(SolutionConfigurationPlatforms) = preSolution
		Debug|Any CPU = Debug|Any CPU
		Debug|Mixed Platforms = Debug|Mixed Platforms
		Debug|x86 = Debug|x86
		KF_Debug|Any CPU = KF_Debug|Any CPU
		KF_Debug|Mixed Platforms = KF_Debug|Mixed Platforms
		KF_Debug|x86 = KF_Debug|x86
		NoBuild|Any CPU = NoBuild|Any CPU
		NoBuild|Mixed Platforms = NoBuild|Mixed Platforms
		NoBuild|x86 = NoBuild|x86
		Release|Any CPU = Release|Any CPU
		Release|Mixed Platforms = Release|Mixed Platforms
		Release|x86 = Release|x86
	EndGlobalSection
	GlobalSection(ProjectConfigurationPlatforms) = postSolution
		{E1B95CC8-FC79-409D-80C1-9A13A0AC53A1}.Debug|Any CPU.ActiveCfg = Debug
		{E1B95CC8-FC79-409D-80C1-9A13A0AC53A1}.Debug|Any CPU.Build.0 = Debug
		{E1B95CC8-FC79-409D-80C1-9A13A0AC53A1}.Debug|Mixed Platforms.ActiveCfg = Debug
		{E1B95CC8-FC79-409D-80C1-9A13A0AC53A1}.Debug|x86.ActiveCfg = Debug
		{E1B95CC8-FC79-409D-80C1-9A13A0AC53A1}.KF_Debug|Any CPU.ActiveCfg = Debug
		{E1B95CC8-FC79-409D-80C1-9A13A0AC53A1}.KF_Debug|Any CPU.Build.0 = Debug
		{E1B95CC8-FC79-409D-80C1-9A13A0AC53A1}.KF_Debug|Mixed Platforms.ActiveCfg = Debug
		{E1B95CC8-FC79-409D-80C1-9A13A0AC53A1}.KF_Debug|Mixed Platforms.Build.0 = Debug
		{E1B95CC8-FC79-409D-80C1-9A13A0AC53A1}.KF_Debug|x86.ActiveCfg = Debug
		{E1B95CC8-FC79-409D-80C1-9A13A0AC53A1}.KF_Debug|x86.Build.0 = Debug
		{E1B95CC8-FC79-409D-80C1-9A13A0AC53A1}.NoBuild|Any CPU.ActiveCfg = Debug
		{E1B95CC8-FC79-409D-80C1-9A13A0AC53A1}.NoBuild|Any CPU.Build.0 = Debug
		{E1B95CC8-FC79-409D-80C1-9A13A0AC53A1}.NoBuild|Mixed Platforms.ActiveCfg = Debug
		{E1B95CC8-FC79-409D-80C1-9A13A0AC53A1}.NoBuild|Mixed Platforms.Build.0 = Debug
		{E1B95CC8-FC79-409D-80C1-9A13A0AC53A1}.NoBuild|x86.ActiveCfg = Debug
		{E1B95CC8-FC79-409D-80C1-9A13A0AC53A1}.NoBuild|x86.Build.0 = Debug
		{E1B95CC8-FC79-409D-80C1-9A13A0AC53A1}.Release|Any CPU.ActiveCfg = Release
		{E1B95CC8-FC79-409D-80C1-9A13A0AC53A1}.Release|Any CPU.Build.0 = Release
		{E1B95CC8-FC79-409D-80C1-9A13A0AC53A1}.Release|Mixed Platforms.ActiveCfg = Release
		{E1B95CC8-FC79-409D-80C1-9A13A0AC53A1}.Release|Mixed Platforms.Build.0 = Release
		{E1B95CC8-FC79-409D-80C1-9A13A0AC53A1}.Release|x86.ActiveCfg = Release
		{E1B95CC8-FC79-409D-80C1-9A13A0AC53A1}.Release|x86.Build.0 = Release
		{8AC990D4-5A99-4387-9514-A00466DB6448}.Debug|Any CPU.ActiveCfg = Debug|Any CPU
		{8AC990D4-5A99-4387-9514-A00466DB6448}.Debug|Any CPU.Build.0 = Debug|Any CPU
		{8AC990D4-5A99-4387-9514-A00466DB6448}.Debug|Mixed Platforms.ActiveCfg = Debug|x86
		{8AC990D4-5A99-4387-9514-A00466DB6448}.Debug|Mixed Platforms.Build.0 = Debug|x86
		{8AC990D4-5A99-4387-9514-A00466DB6448}.Debug|x86.ActiveCfg = Debug|x86
		{8AC990D4-5A99-4387-9514-A00466DB6448}.Debug|x86.Build.0 = Debug|x86
		{8AC990D4-5A99-4387-9514-A00466DB6448}.KF_Debug|Any CPU.ActiveCfg = Debug|Any CPU
		{8AC990D4-5A99-4387-9514-A00466DB6448}.KF_Debug|Any CPU.Build.0 = Debug|Any CPU
		{8AC990D4-5A99-4387-9514-A00466DB6448}.KF_Debug|Mixed Platforms.ActiveCfg = Debug|x86
		{8AC990D4-5A99-4387-9514-A00466DB6448}.KF_Debug|Mixed Platforms.Build.0 = Debug|x86
		{8AC990D4-5A99-4387-9514-A00466DB6448}.KF_Debug|x86.ActiveCfg = Debug|x86
		{8AC990D4-5A99-4387-9514-A00466DB6448}.KF_Debug|x86.Build.0 = Debug|x86
		{8AC990D4-5A99-4387-9514-A00466DB6448}.NoBuild|Any CPU.ActiveCfg = Debug|Any CPU
		{8AC990D4-5A99-4387-9514-A00466DB6448}.NoBuild|Any CPU.Build.0 = Debug|Any CPU
		{8AC990D4-5A99-4387-9514-A00466DB6448}.NoBuild|Mixed Platforms.ActiveCfg = Debug|x86
		{8AC990D4-5A99-4387-9514-A00466DB6448}.NoBuild|Mixed Platforms.Build.0 = Debug|x86
		{8AC990D4-5A99-4387-9514-A00466DB6448}.NoBuild|x86.ActiveCfg = Debug|x86
		{8AC990D4-5A99-4387-9514-A00466DB6448}.NoBuild|x86.Build.0 = Debug|x86
		{8AC990D4-5A99-4387-9514-A00466DB6448}.Release|Any CPU.ActiveCfg = Release|Any CPU
		{8AC990D4-5A99-4387-9514-A00466DB6448}.Release|Any CPU.Build.0 = Release|Any CPU
		{8AC990D4-5A99-4387-9514-A00466DB6448}.Release|Mixed Platforms.ActiveCfg = Release|x86
		{8AC990D4-5A99-4387-9514-A00466DB6448}.Release|Mixed Platforms.Build.0 = Release|x86
		{8AC990D4-5A99-4387-9514-A00466DB6448}.Release|x86.ActiveCfg = Release|x86
		{8AC990D4-5A99-4387-9514-A00466DB6448}.Release|x86.Build.0 = Release|x86
		{7E837B3B-2BF7-4FDE-8654-E78FCC8D3B04}.Debug|Any CPU.ActiveCfg = Debug|Any CPU
		{7E837B3B-2BF7-4FDE-8654-E78FCC8D3B04}.Debug|Any CPU.Build.0 = Debug|Any CPU
		{7E837B3B-2BF7-4FDE-8654-E78FCC8D3B04}.Debug|Mixed Platforms.ActiveCfg = Debug|x86
		{7E837B3B-2BF7-4FDE-8654-E78FCC8D3B04}.Debug|Mixed Platforms.Build.0 = Debug|x86
		{7E837B3B-2BF7-4FDE-8654-E78FCC8D3B04}.Debug|x86.ActiveCfg = Debug|x86
		{7E837B3B-2BF7-4FDE-8654-E78FCC8D3B04}.Debug|x86.Build.0 = Debug|x86
		{7E837B3B-2BF7-4FDE-8654-E78FCC8D3B04}.KF_Debug|Any CPU.ActiveCfg = Debug|Any CPU
		{7E837B3B-2BF7-4FDE-8654-E78FCC8D3B04}.KF_Debug|Any CPU.Build.0 = Debug|Any CPU
		{7E837B3B-2BF7-4FDE-8654-E78FCC8D3B04}.KF_Debug|Mixed Platforms.ActiveCfg = Debug|x86
		{7E837B3B-2BF7-4FDE-8654-E78FCC8D3B04}.KF_Debug|Mixed Platforms.Build.0 = Debug|x86
		{7E837B3B-2BF7-4FDE-8654-E78FCC8D3B04}.KF_Debug|x86.ActiveCfg = Debug|x86
		{7E837B3B-2BF7-4FDE-8654-E78FCC8D3B04}.KF_Debug|x86.Build.0 = Debug|x86
		{7E837B3B-2BF7-4FDE-8654-E78FCC8D3B04}.NoBuild|Any CPU.ActiveCfg = Debug|Any CPU
		{7E837B3B-2BF7-4FDE-8654-E78FCC8D3B04}.NoBuild|Any CPU.Build.0 = Debug|Any CPU
		{7E837B3B-2BF7-4FDE-8654-E78FCC8D3B04}.NoBuild|Mixed Platforms.ActiveCfg = Debug|x86
		{7E837B3B-2BF7-4FDE-8654-E78FCC8D3B04}.NoBuild|Mixed Platforms.Build.0 = Debug|x86
		{7E837B3B-2BF7-4FDE-8654-E78FCC8D3B04}.NoBuild|x86.ActiveCfg = Debug|x86
		{7E837B3B-2BF7-4FDE-8654-E78FCC8D3B04}.NoBuild|x86.Build.0 = Debug|x86
		{7E837B3B-2BF7-4FDE-8654-E78FCC8D3B04}.Release|Any CPU.ActiveCfg = Release|Any CPU
		{7E837B3B-2BF7-4FDE-8654-E78FCC8D3B04}.Release|Any CPU.Build.0 = Release|Any CPU
		{7E837B3B-2BF7-4FDE-8654-E78FCC8D3B04}.Release|Mixed Platforms.ActiveCfg = Release|x86
		{7E837B3B-2BF7-4FDE-8654-E78FCC8D3B04}.Release|Mixed Platforms.Build.0 = Release|x86
		{7E837B3B-2BF7-4FDE-8654-E78FCC8D3B04}.Release|x86.ActiveCfg = Release|x86
		{7E837B3B-2BF7-4FDE-8654-E78FCC8D3B04}.Release|x86.Build.0 = Release|x86
		{5DB781D0-207D-44C4-8CE7-C1F7A50DF781}.Debug|Any CPU.ActiveCfg = Debug|x86
		{5DB781D0-207D-44C4-8CE7-C1F7A50DF781}.Debug|Mixed Platforms.ActiveCfg = Debug|x86
		{5DB781D0-207D-44C4-8CE7-C1F7A50DF781}.Debug|Mixed Platforms.Build.0 = Debug|x86
		{5DB781D0-207D-44C4-8CE7-C1F7A50DF781}.Debug|x86.ActiveCfg = Debug|x86
		{5DB781D0-207D-44C4-8CE7-C1F7A50DF781}.Debug|x86.Build.0 = Debug|x86
		{5DB781D0-207D-44C4-8CE7-C1F7A50DF781}.KF_Debug|Any CPU.ActiveCfg = Debug|x86
		{5DB781D0-207D-44C4-8CE7-C1F7A50DF781}.KF_Debug|Any CPU.Build.0 = Debug|x86
		{5DB781D0-207D-44C4-8CE7-C1F7A50DF781}.KF_Debug|Mixed Platforms.ActiveCfg = Debug|x86
		{5DB781D0-207D-44C4-8CE7-C1F7A50DF781}.KF_Debug|Mixed Platforms.Build.0 = Debug|x86
		{5DB781D0-207D-44C4-8CE7-C1F7A50DF781}.KF_Debug|x86.ActiveCfg = Debug|x86
		{5DB781D0-207D-44C4-8CE7-C1F7A50DF781}.KF_Debug|x86.Build.0 = Debug|x86
		{5DB781D0-207D-44C4-8CE7-C1F7A50DF781}.NoBuild|Any CPU.ActiveCfg = Debug|x86
		{5DB781D0-207D-44C4-8CE7-C1F7A50DF781}.NoBuild|Any CPU.Build.0 = Debug|x86
		{5DB781D0-207D-44C4-8CE7-C1F7A50DF781}.NoBuild|Mixed Platforms.ActiveCfg = Debug|x86
		{5DB781D0-207D-44C4-8CE7-C1F7A50DF781}.NoBuild|Mixed Platforms.Build.0 = Debug|x86
		{5DB781D0-207D-44C4-8CE7-C1F7A50DF781}.NoBuild|x86.ActiveCfg = Debug|x86
		{5DB781D0-207D-44C4-8CE7-C1F7A50DF781}.NoBuild|x86.Build.0 = Debug|x86
		{5DB781D0-207D-44C4-8CE7-C1F7A50DF781}.Release|Any CPU.ActiveCfg = Release|x86
		{5DB781D0-207D-44C4-8CE7-C1F7A50DF781}.Release|Mixed Platforms.ActiveCfg = Release|x86
		{5DB781D0-207D-44C4-8CE7-C1F7A50DF781}.Release|Mixed Platforms.Build.0 = Release|x86
		{5DB781D0-207D-44C4-8CE7-C1F7A50DF781}.Release|x86.ActiveCfg = Release|x86
		{5DB781D0-207D-44C4-8CE7-C1F7A50DF781}.Release|x86.Build.0 = Release|x86
		{36519D54-E65E-4974-8DA5-1931F1BBB692}.Debug|Any CPU.ActiveCfg = Debug|Any CPU
		{36519D54-E65E-4974-8DA5-1931F1BBB692}.Debug|Any CPU.Build.0 = Debug|Any CPU
		{36519D54-E65E-4974-8DA5-1931F1BBB692}.Debug|Mixed Platforms.ActiveCfg = Debug|x86
		{36519D54-E65E-4974-8DA5-1931F1BBB692}.Debug|Mixed Platforms.Build.0 = Debug|x86
		{36519D54-E65E-4974-8DA5-1931F1BBB692}.Debug|x86.ActiveCfg = Debug|x86
		{36519D54-E65E-4974-8DA5-1931F1BBB692}.Debug|x86.Build.0 = Debug|x86
		{36519D54-E65E-4974-8DA5-1931F1BBB692}.KF_Debug|Any CPU.ActiveCfg = Debug|Any CPU
		{36519D54-E65E-4974-8DA5-1931F1BBB692}.KF_Debug|Any CPU.Build.0 = Debug|Any CPU
		{36519D54-E65E-4974-8DA5-1931F1BBB692}.KF_Debug|Mixed Platforms.ActiveCfg = Debug|x86
		{36519D54-E65E-4974-8DA5-1931F1BBB692}.KF_Debug|Mixed Platforms.Build.0 = Debug|x86
		{36519D54-E65E-4974-8DA5-1931F1BBB692}.KF_Debug|x86.ActiveCfg = Debug|x86
		{36519D54-E65E-4974-8DA5-1931F1BBB692}.KF_Debug|x86.Build.0 = Debug|x86
		{36519D54-E65E-4974-8DA5-1931F1BBB692}.NoBuild|Any CPU.ActiveCfg = NoBuild|Any CPU
		{36519D54-E65E-4974-8DA5-1931F1BBB692}.NoBuild|Any CPU.Build.0 = NoBuild|Any CPU
		{36519D54-E65E-4974-8DA5-1931F1BBB692}.NoBuild|Mixed Platforms.ActiveCfg = NoBuild|x86
		{36519D54-E65E-4974-8DA5-1931F1BBB692}.NoBuild|Mixed Platforms.Build.0 = NoBuild|x86
		{36519D54-E65E-4974-8DA5-1931F1BBB692}.NoBuild|x86.ActiveCfg = NoBuild|x86
		{36519D54-E65E-4974-8DA5-1931F1BBB692}.NoBuild|x86.Build.0 = NoBuild|x86
		{36519D54-E65E-4974-8DA5-1931F1BBB692}.Release|Any CPU.ActiveCfg = Release|Any CPU
		{36519D54-E65E-4974-8DA5-1931F1BBB692}.Release|Any CPU.Build.0 = Release|Any CPU
		{36519D54-E65E-4974-8DA5-1931F1BBB692}.Release|Mixed Platforms.ActiveCfg = Release|x86
		{36519D54-E65E-4974-8DA5-1931F1BBB692}.Release|Mixed Platforms.Build.0 = Release|x86
		{36519D54-E65E-4974-8DA5-1931F1BBB692}.Release|x86.ActiveCfg = Release|x86
		{36519D54-E65E-4974-8DA5-1931F1BBB692}.Release|x86.Build.0 = Release|x86
		{F36C0849-BF86-4632-AED8-DCC7C4827F86}.Debug|Any CPU.ActiveCfg = Debug|Any CPU
		{F36C0849-BF86-4632-AED8-DCC7C4827F86}.Debug|Any CPU.Build.0 = Debug|Any CPU
		{F36C0849-BF86-4632-AED8-DCC7C4827F86}.Debug|Mixed Platforms.ActiveCfg = Debug|x86
		{F36C0849-BF86-4632-AED8-DCC7C4827F86}.Debug|Mixed Platforms.Build.0 = Debug|x86
		{F36C0849-BF86-4632-AED8-DCC7C4827F86}.Debug|x86.ActiveCfg = Debug|x86
		{F36C0849-BF86-4632-AED8-DCC7C4827F86}.Debug|x86.Build.0 = Debug|x86
		{F36C0849-BF86-4632-AED8-DCC7C4827F86}.KF_Debug|Any CPU.ActiveCfg = Debug|Any CPU
		{F36C0849-BF86-4632-AED8-DCC7C4827F86}.KF_Debug|Any CPU.Build.0 = Debug|Any CPU
		{F36C0849-BF86-4632-AED8-DCC7C4827F86}.KF_Debug|Mixed Platforms.ActiveCfg = Debug|x86
		{F36C0849-BF86-4632-AED8-DCC7C4827F86}.KF_Debug|Mixed Platforms.Build.0 = Debug|x86
		{F36C0849-BF86-4632-AED8-DCC7C4827F86}.KF_Debug|x86.ActiveCfg = Debug|x86
		{F36C0849-BF86-4632-AED8-DCC7C4827F86}.KF_Debug|x86.Build.0 = Debug|x86
		{F36C0849-BF86-4632-AED8-DCC7C4827F86}.NoBuild|Any CPU.ActiveCfg = NoBuild|Any CPU
		{F36C0849-BF86-4632-AED8-DCC7C4827F86}.NoBuild|Any CPU.Build.0 = NoBuild|Any CPU
		{F36C0849-BF86-4632-AED8-DCC7C4827F86}.NoBuild|Mixed Platforms.ActiveCfg = NoBuild|x86
		{F36C0849-BF86-4632-AED8-DCC7C4827F86}.NoBuild|Mixed Platforms.Build.0 = NoBuild|x86
		{F36C0849-BF86-4632-AED8-DCC7C4827F86}.NoBuild|x86.ActiveCfg = NoBuild|x86
		{F36C0849-BF86-4632-AED8-DCC7C4827F86}.NoBuild|x86.Build.0 = NoBuild|x86
		{F36C0849-BF86-4632-AED8-DCC7C4827F86}.Release|Any CPU.ActiveCfg = Release|Any CPU
		{F36C0849-BF86-4632-AED8-DCC7C4827F86}.Release|Any CPU.Build.0 = Release|Any CPU
		{F36C0849-BF86-4632-AED8-DCC7C4827F86}.Release|Mixed Platforms.ActiveCfg = Release|x86
		{F36C0849-BF86-4632-AED8-DCC7C4827F86}.Release|Mixed Platforms.Build.0 = Release|x86
		{F36C0849-BF86-4632-AED8-DCC7C4827F86}.Release|x86.ActiveCfg = Release|x86
		{F36C0849-BF86-4632-AED8-DCC7C4827F86}.Release|x86.Build.0 = Release|x86
		{1D019976-FFE6-41A2-AB9C-6241696EDB8E}.Debug|Any CPU.ActiveCfg = Debug|Any CPU
		{1D019976-FFE6-41A2-AB9C-6241696EDB8E}.Debug|Any CPU.Build.0 = Debug|Any CPU
		{1D019976-FFE6-41A2-AB9C-6241696EDB8E}.Debug|Mixed Platforms.ActiveCfg = Debug|x86
		{1D019976-FFE6-41A2-AB9C-6241696EDB8E}.Debug|Mixed Platforms.Build.0 = Debug|x86
		{1D019976-FFE6-41A2-AB9C-6241696EDB8E}.Debug|x86.ActiveCfg = Debug|x86
		{1D019976-FFE6-41A2-AB9C-6241696EDB8E}.Debug|x86.Build.0 = Debug|x86
		{1D019976-FFE6-41A2-AB9C-6241696EDB8E}.KF_Debug|Any CPU.ActiveCfg = Debug|Any CPU
		{1D019976-FFE6-41A2-AB9C-6241696EDB8E}.KF_Debug|Any CPU.Build.0 = Debug|Any CPU
		{1D019976-FFE6-41A2-AB9C-6241696EDB8E}.KF_Debug|Mixed Platforms.ActiveCfg = Debug|x86
		{1D019976-FFE6-41A2-AB9C-6241696EDB8E}.KF_Debug|Mixed Platforms.Build.0 = Debug|x86
		{1D019976-FFE6-41A2-AB9C-6241696EDB8E}.KF_Debug|x86.ActiveCfg = Debug|x86
		{1D019976-FFE6-41A2-AB9C-6241696EDB8E}.KF_Debug|x86.Build.0 = Debug|x86
		{1D019976-FFE6-41A2-AB9C-6241696EDB8E}.NoBuild|Any CPU.ActiveCfg = NoBuild|Any CPU
		{1D019976-FFE6-41A2-AB9C-6241696EDB8E}.NoBuild|Any CPU.Build.0 = NoBuild|Any CPU
		{1D019976-FFE6-41A2-AB9C-6241696EDB8E}.NoBuild|Mixed Platforms.ActiveCfg = NoBuild|x86
		{1D019976-FFE6-41A2-AB9C-6241696EDB8E}.NoBuild|Mixed Platforms.Build.0 = NoBuild|x86
		{1D019976-FFE6-41A2-AB9C-6241696EDB8E}.NoBuild|x86.ActiveCfg = NoBuild|x86
		{1D019976-FFE6-41A2-AB9C-6241696EDB8E}.NoBuild|x86.Build.0 = NoBuild|x86
		{1D019976-FFE6-41A2-AB9C-6241696EDB8E}.Release|Any CPU.ActiveCfg = Release|Any CPU
		{1D019976-FFE6-41A2-AB9C-6241696EDB8E}.Release|Any CPU.Build.0 = Release|Any CPU
		{1D019976-FFE6-41A2-AB9C-6241696EDB8E}.Release|Mixed Platforms.ActiveCfg = Release|x86
		{1D019976-FFE6-41A2-AB9C-6241696EDB8E}.Release|Mixed Platforms.Build.0 = Release|x86
		{1D019976-FFE6-41A2-AB9C-6241696EDB8E}.Release|x86.ActiveCfg = Release|x86
		{1D019976-FFE6-41A2-AB9C-6241696EDB8E}.Release|x86.Build.0 = Release|x86
		{472C594A-CD61-48E0-B814-8144CB1506FC}.Debug|Any CPU.ActiveCfg = Debug|Any CPU
		{472C594A-CD61-48E0-B814-8144CB1506FC}.Debug|Any CPU.Build.0 = Debug|Any CPU
		{472C594A-CD61-48E0-B814-8144CB1506FC}.Debug|Mixed Platforms.ActiveCfg = Debug|x86
		{472C594A-CD61-48E0-B814-8144CB1506FC}.Debug|Mixed Platforms.Build.0 = Debug|x86
		{472C594A-CD61-48E0-B814-8144CB1506FC}.Debug|x86.ActiveCfg = Debug|x86
		{472C594A-CD61-48E0-B814-8144CB1506FC}.Debug|x86.Build.0 = Debug|x86
		{472C594A-CD61-48E0-B814-8144CB1506FC}.KF_Debug|Any CPU.ActiveCfg = Debug|Any CPU
		{472C594A-CD61-48E0-B814-8144CB1506FC}.KF_Debug|Any CPU.Build.0 = Debug|Any CPU
		{472C594A-CD61-48E0-B814-8144CB1506FC}.KF_Debug|Mixed Platforms.ActiveCfg = Debug|x86
		{472C594A-CD61-48E0-B814-8144CB1506FC}.KF_Debug|Mixed Platforms.Build.0 = Debug|x86
		{472C594A-CD61-48E0-B814-8144CB1506FC}.KF_Debug|x86.ActiveCfg = Debug|x86
		{472C594A-CD61-48E0-B814-8144CB1506FC}.KF_Debug|x86.Build.0 = Debug|x86
		{472C594A-CD61-48E0-B814-8144CB1506FC}.NoBuild|Any CPU.ActiveCfg = NoBuild|Any CPU
		{472C594A-CD61-48E0-B814-8144CB1506FC}.NoBuild|Any CPU.Build.0 = NoBuild|Any CPU
		{472C594A-CD61-48E0-B814-8144CB1506FC}.NoBuild|Mixed Platforms.ActiveCfg = NoBuild|x86
		{472C594A-CD61-48E0-B814-8144CB1506FC}.NoBuild|Mixed Platforms.Build.0 = NoBuild|x86
		{472C594A-CD61-48E0-B814-8144CB1506FC}.NoBuild|x86.ActiveCfg = NoBuild|x86
		{472C594A-CD61-48E0-B814-8144CB1506FC}.NoBuild|x86.Build.0 = NoBuild|x86
		{472C594A-CD61-48E0-B814-8144CB1506FC}.Release|Any CPU.ActiveCfg = Release|Any CPU
		{472C594A-CD61-48E0-B814-8144CB1506FC}.Release|Any CPU.Build.0 = Release|Any CPU
		{472C594A-CD61-48E0-B814-8144CB1506FC}.Release|Mixed Platforms.ActiveCfg = Release|x86
		{472C594A-CD61-48E0-B814-8144CB1506FC}.Release|Mixed Platforms.Build.0 = Release|x86
		{472C594A-CD61-48E0-B814-8144CB1506FC}.Release|x86.ActiveCfg = Release|x86
		{472C594A-CD61-48E0-B814-8144CB1506FC}.Release|x86.Build.0 = Release|x86
		{BB4E7878-3B0A-4BB4-A34C-61B4630684BA}.Debug|Any CPU.ActiveCfg = Debug|Any CPU
		{BB4E7878-3B0A-4BB4-A34C-61B4630684BA}.Debug|Any CPU.Build.0 = Debug|Any CPU
		{BB4E7878-3B0A-4BB4-A34C-61B4630684BA}.Debug|Mixed Platforms.ActiveCfg = Debug|x86
		{BB4E7878-3B0A-4BB4-A34C-61B4630684BA}.Debug|Mixed Platforms.Build.0 = Debug|x86
		{BB4E7878-3B0A-4BB4-A34C-61B4630684BA}.Debug|x86.ActiveCfg = Debug|x86
		{BB4E7878-3B0A-4BB4-A34C-61B4630684BA}.Debug|x86.Build.0 = Debug|x86
		{BB4E7878-3B0A-4BB4-A34C-61B4630684BA}.KF_Debug|Any CPU.ActiveCfg = Debug|Any CPU
		{BB4E7878-3B0A-4BB4-A34C-61B4630684BA}.KF_Debug|Any CPU.Build.0 = Debug|Any CPU
		{BB4E7878-3B0A-4BB4-A34C-61B4630684BA}.KF_Debug|Mixed Platforms.ActiveCfg = Debug|x86
		{BB4E7878-3B0A-4BB4-A34C-61B4630684BA}.KF_Debug|Mixed Platforms.Build.0 = Debug|x86
		{BB4E7878-3B0A-4BB4-A34C-61B4630684BA}.KF_Debug|x86.ActiveCfg = Debug|x86
		{BB4E7878-3B0A-4BB4-A34C-61B4630684BA}.KF_Debug|x86.Build.0 = Debug|x86
		{BB4E7878-3B0A-4BB4-A34C-61B4630684BA}.NoBuild|Any CPU.ActiveCfg = NoBuild|Any CPU
		{BB4E7878-3B0A-4BB4-A34C-61B4630684BA}.NoBuild|Any CPU.Build.0 = NoBuild|Any CPU
		{BB4E7878-3B0A-4BB4-A34C-61B4630684BA}.NoBuild|Mixed Platforms.ActiveCfg = NoBuild|x86
		{BB4E7878-3B0A-4BB4-A34C-61B4630684BA}.NoBuild|Mixed Platforms.Build.0 = NoBuild|x86
		{BB4E7878-3B0A-4BB4-A34C-61B4630684BA}.NoBuild|x86.ActiveCfg = NoBuild|x86
		{BB4E7878-3B0A-4BB4-A34C-61B4630684BA}.NoBuild|x86.Build.0 = NoBuild|x86
		{BB4E7878-3B0A-4BB4-A34C-61B4630684BA}.Release|Any CPU.ActiveCfg = Release|Any CPU
		{BB4E7878-3B0A-4BB4-A34C-61B4630684BA}.Release|Any CPU.Build.0 = Release|Any CPU
		{BB4E7878-3B0A-4BB4-A34C-61B4630684BA}.Release|Mixed Platforms.ActiveCfg = Release|x86
		{BB4E7878-3B0A-4BB4-A34C-61B4630684BA}.Release|Mixed Platforms.Build.0 = Release|x86
		{BB4E7878-3B0A-4BB4-A34C-61B4630684BA}.Release|x86.ActiveCfg = Release|x86
		{BB4E7878-3B0A-4BB4-A34C-61B4630684BA}.Release|x86.Build.0 = Release|x86
		{BFF300CF-15B2-408B-9109-CEFE09956020}.Debug|Any CPU.ActiveCfg = Debug|Any CPU
		{BFF300CF-15B2-408B-9109-CEFE09956020}.Debug|Any CPU.Build.0 = Debug|Any CPU
		{BFF300CF-15B2-408B-9109-CEFE09956020}.Debug|Mixed Platforms.ActiveCfg = Debug|Any CPU
		{BFF300CF-15B2-408B-9109-CEFE09956020}.Debug|Mixed Platforms.Build.0 = Debug|Any CPU
		{BFF300CF-15B2-408B-9109-CEFE09956020}.Debug|x86.ActiveCfg = Debug|Any CPU
		{BFF300CF-15B2-408B-9109-CEFE09956020}.Debug|x86.Build.0 = Debug|Any CPU
		{BFF300CF-15B2-408B-9109-CEFE09956020}.KF_Debug|Any CPU.ActiveCfg = Debug|Any CPU
		{BFF300CF-15B2-408B-9109-CEFE09956020}.KF_Debug|Any CPU.Build.0 = Debug|Any CPU
		{BFF300CF-15B2-408B-9109-CEFE09956020}.KF_Debug|Mixed Platforms.ActiveCfg = Debug|Any CPU
		{BFF300CF-15B2-408B-9109-CEFE09956020}.KF_Debug|Mixed Platforms.Build.0 = Debug|Any CPU
		{BFF300CF-15B2-408B-9109-CEFE09956020}.KF_Debug|x86.ActiveCfg = Debug|Any CPU
		{BFF300CF-15B2-408B-9109-CEFE09956020}.KF_Debug|x86.Build.0 = Debug|Any CPU
		{BFF300CF-15B2-408B-9109-CEFE09956020}.NoBuild|Any CPU.ActiveCfg = Debug|Any CPU
		{BFF300CF-15B2-408B-9109-CEFE09956020}.NoBuild|Any CPU.Build.0 = Debug|Any CPU
		{BFF300CF-15B2-408B-9109-CEFE09956020}.NoBuild|Mixed Platforms.ActiveCfg = Debug|Any CPU
		{BFF300CF-15B2-408B-9109-CEFE09956020}.NoBuild|Mixed Platforms.Build.0 = Debug|Any CPU
		{BFF300CF-15B2-408B-9109-CEFE09956020}.NoBuild|x86.ActiveCfg = Debug|Any CPU
		{BFF300CF-15B2-408B-9109-CEFE09956020}.NoBuild|x86.Build.0 = Debug|Any CPU
		{BFF300CF-15B2-408B-9109-CEFE09956020}.Release|Any CPU.ActiveCfg = Release|Any CPU
		{BFF300CF-15B2-408B-9109-CEFE09956020}.Release|Any CPU.Build.0 = Release|Any CPU
		{BFF300CF-15B2-408B-9109-CEFE09956020}.Release|Mixed Platforms.ActiveCfg = Release|Any CPU
		{BFF300CF-15B2-408B-9109-CEFE09956020}.Release|Mixed Platforms.Build.0 = Release|Any CPU
		{BFF300CF-15B2-408B-9109-CEFE09956020}.Release|x86.ActiveCfg = Release|Any CPU
		{BFF300CF-15B2-408B-9109-CEFE09956020}.Release|x86.Build.0 = Release|Any CPU
		{71FC0D3A-67F2-4DF5-9740-A8830FD00F51}.Debug|Any CPU.ActiveCfg = Debug|x86
		{71FC0D3A-67F2-4DF5-9740-A8830FD00F51}.Debug|Mixed Platforms.ActiveCfg = Debug|x86
		{71FC0D3A-67F2-4DF5-9740-A8830FD00F51}.Debug|Mixed Platforms.Build.0 = Debug|x86
		{71FC0D3A-67F2-4DF5-9740-A8830FD00F51}.Debug|x86.ActiveCfg = Debug|x86
		{71FC0D3A-67F2-4DF5-9740-A8830FD00F51}.Debug|x86.Build.0 = Debug|x86
		{71FC0D3A-67F2-4DF5-9740-A8830FD00F51}.KF_Debug|Any CPU.ActiveCfg = Debug|x86
		{71FC0D3A-67F2-4DF5-9740-A8830FD00F51}.KF_Debug|Any CPU.Build.0 = Debug|x86
		{71FC0D3A-67F2-4DF5-9740-A8830FD00F51}.KF_Debug|Mixed Platforms.ActiveCfg = Debug|x86
		{71FC0D3A-67F2-4DF5-9740-A8830FD00F51}.KF_Debug|Mixed Platforms.Build.0 = Debug|x86
		{71FC0D3A-67F2-4DF5-9740-A8830FD00F51}.KF_Debug|x86.ActiveCfg = Debug|x86
		{71FC0D3A-67F2-4DF5-9740-A8830FD00F51}.KF_Debug|x86.Build.0 = Debug|x86
		{71FC0D3A-67F2-4DF5-9740-A8830FD00F51}.NoBuild|Any CPU.ActiveCfg = Debug|x86
		{71FC0D3A-67F2-4DF5-9740-A8830FD00F51}.NoBuild|Any CPU.Build.0 = Debug|x86
		{71FC0D3A-67F2-4DF5-9740-A8830FD00F51}.NoBuild|Mixed Platforms.ActiveCfg = Debug|x86
		{71FC0D3A-67F2-4DF5-9740-A8830FD00F51}.NoBuild|Mixed Platforms.Build.0 = Debug|x86
		{71FC0D3A-67F2-4DF5-9740-A8830FD00F51}.NoBuild|x86.ActiveCfg = Debug|x86
		{71FC0D3A-67F2-4DF5-9740-A8830FD00F51}.NoBuild|x86.Build.0 = Debug|x86
		{71FC0D3A-67F2-4DF5-9740-A8830FD00F51}.Release|Any CPU.ActiveCfg = Release|x86
		{71FC0D3A-67F2-4DF5-9740-A8830FD00F51}.Release|Mixed Platforms.ActiveCfg = Release|x86
		{71FC0D3A-67F2-4DF5-9740-A8830FD00F51}.Release|Mixed Platforms.Build.0 = Release|x86
		{71FC0D3A-67F2-4DF5-9740-A8830FD00F51}.Release|x86.ActiveCfg = Release|x86
		{71FC0D3A-67F2-4DF5-9740-A8830FD00F51}.Release|x86.Build.0 = Release|x86
		{69B7FF1F-49BF-46F5-8D71-B09AE5E8FC2A}.Debug|Any CPU.ActiveCfg = Debug|Any CPU
		{69B7FF1F-49BF-46F5-8D71-B09AE5E8FC2A}.Debug|Any CPU.Build.0 = Debug|Any CPU
		{69B7FF1F-49BF-46F5-8D71-B09AE5E8FC2A}.Debug|Mixed Platforms.ActiveCfg = Debug|x86
		{69B7FF1F-49BF-46F5-8D71-B09AE5E8FC2A}.Debug|Mixed Platforms.Build.0 = Debug|x86
		{69B7FF1F-49BF-46F5-8D71-B09AE5E8FC2A}.Debug|x86.ActiveCfg = Debug|x86
		{69B7FF1F-49BF-46F5-8D71-B09AE5E8FC2A}.Debug|x86.Build.0 = Debug|x86
		{69B7FF1F-49BF-46F5-8D71-B09AE5E8FC2A}.KF_Debug|Any CPU.ActiveCfg = Debug|Any CPU
		{69B7FF1F-49BF-46F5-8D71-B09AE5E8FC2A}.KF_Debug|Any CPU.Build.0 = Debug|Any CPU
		{69B7FF1F-49BF-46F5-8D71-B09AE5E8FC2A}.KF_Debug|Mixed Platforms.ActiveCfg = Debug|x86
		{69B7FF1F-49BF-46F5-8D71-B09AE5E8FC2A}.KF_Debug|Mixed Platforms.Build.0 = Debug|x86
		{69B7FF1F-49BF-46F5-8D71-B09AE5E8FC2A}.KF_Debug|x86.ActiveCfg = Debug|x86
		{69B7FF1F-49BF-46F5-8D71-B09AE5E8FC2A}.KF_Debug|x86.Build.0 = Debug|x86
		{69B7FF1F-49BF-46F5-8D71-B09AE5E8FC2A}.NoBuild|Any CPU.ActiveCfg = Debug|Any CPU
		{69B7FF1F-49BF-46F5-8D71-B09AE5E8FC2A}.NoBuild|Any CPU.Build.0 = Debug|Any CPU
		{69B7FF1F-49BF-46F5-8D71-B09AE5E8FC2A}.NoBuild|Mixed Platforms.ActiveCfg = Debug|x86
		{69B7FF1F-49BF-46F5-8D71-B09AE5E8FC2A}.NoBuild|Mixed Platforms.Build.0 = Debug|x86
		{69B7FF1F-49BF-46F5-8D71-B09AE5E8FC2A}.NoBuild|x86.ActiveCfg = Debug|x86
		{69B7FF1F-49BF-46F5-8D71-B09AE5E8FC2A}.NoBuild|x86.Build.0 = Debug|x86
		{69B7FF1F-49BF-46F5-8D71-B09AE5E8FC2A}.Release|Any CPU.ActiveCfg = Release|Any CPU
		{69B7FF1F-49BF-46F5-8D71-B09AE5E8FC2A}.Release|Any CPU.Build.0 = Release|Any CPU
		{69B7FF1F-49BF-46F5-8D71-B09AE5E8FC2A}.Release|Mixed Platforms.ActiveCfg = Release|x86
		{69B7FF1F-49BF-46F5-8D71-B09AE5E8FC2A}.Release|Mixed Platforms.Build.0 = Release|x86
		{69B7FF1F-49BF-46F5-8D71-B09AE5E8FC2A}.Release|x86.ActiveCfg = Release|x86
		{69B7FF1F-49BF-46F5-8D71-B09AE5E8FC2A}.Release|x86.Build.0 = Release|x86
	EndGlobalSection
	GlobalSection(SolutionProperties) = preSolution
		HideSolutionNode = FALSE
	EndGlobalSection
	GlobalSection(NestedProjects) = preSolution
		{36519D54-E65E-4974-8DA5-1931F1BBB692} = {911C2A14-3A2E-4526-BFA4-0F9515ED7F5E}
		{F36C0849-BF86-4632-AED8-DCC7C4827F86} = {911C2A14-3A2E-4526-BFA4-0F9515ED7F5E}
		{1D019976-FFE6-41A2-AB9C-6241696EDB8E} = {911C2A14-3A2E-4526-BFA4-0F9515ED7F5E}
		{472C594A-CD61-48E0-B814-8144CB1506FC} = {911C2A14-3A2E-4526-BFA4-0F9515ED7F5E}
		{BB4E7878-3B0A-4BB4-A34C-61B4630684BA} = {911C2A14-3A2E-4526-BFA4-0F9515ED7F5E}
		{69B7FF1F-49BF-46F5-8D71-B09AE5E8FC2A} = {911C2A14-3A2E-4526-BFA4-0F9515ED7F5E}
	EndGlobalSection
	GlobalSection(ExtensibilityGlobals) = postSolution
		SolutionGuid = {4C263C79-C7F5-404C-8B0C-24A62F4AE74A}
	EndGlobalSection
EndGlobal
