
Microsoft Visual Studio Solution File, Format Version 12.00
# Visual Studio Version 16
VisualStudioVersion = 16.0.30804.86
MinimumVisualStudioVersion = 10.0.40219.1
Project("{FAE04EC0-301F-11D3-BF4B-00C04F79EFBC}") = "PGE.Interfaces.ENOS_SAP_TO_PRIMARY_CONSOLE", "PGE.Interfaces.ENOS_SAP_TO_PRIMARY_CONSOLE\PGE.Interfaces.ENOS_SAP_TO_PRIMARY_CONSOLE.csproj", "{5BFC47E5-0584-4BC8-BC4D-3792D19AACEF}"
EndProject
Global
	GlobalSection(SolutionConfigurationPlatforms) = preSolution
		Debug|x86 = Debug|x86
		Release|x86 = Release|x86
	EndGlobalSection
	GlobalSection(ProjectConfigurationPlatforms) = postSolution
		{5BFC47E5-0584-4BC8-BC4D-3792D19AACEF}.Debug|x86.ActiveCfg = Debug|x86
		{5BFC47E5-0584-4BC8-BC4D-3792D19AACEF}.Debug|x86.Build.0 = Debug|x86
		{5BFC47E5-0584-4BC8-BC4D-3792D19AACEF}.Release|x86.ActiveCfg = Release|x86
		{5BFC47E5-0584-4BC8-BC4D-3792D19AACEF}.Release|x86.Build.0 = Release|x86
	EndGlobalSection
	GlobalSection(SolutionProperties) = preSolution
		HideSolutionNode = FALSE
	EndGlobalSection
	GlobalSection(ExtensibilityGlobals) = postSolution
		SolutionGuid = {6E3BC184-E18D-458D-BEBD-FDCC87C561C0}
	EndGlobalSection
	GlobalSection(TeamFoundationVersionControl) = preSolution
		SccNumberOfProjects = 2
		SccEnterpriseProvider = {4CA58AB2-18FA-4F8D-95D4-32DDF27D184C}
		SccTeamFoundationServer = http://edappgistfsprd1:8080/tfs/electricdistcollection
		SccLocalPath0 = .
		SccProjectUniqueName1 = PGE.Interfaces.ENOS_SAP_TO_PRIMARY_CONSOLE\\PGE.Interfaces.ENOS_SAP_TO_PRIMARY_CONSOLE.csproj
		SccProjectName1 = PGE.Interfaces.ENOS_SAP_TO_PRIMARY_CONSOLE
		SccLocalPath1 = PGE.Interfaces.ENOS_SAP_TO_PRIMARY_CONSOLE
	EndGlobalSection
EndGlobal
