
Microsoft Visual Studio Solution File, Format Version 12.00
# Visual Studio Version 16
VisualStudioVersion = 16.0.31911.196
MinimumVisualStudioVersion = 10.0.40219.1
Project("{2150E333-8FDC-42A3-9474-1A3956D46DE8}") = "Solution Items", "Solution Items", "{1E7CCCA8-DC07-4292-A92C-8B4EB74ACB1F}"
	ProjectSection(SolutionItems) = preProject
		SharedAssemblyInfo.cs = SharedAssemblyInfo.cs
	EndProjectSection
EndProject
Project("{2150E333-8FDC-42A3-9474-1A3956D46DE8}") = "externals", "externals", "{A50555A6-4B21-47C0-8E9F-88244DA2010E}"
EndProject
Project("{FAE04EC0-301F-11D3-BF4B-00C04F79EFBC}") = "PGE.Common.Delivery.ArcFM", "..\..\..\PGE_CommonProject\PGE.Common.DeliveryProject\PGE.Common.Delivery.ArcFM\PGE.Common.Delivery.ArcFM.csproj", "{36519D54-E65E-4974-8DA5-1931F1BBB692}"
EndProject
Project("{FAE04EC0-301F-11D3-BF4B-00C04F79EFBC}") = "PGE.Common.Delivery.Diagnostics", "..\..\..\PGE_CommonProject\PGE.Common.DeliveryProject\PGE.Common.Delivery.Diagnostics\PGE.Common.Delivery.Diagnostics.csproj", "{1D019976-FFE6-41A2-AB9C-6241696EDB8E}"
EndProject
Project("{FAE04EC0-301F-11D3-BF4B-00C04F79EFBC}") = "PGE.Common.Delivery.Framework", "..\..\..\PGE_CommonProject\PGE.Common.DeliveryProject\PGE.Common.Delivery.Framework\PGE.Common.Delivery.Framework.csproj", "{F36C0849-BF86-4632-AED8-DCC7C4827F86}"
EndProject
Project("{FAE04EC0-301F-11D3-BF4B-00C04F79EFBC}") = "PGE.Common.Delivery.Geodatabase", "..\..\..\PGE_CommonProject\PGE.Common.DeliveryProject\PGE.Common.Delivery.Geodatabase\PGE.Common.Delivery.Geodatabase.csproj", "{472C594A-CD61-48E0-B814-8144CB1506FC}"
EndProject
Project("{FAE04EC0-301F-11D3-BF4B-00C04F79EFBC}") = "PGE.Common.Delivery.Process", "..\..\..\PGE_CommonProject\PGE.Common.DeliveryProject\PGE.Common.Delivery.ProcessManager\PGE.Common.Delivery.Process.csproj", "{9642FE66-57BD-4BCA-B403-7B95DE781704}"
EndProject
Project("{FAE04EC0-301F-11D3-BF4B-00C04F79EFBC}") = "PGE.Common.Delivery.SessionManager", "..\..\..\PGE_CommonProject\PGE.Common.DeliveryProject\PGE.Common.Delivery.SessionManager\PGE.Common.Delivery.SessionManager.csproj", "{CA6E78FE-B8BF-4392-815F-EAB93AE66783}"
EndProject
Project("{FAE04EC0-301F-11D3-BF4B-00C04F79EFBC}") = "PGE.Common.Delivery.Systems", "..\..\..\PGE_CommonProject\PGE.Common.DeliveryProject\PGE.Common.Delivery.System\PGE.Common.Delivery.Systems.csproj", "{BB4E7878-3B0A-4BB4-A34C-61B4630684BA}"
EndProject
Project("{FAE04EC0-301F-11D3-BF4B-00C04F79EFBC}") = "PGE.Common.Delivery.UI", "..\..\..\PGE_CommonProject\PGE.Common.DeliveryProject\PGE.Common.Delivery.UI\PGE.Common.Delivery.UI.csproj", "{4CF40D10-2919-4C21-A8B0-D370E777D409}"
EndProject
Project("{FAE04EC0-301F-11D3-BF4B-00C04F79EFBC}") = "PGE.Common.ChangeDetectionAPI", "..\..\..\PGE_CommonProject\PGE.Common.DeliveryProject\PGE.Common.ChangeDetectionAPI\PGE.Common.ChangeDetectionAPI\PGE.Common.ChangeDetectionAPI.csproj", "{69B7FF1F-49BF-46F5-8D71-B09AE5E8FC2A}"
EndProject
Project("{FAE04EC0-301F-11D3-BF4B-00C04F79EFBC}") = "PGE.BatchApplication.PreProcessor", "PGE.BatchApplication.PreProcessor\PGE.BatchApplication.PreProcessor.csproj", "{5DB781D0-207D-44C4-8CE7-C1F7A50DF781}"
EndProject
Project("{FAE04EC0-301F-11D3-BF4B-00C04F79EFBC}") = "PGE.BatchApplication.PSPSMapProduction", "PGE.BatchApplication.PSPSMapProduction\PGE.BatchApplication.PSPSMapProduction.csproj", "{8AC990D4-5A99-4387-9514-A00466DB6448}"
EndProject
Project("{FAE04EC0-301F-11D3-BF4B-00C04F79EFBC}") = "PGE.BatchApplication.PSPSMapProduction.Exporter", "PGE.BatchApplication.PSPSMapProduction.Exporter\PGE.BatchApplication.PSPSMapProduction.Exporter.csproj", "{7E837B3B-2BF7-4FDE-8654-E78FCC8D3B04}"
EndProject
Global
	GlobalSection(SolutionConfigurationPlatforms) = preSolution
		Debug|Any CPU = Debug|Any CPU
		Debug|Mixed Platforms = Debug|Mixed Platforms
		Debug|x86 = Debug|x86
		NoBuild|Any CPU = NoBuild|Any CPU
		NoBuild|Mixed Platforms = NoBuild|Mixed Platforms
		NoBuild|x86 = NoBuild|x86
		PGE_EDER_JENKINS|Any CPU = PGE_EDER_JENKINS|Any CPU
		PGE_EDER_JENKINS|Mixed Platforms = PGE_EDER_JENKINS|Mixed Platforms
		PGE_EDER_JENKINS|x86 = PGE_EDER_JENKINS|x86
		Release|Any CPU = Release|Any CPU
		Release|Mixed Platforms = Release|Mixed Platforms
		Release|x86 = Release|x86
	EndGlobalSection
	GlobalSection(ProjectConfigurationPlatforms) = postSolution
		{36519D54-E65E-4974-8DA5-1931F1BBB692}.Debug|Any CPU.ActiveCfg = Debug|Any CPU
		{36519D54-E65E-4974-8DA5-1931F1BBB692}.Debug|Any CPU.Build.0 = Debug|Any CPU
		{36519D54-E65E-4974-8DA5-1931F1BBB692}.Debug|Mixed Platforms.ActiveCfg = Debug|x86
		{36519D54-E65E-4974-8DA5-1931F1BBB692}.Debug|x86.ActiveCfg = Debug|x86
		{36519D54-E65E-4974-8DA5-1931F1BBB692}.Debug|x86.Build.0 = Debug|x86
		{36519D54-E65E-4974-8DA5-1931F1BBB692}.NoBuild|Any CPU.ActiveCfg = NoBuild|Any CPU
		{36519D54-E65E-4974-8DA5-1931F1BBB692}.NoBuild|Any CPU.Build.0 = NoBuild|Any CPU
		{36519D54-E65E-4974-8DA5-1931F1BBB692}.NoBuild|Mixed Platforms.ActiveCfg = NoBuild|x86
		{36519D54-E65E-4974-8DA5-1931F1BBB692}.NoBuild|Mixed Platforms.Build.0 = NoBuild|x86
		{36519D54-E65E-4974-8DA5-1931F1BBB692}.NoBuild|x86.ActiveCfg = NoBuild|x86
		{36519D54-E65E-4974-8DA5-1931F1BBB692}.NoBuild|x86.Build.0 = NoBuild|x86
		{36519D54-E65E-4974-8DA5-1931F1BBB692}.PGE_EDER_JENKINS|Any CPU.ActiveCfg = PGE_EDER_JENKINS|Any CPU
		{36519D54-E65E-4974-8DA5-1931F1BBB692}.PGE_EDER_JENKINS|Any CPU.Build.0 = PGE_EDER_JENKINS|Any CPU
		{36519D54-E65E-4974-8DA5-1931F1BBB692}.PGE_EDER_JENKINS|Mixed Platforms.ActiveCfg = PGE_EDER_JENKINS|x86
		{36519D54-E65E-4974-8DA5-1931F1BBB692}.PGE_EDER_JENKINS|Mixed Platforms.Build.0 = PGE_EDER_JENKINS|x86
		{36519D54-E65E-4974-8DA5-1931F1BBB692}.PGE_EDER_JENKINS|x86.ActiveCfg = PGE_EDER_JENKINS|x86
		{36519D54-E65E-4974-8DA5-1931F1BBB692}.PGE_EDER_JENKINS|x86.Build.0 = PGE_EDER_JENKINS|x86
		{36519D54-E65E-4974-8DA5-1931F1BBB692}.Release|Any CPU.ActiveCfg = Release|Any CPU
		{36519D54-E65E-4974-8DA5-1931F1BBB692}.Release|Any CPU.Build.0 = Release|Any CPU
		{36519D54-E65E-4974-8DA5-1931F1BBB692}.Release|Mixed Platforms.ActiveCfg = Release|x86
		{36519D54-E65E-4974-8DA5-1931F1BBB692}.Release|Mixed Platforms.Build.0 = Release|x86
		{36519D54-E65E-4974-8DA5-1931F1BBB692}.Release|x86.ActiveCfg = Release|x86
		{36519D54-E65E-4974-8DA5-1931F1BBB692}.Release|x86.Build.0 = Release|x86
		{1D019976-FFE6-41A2-AB9C-6241696EDB8E}.Debug|Any CPU.ActiveCfg = Debug|Any CPU
		{1D019976-FFE6-41A2-AB9C-6241696EDB8E}.Debug|Any CPU.Build.0 = Debug|Any CPU
		{1D019976-FFE6-41A2-AB9C-6241696EDB8E}.Debug|Mixed Platforms.ActiveCfg = Debug|x86
		{1D019976-FFE6-41A2-AB9C-6241696EDB8E}.Debug|x86.ActiveCfg = Debug|x86
		{1D019976-FFE6-41A2-AB9C-6241696EDB8E}.Debug|x86.Build.0 = Debug|x86
		{1D019976-FFE6-41A2-AB9C-6241696EDB8E}.NoBuild|Any CPU.ActiveCfg = NoBuild|Any CPU
		{1D019976-FFE6-41A2-AB9C-6241696EDB8E}.NoBuild|Any CPU.Build.0 = NoBuild|Any CPU
		{1D019976-FFE6-41A2-AB9C-6241696EDB8E}.NoBuild|Mixed Platforms.ActiveCfg = NoBuild|x86
		{1D019976-FFE6-41A2-AB9C-6241696EDB8E}.NoBuild|Mixed Platforms.Build.0 = NoBuild|x86
		{1D019976-FFE6-41A2-AB9C-6241696EDB8E}.NoBuild|x86.ActiveCfg = NoBuild|x86
		{1D019976-FFE6-41A2-AB9C-6241696EDB8E}.NoBuild|x86.Build.0 = NoBuild|x86
		{1D019976-FFE6-41A2-AB9C-6241696EDB8E}.PGE_EDER_JENKINS|Any CPU.ActiveCfg = PGE_EDER_JENKINS|Any CPU
		{1D019976-FFE6-41A2-AB9C-6241696EDB8E}.PGE_EDER_JENKINS|Any CPU.Build.0 = PGE_EDER_JENKINS|Any CPU
		{1D019976-FFE6-41A2-AB9C-6241696EDB8E}.PGE_EDER_JENKINS|Mixed Platforms.ActiveCfg = PGE_EDER_JENKINS|x86
		{1D019976-FFE6-41A2-AB9C-6241696EDB8E}.PGE_EDER_JENKINS|Mixed Platforms.Build.0 = PGE_EDER_JENKINS|x86
		{1D019976-FFE6-41A2-AB9C-6241696EDB8E}.PGE_EDER_JENKINS|x86.ActiveCfg = PGE_EDER_JENKINS|x86
		{1D019976-FFE6-41A2-AB9C-6241696EDB8E}.PGE_EDER_JENKINS|x86.Build.0 = PGE_EDER_JENKINS|x86
		{1D019976-FFE6-41A2-AB9C-6241696EDB8E}.Release|Any CPU.ActiveCfg = Release|Any CPU
		{1D019976-FFE6-41A2-AB9C-6241696EDB8E}.Release|Any CPU.Build.0 = Release|Any CPU
		{1D019976-FFE6-41A2-AB9C-6241696EDB8E}.Release|Mixed Platforms.ActiveCfg = Release|x86
		{1D019976-FFE6-41A2-AB9C-6241696EDB8E}.Release|Mixed Platforms.Build.0 = Release|x86
		{1D019976-FFE6-41A2-AB9C-6241696EDB8E}.Release|x86.ActiveCfg = Release|x86
		{1D019976-FFE6-41A2-AB9C-6241696EDB8E}.Release|x86.Build.0 = Release|x86
		{F36C0849-BF86-4632-AED8-DCC7C4827F86}.Debug|Any CPU.ActiveCfg = Debug|Any CPU
		{F36C0849-BF86-4632-AED8-DCC7C4827F86}.Debug|Any CPU.Build.0 = Debug|Any CPU
		{F36C0849-BF86-4632-AED8-DCC7C4827F86}.Debug|Mixed Platforms.ActiveCfg = Debug|x86
		{F36C0849-BF86-4632-AED8-DCC7C4827F86}.Debug|x86.ActiveCfg = Debug|x86
		{F36C0849-BF86-4632-AED8-DCC7C4827F86}.Debug|x86.Build.0 = Debug|x86
		{F36C0849-BF86-4632-AED8-DCC7C4827F86}.NoBuild|Any CPU.ActiveCfg = NoBuild|Any CPU
		{F36C0849-BF86-4632-AED8-DCC7C4827F86}.NoBuild|Any CPU.Build.0 = NoBuild|Any CPU
		{F36C0849-BF86-4632-AED8-DCC7C4827F86}.NoBuild|Mixed Platforms.ActiveCfg = NoBuild|x86
		{F36C0849-BF86-4632-AED8-DCC7C4827F86}.NoBuild|Mixed Platforms.Build.0 = NoBuild|x86
		{F36C0849-BF86-4632-AED8-DCC7C4827F86}.NoBuild|x86.ActiveCfg = NoBuild|x86
		{F36C0849-BF86-4632-AED8-DCC7C4827F86}.NoBuild|x86.Build.0 = NoBuild|x86
		{F36C0849-BF86-4632-AED8-DCC7C4827F86}.PGE_EDER_JENKINS|Any CPU.ActiveCfg = PGE_EDER_JENKINS|Any CPU
		{F36C0849-BF86-4632-AED8-DCC7C4827F86}.PGE_EDER_JENKINS|Any CPU.Build.0 = PGE_EDER_JENKINS|Any CPU
		{F36C0849-BF86-4632-AED8-DCC7C4827F86}.PGE_EDER_JENKINS|Mixed Platforms.ActiveCfg = PGE_EDER_JENKINS|x86
		{F36C0849-BF86-4632-AED8-DCC7C4827F86}.PGE_EDER_JENKINS|Mixed Platforms.Build.0 = PGE_EDER_JENKINS|x86
		{F36C0849-BF86-4632-AED8-DCC7C4827F86}.PGE_EDER_JENKINS|x86.ActiveCfg = PGE_EDER_JENKINS|x86
		{F36C0849-BF86-4632-AED8-DCC7C4827F86}.PGE_EDER_JENKINS|x86.Build.0 = PGE_EDER_JENKINS|x86
		{F36C0849-BF86-4632-AED8-DCC7C4827F86}.Release|Any CPU.ActiveCfg = Release|Any CPU
		{F36C0849-BF86-4632-AED8-DCC7C4827F86}.Release|Any CPU.Build.0 = Release|Any CPU
		{F36C0849-BF86-4632-AED8-DCC7C4827F86}.Release|Mixed Platforms.ActiveCfg = Release|x86
		{F36C0849-BF86-4632-AED8-DCC7C4827F86}.Release|Mixed Platforms.Build.0 = Release|x86
		{F36C0849-BF86-4632-AED8-DCC7C4827F86}.Release|x86.ActiveCfg = Release|x86
		{F36C0849-BF86-4632-AED8-DCC7C4827F86}.Release|x86.Build.0 = Release|x86
		{472C594A-CD61-48E0-B814-8144CB1506FC}.Debug|Any CPU.ActiveCfg = Debug|Any CPU
		{472C594A-CD61-48E0-B814-8144CB1506FC}.Debug|Any CPU.Build.0 = Debug|Any CPU
		{472C594A-CD61-48E0-B814-8144CB1506FC}.Debug|Mixed Platforms.ActiveCfg = Debug|x86
		{472C594A-CD61-48E0-B814-8144CB1506FC}.Debug|x86.ActiveCfg = Debug|x86
		{472C594A-CD61-48E0-B814-8144CB1506FC}.Debug|x86.Build.0 = Debug|x86
		{472C594A-CD61-48E0-B814-8144CB1506FC}.NoBuild|Any CPU.ActiveCfg = NoBuild|Any CPU
		{472C594A-CD61-48E0-B814-8144CB1506FC}.NoBuild|Any CPU.Build.0 = NoBuild|Any CPU
		{472C594A-CD61-48E0-B814-8144CB1506FC}.NoBuild|Mixed Platforms.ActiveCfg = NoBuild|x86
		{472C594A-CD61-48E0-B814-8144CB1506FC}.NoBuild|Mixed Platforms.Build.0 = NoBuild|x86
		{472C594A-CD61-48E0-B814-8144CB1506FC}.NoBuild|x86.ActiveCfg = NoBuild|x86
		{472C594A-CD61-48E0-B814-8144CB1506FC}.NoBuild|x86.Build.0 = NoBuild|x86
		{472C594A-CD61-48E0-B814-8144CB1506FC}.PGE_EDER_JENKINS|Any CPU.ActiveCfg = PGE_EDER_JENKINS|Any CPU
		{472C594A-CD61-48E0-B814-8144CB1506FC}.PGE_EDER_JENKINS|Any CPU.Build.0 = PGE_EDER_JENKINS|Any CPU
		{472C594A-CD61-48E0-B814-8144CB1506FC}.PGE_EDER_JENKINS|Mixed Platforms.ActiveCfg = PGE_EDER_JENKINS|x86
		{472C594A-CD61-48E0-B814-8144CB1506FC}.PGE_EDER_JENKINS|Mixed Platforms.Build.0 = PGE_EDER_JENKINS|x86
		{472C594A-CD61-48E0-B814-8144CB1506FC}.PGE_EDER_JENKINS|x86.ActiveCfg = PGE_EDER_JENKINS|x86
		{472C594A-CD61-48E0-B814-8144CB1506FC}.PGE_EDER_JENKINS|x86.Build.0 = PGE_EDER_JENKINS|x86
		{472C594A-CD61-48E0-B814-8144CB1506FC}.Release|Any CPU.ActiveCfg = Release|Any CPU
		{472C594A-CD61-48E0-B814-8144CB1506FC}.Release|Any CPU.Build.0 = Release|Any CPU
		{472C594A-CD61-48E0-B814-8144CB1506FC}.Release|Mixed Platforms.ActiveCfg = Release|x86
		{472C594A-CD61-48E0-B814-8144CB1506FC}.Release|Mixed Platforms.Build.0 = Release|x86
		{472C594A-CD61-48E0-B814-8144CB1506FC}.Release|x86.ActiveCfg = Release|x86
		{472C594A-CD61-48E0-B814-8144CB1506FC}.Release|x86.Build.0 = Release|x86
		{9642FE66-57BD-4BCA-B403-7B95DE781704}.Debug|Any CPU.ActiveCfg = Debug|Any CPU
		{9642FE66-57BD-4BCA-B403-7B95DE781704}.Debug|Any CPU.Build.0 = Debug|Any CPU
		{9642FE66-57BD-4BCA-B403-7B95DE781704}.Debug|Mixed Platforms.ActiveCfg = Debug|x86
		{9642FE66-57BD-4BCA-B403-7B95DE781704}.Debug|x86.ActiveCfg = Debug|x86
		{9642FE66-57BD-4BCA-B403-7B95DE781704}.Debug|x86.Build.0 = Debug|x86
		{9642FE66-57BD-4BCA-B403-7B95DE781704}.NoBuild|Any CPU.ActiveCfg = NoBuild|Any CPU
		{9642FE66-57BD-4BCA-B403-7B95DE781704}.NoBuild|Any CPU.Build.0 = NoBuild|Any CPU
		{9642FE66-57BD-4BCA-B403-7B95DE781704}.NoBuild|Mixed Platforms.ActiveCfg = NoBuild|x86
		{9642FE66-57BD-4BCA-B403-7B95DE781704}.NoBuild|Mixed Platforms.Build.0 = NoBuild|x86
		{9642FE66-57BD-4BCA-B403-7B95DE781704}.NoBuild|x86.ActiveCfg = NoBuild|x86
		{9642FE66-57BD-4BCA-B403-7B95DE781704}.NoBuild|x86.Build.0 = NoBuild|x86
		{9642FE66-57BD-4BCA-B403-7B95DE781704}.PGE_EDER_JENKINS|Any CPU.ActiveCfg = PGE_EDER_JENKINS|Any CPU
		{9642FE66-57BD-4BCA-B403-7B95DE781704}.PGE_EDER_JENKINS|Any CPU.Build.0 = PGE_EDER_JENKINS|Any CPU
		{9642FE66-57BD-4BCA-B403-7B95DE781704}.PGE_EDER_JENKINS|Mixed Platforms.ActiveCfg = PGE_EDER_JENKINS|x86
		{9642FE66-57BD-4BCA-B403-7B95DE781704}.PGE_EDER_JENKINS|Mixed Platforms.Build.0 = PGE_EDER_JENKINS|x86
		{9642FE66-57BD-4BCA-B403-7B95DE781704}.PGE_EDER_JENKINS|x86.ActiveCfg = PGE_EDER_JENKINS|x86
		{9642FE66-57BD-4BCA-B403-7B95DE781704}.PGE_EDER_JENKINS|x86.Build.0 = PGE_EDER_JENKINS|x86
		{9642FE66-57BD-4BCA-B403-7B95DE781704}.Release|Any CPU.ActiveCfg = Release|Any CPU
		{9642FE66-57BD-4BCA-B403-7B95DE781704}.Release|Any CPU.Build.0 = Release|Any CPU
		{9642FE66-57BD-4BCA-B403-7B95DE781704}.Release|Mixed Platforms.ActiveCfg = Release|x86
		{9642FE66-57BD-4BCA-B403-7B95DE781704}.Release|Mixed Platforms.Build.0 = Release|x86
		{9642FE66-57BD-4BCA-B403-7B95DE781704}.Release|x86.ActiveCfg = Release|x86
		{9642FE66-57BD-4BCA-B403-7B95DE781704}.Release|x86.Build.0 = Release|x86
		{CA6E78FE-B8BF-4392-815F-EAB93AE66783}.Debug|Any CPU.ActiveCfg = Debug|Any CPU
		{CA6E78FE-B8BF-4392-815F-EAB93AE66783}.Debug|Any CPU.Build.0 = Debug|Any CPU
		{CA6E78FE-B8BF-4392-815F-EAB93AE66783}.Debug|Mixed Platforms.ActiveCfg = Debug|x86
		{CA6E78FE-B8BF-4392-815F-EAB93AE66783}.Debug|x86.ActiveCfg = Debug|x86
		{CA6E78FE-B8BF-4392-815F-EAB93AE66783}.Debug|x86.Build.0 = Debug|x86
		{CA6E78FE-B8BF-4392-815F-EAB93AE66783}.NoBuild|Any CPU.ActiveCfg = NoBuild|Any CPU
		{CA6E78FE-B8BF-4392-815F-EAB93AE66783}.NoBuild|Any CPU.Build.0 = NoBuild|Any CPU
		{CA6E78FE-B8BF-4392-815F-EAB93AE66783}.NoBuild|Mixed Platforms.ActiveCfg = NoBuild|x86
		{CA6E78FE-B8BF-4392-815F-EAB93AE66783}.NoBuild|Mixed Platforms.Build.0 = NoBuild|x86
		{CA6E78FE-B8BF-4392-815F-EAB93AE66783}.NoBuild|x86.ActiveCfg = NoBuild|x86
		{CA6E78FE-B8BF-4392-815F-EAB93AE66783}.NoBuild|x86.Build.0 = NoBuild|x86
		{CA6E78FE-B8BF-4392-815F-EAB93AE66783}.PGE_EDER_JENKINS|Any CPU.ActiveCfg = PGE_EDER_JENKINS|Any CPU
		{CA6E78FE-B8BF-4392-815F-EAB93AE66783}.PGE_EDER_JENKINS|Any CPU.Build.0 = PGE_EDER_JENKINS|Any CPU
		{CA6E78FE-B8BF-4392-815F-EAB93AE66783}.PGE_EDER_JENKINS|Mixed Platforms.ActiveCfg = PGE_EDER_JENKINS|x86
		{CA6E78FE-B8BF-4392-815F-EAB93AE66783}.PGE_EDER_JENKINS|Mixed Platforms.Build.0 = PGE_EDER_JENKINS|x86
		{CA6E78FE-B8BF-4392-815F-EAB93AE66783}.PGE_EDER_JENKINS|x86.ActiveCfg = PGE_EDER_JENKINS|x86
		{CA6E78FE-B8BF-4392-815F-EAB93AE66783}.PGE_EDER_JENKINS|x86.Build.0 = PGE_EDER_JENKINS|x86
		{CA6E78FE-B8BF-4392-815F-EAB93AE66783}.Release|Any CPU.ActiveCfg = Release|Any CPU
		{CA6E78FE-B8BF-4392-815F-EAB93AE66783}.Release|Any CPU.Build.0 = Release|Any CPU
		{CA6E78FE-B8BF-4392-815F-EAB93AE66783}.Release|Mixed Platforms.ActiveCfg = Release|x86
		{CA6E78FE-B8BF-4392-815F-EAB93AE66783}.Release|Mixed Platforms.Build.0 = Release|x86
		{CA6E78FE-B8BF-4392-815F-EAB93AE66783}.Release|x86.ActiveCfg = Release|x86
		{CA6E78FE-B8BF-4392-815F-EAB93AE66783}.Release|x86.Build.0 = Release|x86
		{BB4E7878-3B0A-4BB4-A34C-61B4630684BA}.Debug|Any CPU.ActiveCfg = Debug|Any CPU
		{BB4E7878-3B0A-4BB4-A34C-61B4630684BA}.Debug|Any CPU.Build.0 = Debug|Any CPU
		{BB4E7878-3B0A-4BB4-A34C-61B4630684BA}.Debug|Mixed Platforms.ActiveCfg = Debug|x86
		{BB4E7878-3B0A-4BB4-A34C-61B4630684BA}.Debug|x86.ActiveCfg = Debug|x86
		{BB4E7878-3B0A-4BB4-A34C-61B4630684BA}.Debug|x86.Build.0 = Debug|x86
		{BB4E7878-3B0A-4BB4-A34C-61B4630684BA}.NoBuild|Any CPU.ActiveCfg = NoBuild|Any CPU
		{BB4E7878-3B0A-4BB4-A34C-61B4630684BA}.NoBuild|Any CPU.Build.0 = NoBuild|Any CPU
		{BB4E7878-3B0A-4BB4-A34C-61B4630684BA}.NoBuild|Mixed Platforms.ActiveCfg = NoBuild|x86
		{BB4E7878-3B0A-4BB4-A34C-61B4630684BA}.NoBuild|Mixed Platforms.Build.0 = NoBuild|x86
		{BB4E7878-3B0A-4BB4-A34C-61B4630684BA}.NoBuild|x86.ActiveCfg = NoBuild|x86
		{BB4E7878-3B0A-4BB4-A34C-61B4630684BA}.NoBuild|x86.Build.0 = NoBuild|x86
		{BB4E7878-3B0A-4BB4-A34C-61B4630684BA}.PGE_EDER_JENKINS|Any CPU.ActiveCfg = PGE_EDER_JENKINS|Any CPU
		{BB4E7878-3B0A-4BB4-A34C-61B4630684BA}.PGE_EDER_JENKINS|Any CPU.Build.0 = PGE_EDER_JENKINS|Any CPU
		{BB4E7878-3B0A-4BB4-A34C-61B4630684BA}.PGE_EDER_JENKINS|Mixed Platforms.ActiveCfg = PGE_EDER_JENKINS|x86
		{BB4E7878-3B0A-4BB4-A34C-61B4630684BA}.PGE_EDER_JENKINS|Mixed Platforms.Build.0 = PGE_EDER_JENKINS|x86
		{BB4E7878-3B0A-4BB4-A34C-61B4630684BA}.PGE_EDER_JENKINS|x86.ActiveCfg = PGE_EDER_JENKINS|x86
		{BB4E7878-3B0A-4BB4-A34C-61B4630684BA}.PGE_EDER_JENKINS|x86.Build.0 = PGE_EDER_JENKINS|x86
		{BB4E7878-3B0A-4BB4-A34C-61B4630684BA}.Release|Any CPU.ActiveCfg = Release|Any CPU
		{BB4E7878-3B0A-4BB4-A34C-61B4630684BA}.Release|Any CPU.Build.0 = Release|Any CPU
		{BB4E7878-3B0A-4BB4-A34C-61B4630684BA}.Release|Mixed Platforms.ActiveCfg = Release|x86
		{BB4E7878-3B0A-4BB4-A34C-61B4630684BA}.Release|Mixed Platforms.Build.0 = Release|x86
		{BB4E7878-3B0A-4BB4-A34C-61B4630684BA}.Release|x86.ActiveCfg = Release|x86
		{BB4E7878-3B0A-4BB4-A34C-61B4630684BA}.Release|x86.Build.0 = Release|x86
		{4CF40D10-2919-4C21-A8B0-D370E777D409}.Debug|Any CPU.ActiveCfg = Debug|Any CPU
		{4CF40D10-2919-4C21-A8B0-D370E777D409}.Debug|Any CPU.Build.0 = Debug|Any CPU
		{4CF40D10-2919-4C21-A8B0-D370E777D409}.Debug|Mixed Platforms.ActiveCfg = Debug|x86
		{4CF40D10-2919-4C21-A8B0-D370E777D409}.Debug|x86.ActiveCfg = Debug|x86
		{4CF40D10-2919-4C21-A8B0-D370E777D409}.Debug|x86.Build.0 = Debug|x86
		{4CF40D10-2919-4C21-A8B0-D370E777D409}.NoBuild|Any CPU.ActiveCfg = NoBuild|Any CPU
		{4CF40D10-2919-4C21-A8B0-D370E777D409}.NoBuild|Any CPU.Build.0 = NoBuild|Any CPU
		{4CF40D10-2919-4C21-A8B0-D370E777D409}.NoBuild|Mixed Platforms.ActiveCfg = NoBuild|x86
		{4CF40D10-2919-4C21-A8B0-D370E777D409}.NoBuild|Mixed Platforms.Build.0 = NoBuild|x86
		{4CF40D10-2919-4C21-A8B0-D370E777D409}.NoBuild|x86.ActiveCfg = NoBuild|x86
		{4CF40D10-2919-4C21-A8B0-D370E777D409}.NoBuild|x86.Build.0 = NoBuild|x86
		{4CF40D10-2919-4C21-A8B0-D370E777D409}.PGE_EDER_JENKINS|Any CPU.ActiveCfg = PGE_EDER_JENKINS|Any CPU
		{4CF40D10-2919-4C21-A8B0-D370E777D409}.PGE_EDER_JENKINS|Any CPU.Build.0 = PGE_EDER_JENKINS|Any CPU
		{4CF40D10-2919-4C21-A8B0-D370E777D409}.PGE_EDER_JENKINS|Mixed Platforms.ActiveCfg = PGE_EDER_JENKINS|x86
		{4CF40D10-2919-4C21-A8B0-D370E777D409}.PGE_EDER_JENKINS|Mixed Platforms.Build.0 = PGE_EDER_JENKINS|x86
		{4CF40D10-2919-4C21-A8B0-D370E777D409}.PGE_EDER_JENKINS|x86.ActiveCfg = PGE_EDER_JENKINS|x86
		{4CF40D10-2919-4C21-A8B0-D370E777D409}.PGE_EDER_JENKINS|x86.Build.0 = PGE_EDER_JENKINS|x86
		{4CF40D10-2919-4C21-A8B0-D370E777D409}.Release|Any CPU.ActiveCfg = Release|Any CPU
		{4CF40D10-2919-4C21-A8B0-D370E777D409}.Release|Any CPU.Build.0 = Release|Any CPU
		{4CF40D10-2919-4C21-A8B0-D370E777D409}.Release|Mixed Platforms.ActiveCfg = Release|x86
		{4CF40D10-2919-4C21-A8B0-D370E777D409}.Release|Mixed Platforms.Build.0 = Release|x86
		{4CF40D10-2919-4C21-A8B0-D370E777D409}.Release|x86.ActiveCfg = Release|x86
		{4CF40D10-2919-4C21-A8B0-D370E777D409}.Release|x86.Build.0 = Release|x86
		{69B7FF1F-49BF-46F5-8D71-B09AE5E8FC2A}.Debug|Any CPU.ActiveCfg = Debug|Any CPU
		{69B7FF1F-49BF-46F5-8D71-B09AE5E8FC2A}.Debug|Any CPU.Build.0 = Debug|Any CPU
		{69B7FF1F-49BF-46F5-8D71-B09AE5E8FC2A}.Debug|Mixed Platforms.ActiveCfg = Debug|x86
		{69B7FF1F-49BF-46F5-8D71-B09AE5E8FC2A}.Debug|Mixed Platforms.Build.0 = Debug|x86
		{69B7FF1F-49BF-46F5-8D71-B09AE5E8FC2A}.Debug|x86.ActiveCfg = Debug|x86
		{69B7FF1F-49BF-46F5-8D71-B09AE5E8FC2A}.Debug|x86.Build.0 = Debug|x86
		{69B7FF1F-49BF-46F5-8D71-B09AE5E8FC2A}.NoBuild|Any CPU.ActiveCfg = Debug|Any CPU
		{69B7FF1F-49BF-46F5-8D71-B09AE5E8FC2A}.NoBuild|Any CPU.Build.0 = Debug|Any CPU
		{69B7FF1F-49BF-46F5-8D71-B09AE5E8FC2A}.NoBuild|Mixed Platforms.ActiveCfg = Debug|x86
		{69B7FF1F-49BF-46F5-8D71-B09AE5E8FC2A}.NoBuild|Mixed Platforms.Build.0 = Debug|x86
		{69B7FF1F-49BF-46F5-8D71-B09AE5E8FC2A}.NoBuild|x86.ActiveCfg = Debug|x86
		{69B7FF1F-49BF-46F5-8D71-B09AE5E8FC2A}.NoBuild|x86.Build.0 = Debug|x86
		{69B7FF1F-49BF-46F5-8D71-B09AE5E8FC2A}.PGE_EDER_JENKINS|Any CPU.ActiveCfg = Debug|Any CPU
		{69B7FF1F-49BF-46F5-8D71-B09AE5E8FC2A}.PGE_EDER_JENKINS|Any CPU.Build.0 = Debug|Any CPU
		{69B7FF1F-49BF-46F5-8D71-B09AE5E8FC2A}.PGE_EDER_JENKINS|Mixed Platforms.ActiveCfg = Debug|x86
		{69B7FF1F-49BF-46F5-8D71-B09AE5E8FC2A}.PGE_EDER_JENKINS|Mixed Platforms.Build.0 = Debug|x86
		{69B7FF1F-49BF-46F5-8D71-B09AE5E8FC2A}.PGE_EDER_JENKINS|x86.ActiveCfg = Debug|x86
		{69B7FF1F-49BF-46F5-8D71-B09AE5E8FC2A}.PGE_EDER_JENKINS|x86.Build.0 = Debug|x86
		{69B7FF1F-49BF-46F5-8D71-B09AE5E8FC2A}.Release|Any CPU.ActiveCfg = Release|Any CPU
		{69B7FF1F-49BF-46F5-8D71-B09AE5E8FC2A}.Release|Any CPU.Build.0 = Release|Any CPU
		{69B7FF1F-49BF-46F5-8D71-B09AE5E8FC2A}.Release|Mixed Platforms.ActiveCfg = Release|x86
		{69B7FF1F-49BF-46F5-8D71-B09AE5E8FC2A}.Release|Mixed Platforms.Build.0 = Release|x86
		{69B7FF1F-49BF-46F5-8D71-B09AE5E8FC2A}.Release|x86.ActiveCfg = Release|x86
		{69B7FF1F-49BF-46F5-8D71-B09AE5E8FC2A}.Release|x86.Build.0 = Release|x86
		{5DB781D0-207D-44C4-8CE7-C1F7A50DF781}.Debug|Any CPU.ActiveCfg = Debug|x86
		{5DB781D0-207D-44C4-8CE7-C1F7A50DF781}.Debug|Mixed Platforms.ActiveCfg = Debug|x86
		{5DB781D0-207D-44C4-8CE7-C1F7A50DF781}.Debug|Mixed Platforms.Build.0 = Debug|x86
		{5DB781D0-207D-44C4-8CE7-C1F7A50DF781}.Debug|x86.ActiveCfg = Debug|x86
		{5DB781D0-207D-44C4-8CE7-C1F7A50DF781}.Debug|x86.Build.0 = Debug|x86
		{5DB781D0-207D-44C4-8CE7-C1F7A50DF781}.NoBuild|Any CPU.ActiveCfg = Debug|x86
		{5DB781D0-207D-44C4-8CE7-C1F7A50DF781}.NoBuild|Any CPU.Build.0 = Debug|x86
		{5DB781D0-207D-44C4-8CE7-C1F7A50DF781}.NoBuild|Mixed Platforms.ActiveCfg = Debug|x86
		{5DB781D0-207D-44C4-8CE7-C1F7A50DF781}.NoBuild|Mixed Platforms.Build.0 = Debug|x86
		{5DB781D0-207D-44C4-8CE7-C1F7A50DF781}.NoBuild|x86.ActiveCfg = Debug|x86
		{5DB781D0-207D-44C4-8CE7-C1F7A50DF781}.NoBuild|x86.Build.0 = Debug|x86
		{5DB781D0-207D-44C4-8CE7-C1F7A50DF781}.PGE_EDER_JENKINS|Any CPU.ActiveCfg = Debug|x86
		{5DB781D0-207D-44C4-8CE7-C1F7A50DF781}.PGE_EDER_JENKINS|Any CPU.Build.0 = Debug|x86
		{5DB781D0-207D-44C4-8CE7-C1F7A50DF781}.PGE_EDER_JENKINS|Mixed Platforms.ActiveCfg = Debug|x86
		{5DB781D0-207D-44C4-8CE7-C1F7A50DF781}.PGE_EDER_JENKINS|Mixed Platforms.Build.0 = Debug|x86
		{5DB781D0-207D-44C4-8CE7-C1F7A50DF781}.PGE_EDER_JENKINS|x86.ActiveCfg = Debug|x86
		{5DB781D0-207D-44C4-8CE7-C1F7A50DF781}.PGE_EDER_JENKINS|x86.Build.0 = Debug|x86
		{5DB781D0-207D-44C4-8CE7-C1F7A50DF781}.Release|Any CPU.ActiveCfg = Release|x86
		{5DB781D0-207D-44C4-8CE7-C1F7A50DF781}.Release|Mixed Platforms.ActiveCfg = Release|x86
		{5DB781D0-207D-44C4-8CE7-C1F7A50DF781}.Release|Mixed Platforms.Build.0 = Release|x86
		{5DB781D0-207D-44C4-8CE7-C1F7A50DF781}.Release|x86.ActiveCfg = Release|x86
		{5DB781D0-207D-44C4-8CE7-C1F7A50DF781}.Release|x86.Build.0 = Release|x86
		{8AC990D4-5A99-4387-9514-A00466DB6448}.Debug|Any CPU.ActiveCfg = Debug|Any CPU
		{8AC990D4-5A99-4387-9514-A00466DB6448}.Debug|Any CPU.Build.0 = Debug|Any CPU
		{8AC990D4-5A99-4387-9514-A00466DB6448}.Debug|Mixed Platforms.ActiveCfg = Debug|x86
		{8AC990D4-5A99-4387-9514-A00466DB6448}.Debug|Mixed Platforms.Build.0 = Debug|x86
		{8AC990D4-5A99-4387-9514-A00466DB6448}.Debug|x86.ActiveCfg = Debug|x86
		{8AC990D4-5A99-4387-9514-A00466DB6448}.Debug|x86.Build.0 = Debug|x86
		{8AC990D4-5A99-4387-9514-A00466DB6448}.NoBuild|Any CPU.ActiveCfg = Debug|Any CPU
		{8AC990D4-5A99-4387-9514-A00466DB6448}.NoBuild|Any CPU.Build.0 = Debug|Any CPU
		{8AC990D4-5A99-4387-9514-A00466DB6448}.NoBuild|Mixed Platforms.ActiveCfg = Debug|x86
		{8AC990D4-5A99-4387-9514-A00466DB6448}.NoBuild|Mixed Platforms.Build.0 = Debug|x86
		{8AC990D4-5A99-4387-9514-A00466DB6448}.NoBuild|x86.ActiveCfg = Debug|x86
		{8AC990D4-5A99-4387-9514-A00466DB6448}.NoBuild|x86.Build.0 = Debug|x86
		{8AC990D4-5A99-4387-9514-A00466DB6448}.PGE_EDER_JENKINS|Any CPU.ActiveCfg = Debug|Any CPU
		{8AC990D4-5A99-4387-9514-A00466DB6448}.PGE_EDER_JENKINS|Any CPU.Build.0 = Debug|Any CPU
		{8AC990D4-5A99-4387-9514-A00466DB6448}.PGE_EDER_JENKINS|Mixed Platforms.ActiveCfg = Debug|x86
		{8AC990D4-5A99-4387-9514-A00466DB6448}.PGE_EDER_JENKINS|Mixed Platforms.Build.0 = Debug|x86
		{8AC990D4-5A99-4387-9514-A00466DB6448}.PGE_EDER_JENKINS|x86.ActiveCfg = Debug|x86
		{8AC990D4-5A99-4387-9514-A00466DB6448}.PGE_EDER_JENKINS|x86.Build.0 = Debug|x86
		{8AC990D4-5A99-4387-9514-A00466DB6448}.Release|Any CPU.ActiveCfg = Release|Any CPU
		{8AC990D4-5A99-4387-9514-A00466DB6448}.Release|Any CPU.Build.0 = Release|Any CPU
		{8AC990D4-5A99-4387-9514-A00466DB6448}.Release|Mixed Platforms.ActiveCfg = Release|x86
		{8AC990D4-5A99-4387-9514-A00466DB6448}.Release|Mixed Platforms.Build.0 = Release|x86
		{8AC990D4-5A99-4387-9514-A00466DB6448}.Release|x86.ActiveCfg = Release|x86
		{8AC990D4-5A99-4387-9514-A00466DB6448}.Release|x86.Build.0 = Release|x86
		{7E837B3B-2BF7-4FDE-8654-E78FCC8D3B04}.Debug|Any CPU.ActiveCfg = Debug|Any CPU
		{7E837B3B-2BF7-4FDE-8654-E78FCC8D3B04}.Debug|Any CPU.Build.0 = Debug|Any CPU
		{7E837B3B-2BF7-4FDE-8654-E78FCC8D3B04}.Debug|Mixed Platforms.ActiveCfg = Debug|x86
		{7E837B3B-2BF7-4FDE-8654-E78FCC8D3B04}.Debug|Mixed Platforms.Build.0 = Debug|x86
		{7E837B3B-2BF7-4FDE-8654-E78FCC8D3B04}.Debug|x86.ActiveCfg = Debug|x86
		{7E837B3B-2BF7-4FDE-8654-E78FCC8D3B04}.Debug|x86.Build.0 = Debug|x86
		{7E837B3B-2BF7-4FDE-8654-E78FCC8D3B04}.NoBuild|Any CPU.ActiveCfg = Debug|Any CPU
		{7E837B3B-2BF7-4FDE-8654-E78FCC8D3B04}.NoBuild|Any CPU.Build.0 = Debug|Any CPU
		{7E837B3B-2BF7-4FDE-8654-E78FCC8D3B04}.NoBuild|Mixed Platforms.ActiveCfg = Debug|x86
		{7E837B3B-2BF7-4FDE-8654-E78FCC8D3B04}.NoBuild|Mixed Platforms.Build.0 = Debug|x86
		{7E837B3B-2BF7-4FDE-8654-E78FCC8D3B04}.NoBuild|x86.ActiveCfg = Debug|x86
		{7E837B3B-2BF7-4FDE-8654-E78FCC8D3B04}.NoBuild|x86.Build.0 = Debug|x86
		{7E837B3B-2BF7-4FDE-8654-E78FCC8D3B04}.PGE_EDER_JENKINS|Any CPU.ActiveCfg = Debug|Any CPU
		{7E837B3B-2BF7-4FDE-8654-E78FCC8D3B04}.PGE_EDER_JENKINS|Any CPU.Build.0 = Debug|Any CPU
		{7E837B3B-2BF7-4FDE-8654-E78FCC8D3B04}.PGE_EDER_JENKINS|Mixed Platforms.ActiveCfg = Debug|x86
		{7E837B3B-2BF7-4FDE-8654-E78FCC8D3B04}.PGE_EDER_JENKINS|Mixed Platforms.Build.0 = Debug|x86
		{7E837B3B-2BF7-4FDE-8654-E78FCC8D3B04}.PGE_EDER_JENKINS|x86.ActiveCfg = Debug|x86
		{7E837B3B-2BF7-4FDE-8654-E78FCC8D3B04}.PGE_EDER_JENKINS|x86.Build.0 = Debug|x86
		{7E837B3B-2BF7-4FDE-8654-E78FCC8D3B04}.Release|Any CPU.ActiveCfg = Release|Any CPU
		{7E837B3B-2BF7-4FDE-8654-E78FCC8D3B04}.Release|Any CPU.Build.0 = Release|Any CPU
		{7E837B3B-2BF7-4FDE-8654-E78FCC8D3B04}.Release|Mixed Platforms.ActiveCfg = Release|x86
		{7E837B3B-2BF7-4FDE-8654-E78FCC8D3B04}.Release|Mixed Platforms.Build.0 = Release|x86
		{7E837B3B-2BF7-4FDE-8654-E78FCC8D3B04}.Release|x86.ActiveCfg = Release|x86
		{7E837B3B-2BF7-4FDE-8654-E78FCC8D3B04}.Release|x86.Build.0 = Release|x86
	EndGlobalSection
	GlobalSection(SolutionProperties) = preSolution
		HideSolutionNode = FALSE
	EndGlobalSection
	GlobalSection(NestedProjects) = preSolution
		{36519D54-E65E-4974-8DA5-1931F1BBB692} = {A50555A6-4B21-47C0-8E9F-88244DA2010E}
		{1D019976-FFE6-41A2-AB9C-6241696EDB8E} = {A50555A6-4B21-47C0-8E9F-88244DA2010E}
		{F36C0849-BF86-4632-AED8-DCC7C4827F86} = {A50555A6-4B21-47C0-8E9F-88244DA2010E}
		{472C594A-CD61-48E0-B814-8144CB1506FC} = {A50555A6-4B21-47C0-8E9F-88244DA2010E}
		{9642FE66-57BD-4BCA-B403-7B95DE781704} = {A50555A6-4B21-47C0-8E9F-88244DA2010E}
		{CA6E78FE-B8BF-4392-815F-EAB93AE66783} = {A50555A6-4B21-47C0-8E9F-88244DA2010E}
		{BB4E7878-3B0A-4BB4-A34C-61B4630684BA} = {A50555A6-4B21-47C0-8E9F-88244DA2010E}
		{4CF40D10-2919-4C21-A8B0-D370E777D409} = {A50555A6-4B21-47C0-8E9F-88244DA2010E}
		{69B7FF1F-49BF-46F5-8D71-B09AE5E8FC2A} = {A50555A6-4B21-47C0-8E9F-88244DA2010E}
	EndGlobalSection
	GlobalSection(ExtensibilityGlobals) = postSolution
		SolutionGuid = {C930E7B3-4D28-493E-ACCE-EDC33CB81F15}
	EndGlobalSection
EndGlobal
