
Microsoft Visual Studio Solution File, Format Version 12.00
# Visual Studio Version 16
VisualStudioVersion = 16.0.30804.86
MinimumVisualStudioVersion = 10.0.40219.1
Project("{2150E333-8FDC-42A3-9474-1A3956D46DE8}") = "SolutionInfo", "SolutionInfo", "{104E387C-C292-4C97-A1E2-7209FF190FF1}"
	ProjectSection(SolutionItems) = preProject
		SAPSolutionInfo.cs = SAPSolutionInfo.cs
	EndProjectSection
EndProject
Project("{2150E333-8FDC-42A3-9474-1A3956D46DE8}") = "externals", "externals", "{C8239096-2A24-470B-B1AA-42C872A44179}"
EndProject
Project("{FAE04EC0-301F-11D3-BF4B-00C04F79EFBC}") = "InvokeESRIRegAsm", "InvokeESRIRegAsm\InvokeESRIRegAsm.csproj", "{C56B9D60-7225-4FC0-AD8E-9B98553A01A7}"
EndProject
Project("{FAE04EC0-301F-11D3-BF4B-00C04F79EFBC}") = "PGE.Interfaces.Integration.Framework", "PGE.Interfaces.Integration.Framework\PGE.Interfaces.Integration.Framework.csproj", "{EF202B69-F091-4B28-B23B-81CFF42C1DC3}"
EndProject
Project("{FAE04EC0-301F-11D3-BF4B-00C04F79EFBC}") = "PGE.Common.Delivery.ArcFM", "..\..\..\PGE_CommonProject\PGE.Common.DeliveryProject\PGE.Common.Delivery.ArcFM\PGE.Common.Delivery.ArcFM.csproj", "{36519D54-E65E-4974-8DA5-1931F1BBB692}"
EndProject
Project("{FAE04EC0-301F-11D3-BF4B-00C04F79EFBC}") = "PGE.Common.Delivery.Diagnostics", "..\..\..\PGE_CommonProject\PGE.Common.DeliveryProject\PGE.Common.Delivery.Diagnostics\PGE.Common.Delivery.Diagnostics.csproj", "{1D019976-FFE6-41A2-AB9C-6241696EDB8E}"
EndProject
Project("{FAE04EC0-301F-11D3-BF4B-00C04F79EFBC}") = "PGE.Common.Delivery.Framework", "..\..\..\PGE_CommonProject\PGE.Common.DeliveryProject\PGE.Common.Delivery.Framework\PGE.Common.Delivery.Framework.csproj", "{F36C0849-BF86-4632-AED8-DCC7C4827F86}"
EndProject
Project("{FAE04EC0-301F-11D3-BF4B-00C04F79EFBC}") = "PGE.Common.Delivery.Geodatabase", "..\..\..\PGE_CommonProject\PGE.Common.DeliveryProject\PGE.Common.Delivery.Geodatabase\PGE.Common.Delivery.Geodatabase.csproj", "{472C594A-CD61-48E0-B814-8144CB1506FC}"
EndProject
Project("{FAE04EC0-301F-11D3-BF4B-00C04F79EFBC}") = "PGE.Common.Delivery.Process", "..\..\..\PGE_CommonProject\PGE.Common.DeliveryProject\PGE.Common.Delivery.ProcessManager\PGE.Common.Delivery.Process.csproj", "{9642FE66-57BD-4BCA-B403-7B95DE781704}"
EndProject
Project("{FAE04EC0-301F-11D3-BF4B-00C04F79EFBC}") = "PGE.Common.Delivery.SessionManager", "..\..\..\PGE_CommonProject\PGE.Common.DeliveryProject\PGE.Common.Delivery.SessionManager\PGE.Common.Delivery.SessionManager.csproj", "{CA6E78FE-B8BF-4392-815F-EAB93AE66783}"
EndProject
Project("{FAE04EC0-301F-11D3-BF4B-00C04F79EFBC}") = "PGE.Common.Delivery.Systems", "..\..\..\PGE_CommonProject\PGE.Common.DeliveryProject\PGE.Common.Delivery.System\PGE.Common.Delivery.Systems.csproj", "{BB4E7878-3B0A-4BB4-A34C-61B4630684BA}"
EndProject
Project("{FAE04EC0-301F-11D3-BF4B-00C04F79EFBC}") = "PGE.Common.Delivery.UI", "..\..\..\PGE_CommonProject\PGE.Common.DeliveryProject\PGE.Common.Delivery.UI\PGE.Common.Delivery.UI.csproj", "{4CF40D10-2919-4C21-A8B0-D370E777D409}"
EndProject
Project("{FAE04EC0-301F-11D3-BF4B-00C04F79EFBC}") = "PGE.BatchApplication.GUIDCsvToResyncTable", "..\..\..\PGE_BatchApplication\EDGIS DQ\GISSAP_Resync\PGE.BatchApplication.GUIDCsvToResyncTable\PGE.BatchApplication.GUIDCsvToResyncTable.csproj", "{93C8715D-F09C-4380-831B-31D3EABEA8F2}"
EndProject
Project("{FAE04EC0-301F-11D3-BF4B-00C04F79EFBC}") = "PGE.Interfaces.SAP.ED06.Batch", "PGE.Interfaces.ED06.Batch\PGE.Interfaces.SAP.ED06.Batch.csproj", "{07D76353-E439-4F18-8598-2631494E7DB7}"
EndProject
Project("{FAE04EC0-301F-11D3-BF4B-00C04F79EFBC}") = "PGE.Interfaces.SAP", "PGE.Interfaces.SAP\PGE.Interfaces.SAP.csproj", "{B7541D44-8B04-4672-A3DD-FFC4978B367E}"
EndProject
Project("{FAE04EC0-301F-11D3-BF4B-00C04F79EFBC}") = "PGE.Interfaces.SAP.Batch", "PGE.Interfaces.SAP.Batch\PGE.Interfaces.SAP.Batch.csproj", "{1FAA9174-A498-4C1A-B7D8-89056AC765E8}"
EndProject
Project("{FAE04EC0-301F-11D3-BF4B-00C04F79EFBC}") = "PGE.Interfaces.SAP.GDBM", "PGE.Interfaces.SAP.GDBM\PGE.Interfaces.SAP.GDBM.csproj", "{72C00ABA-CBD0-47CB-ACE0-AC424F51848D}"
EndProject
Project("{FAE04EC0-301F-11D3-BF4B-00C04F79EFBC}") = "PGE.Interfaces.SAP.TestApp", "PGE.Interfaces.SAP.TestApp\PGE.Interfaces.SAP.TestApp.csproj", "{7E6BEEE8-027F-4F07-969D-24160F1B274D}"
EndProject
Project("{FAE04EC0-301F-11D3-BF4B-00C04F79EFBC}") = "PGE.Interfaces.Settings", "PGE.Interfaces.Settings\PGE.Interfaces.Settings.csproj", "{BF5FE80E-E66E-4028-9499-A515055EB4FA}"
EndProject
Project("{54435603-DBB4-11D2-8724-00A0C9A8B90C}") = "PGE.Installer.ED006", "PGE.Installer.ED006\PGE.Installer.ED006.vdproj", "{E1E6938F-57D6-4C36-BAAD-2F00DBA2C9A3}"
EndProject
Project("{FAE04EC0-301F-11D3-BF4B-00C04F79EFBC}") = "PGE.BatchApplication.ReProcessSAPRecords", "..\..\..\PGE_BatchApplication\EDGIS DQ\GISSAP_Resync\PGE.BatchApplication.ResyncTool\PGE.BatchApplication.ReProcessSAPRecords\PGE.BatchApplication.ReProcessSAPRecords.csproj", "{78AB1225-5A1E-45AE-9A43-BD3A79D23600}"
EndProject
Project("{54435603-DBB4-11D2-8724-00A0C9A8B90C}") = "PGE.Installer.ED06", "PGE.Installer.ED06\PGE.Installer.ED06.vdproj", "{EBD690CE-CA0D-45EA-8D3D-BEBBDBC8A1A2}"
EndProject
Project("{FAE04EC0-301F-11D3-BF4B-00C04F79EFBC}") = "PGE.Common.ChangeDetectionAPI", "..\..\..\PGE_CommonProject\PGE.Common.DeliveryProject\PGE.Common.ChangeDetectionAPI\PGE.Common.ChangeDetectionAPI\PGE.Common.ChangeDetectionAPI.csproj", "{69B7FF1F-49BF-46F5-8D71-B09AE5E8FC2A}"
EndProject
Global
	GlobalSection(SolutionConfigurationPlatforms) = preSolution
		Debug|Any CPU = Debug|Any CPU
		Debug|Mixed Platforms = Debug|Mixed Platforms
		Debug|x86 = Debug|x86
		NoBuild|Any CPU = NoBuild|Any CPU
		NoBuild|Mixed Platforms = NoBuild|Mixed Platforms
		NoBuild|x86 = NoBuild|x86
		Release_1|Any CPU = Release_1|Any CPU
		Release_1|Mixed Platforms = Release_1|Mixed Platforms
		Release_1|x86 = Release_1|x86
		Release|Any CPU = Release|Any CPU
		Release|Mixed Platforms = Release|Mixed Platforms
		Release|x86 = Release|x86
	EndGlobalSection
	GlobalSection(ProjectConfigurationPlatforms) = postSolution
		{C56B9D60-7225-4FC0-AD8E-9B98553A01A7}.Debug|Any CPU.ActiveCfg = Debug|Any CPU
		{C56B9D60-7225-4FC0-AD8E-9B98553A01A7}.Debug|Any CPU.Build.0 = Debug|Any CPU
		{C56B9D60-7225-4FC0-AD8E-9B98553A01A7}.Debug|Mixed Platforms.ActiveCfg = Debug|x86
		{C56B9D60-7225-4FC0-AD8E-9B98553A01A7}.Debug|Mixed Platforms.Build.0 = Debug|x86
		{C56B9D60-7225-4FC0-AD8E-9B98553A01A7}.Debug|x86.ActiveCfg = Debug|x86
		{C56B9D60-7225-4FC0-AD8E-9B98553A01A7}.Debug|x86.Build.0 = Debug|x86
		{C56B9D60-7225-4FC0-AD8E-9B98553A01A7}.NoBuild|Any CPU.ActiveCfg = Release|Any CPU
		{C56B9D60-7225-4FC0-AD8E-9B98553A01A7}.NoBuild|Any CPU.Build.0 = Release|Any CPU
		{C56B9D60-7225-4FC0-AD8E-9B98553A01A7}.NoBuild|Mixed Platforms.ActiveCfg = Release|x86
		{C56B9D60-7225-4FC0-AD8E-9B98553A01A7}.NoBuild|Mixed Platforms.Build.0 = Release|x86
		{C56B9D60-7225-4FC0-AD8E-9B98553A01A7}.NoBuild|x86.ActiveCfg = Release|x86
		{C56B9D60-7225-4FC0-AD8E-9B98553A01A7}.NoBuild|x86.Build.0 = Release|x86
		{C56B9D60-7225-4FC0-AD8E-9B98553A01A7}.Release_1|Any CPU.ActiveCfg = Release|Any CPU
		{C56B9D60-7225-4FC0-AD8E-9B98553A01A7}.Release_1|Any CPU.Build.0 = Release|Any CPU
		{C56B9D60-7225-4FC0-AD8E-9B98553A01A7}.Release_1|Mixed Platforms.ActiveCfg = Release|x86
		{C56B9D60-7225-4FC0-AD8E-9B98553A01A7}.Release_1|Mixed Platforms.Build.0 = Release|x86
		{C56B9D60-7225-4FC0-AD8E-9B98553A01A7}.Release_1|x86.ActiveCfg = Release|x86
		{C56B9D60-7225-4FC0-AD8E-9B98553A01A7}.Release_1|x86.Build.0 = Release|x86
		{C56B9D60-7225-4FC0-AD8E-9B98553A01A7}.Release|Any CPU.ActiveCfg = Release|Any CPU
		{C56B9D60-7225-4FC0-AD8E-9B98553A01A7}.Release|Any CPU.Build.0 = Release|Any CPU
		{C56B9D60-7225-4FC0-AD8E-9B98553A01A7}.Release|Mixed Platforms.ActiveCfg = Release|x86
		{C56B9D60-7225-4FC0-AD8E-9B98553A01A7}.Release|x86.ActiveCfg = Release|x86
		{C56B9D60-7225-4FC0-AD8E-9B98553A01A7}.Release|x86.Build.0 = Release|x86
		{EF202B69-F091-4B28-B23B-81CFF42C1DC3}.Debug|Any CPU.ActiveCfg = Debug|Any CPU
		{EF202B69-F091-4B28-B23B-81CFF42C1DC3}.Debug|Any CPU.Build.0 = Debug|Any CPU
		{EF202B69-F091-4B28-B23B-81CFF42C1DC3}.Debug|Mixed Platforms.ActiveCfg = Debug|x86
		{EF202B69-F091-4B28-B23B-81CFF42C1DC3}.Debug|Mixed Platforms.Build.0 = Debug|x86
		{EF202B69-F091-4B28-B23B-81CFF42C1DC3}.Debug|x86.ActiveCfg = Debug|x86
		{EF202B69-F091-4B28-B23B-81CFF42C1DC3}.Debug|x86.Build.0 = Debug|x86
		{EF202B69-F091-4B28-B23B-81CFF42C1DC3}.NoBuild|Any CPU.ActiveCfg = Debug|Any CPU
		{EF202B69-F091-4B28-B23B-81CFF42C1DC3}.NoBuild|Any CPU.Build.0 = Debug|Any CPU
		{EF202B69-F091-4B28-B23B-81CFF42C1DC3}.NoBuild|Mixed Platforms.ActiveCfg = Debug|x86
		{EF202B69-F091-4B28-B23B-81CFF42C1DC3}.NoBuild|Mixed Platforms.Build.0 = Debug|x86
		{EF202B69-F091-4B28-B23B-81CFF42C1DC3}.NoBuild|x86.ActiveCfg = Debug|x86
		{EF202B69-F091-4B28-B23B-81CFF42C1DC3}.NoBuild|x86.Build.0 = Debug|x86
		{EF202B69-F091-4B28-B23B-81CFF42C1DC3}.Release_1|Any CPU.ActiveCfg = Release|Any CPU
		{EF202B69-F091-4B28-B23B-81CFF42C1DC3}.Release_1|Any CPU.Build.0 = Release|Any CPU
		{EF202B69-F091-4B28-B23B-81CFF42C1DC3}.Release_1|Mixed Platforms.ActiveCfg = Release|x86
		{EF202B69-F091-4B28-B23B-81CFF42C1DC3}.Release_1|Mixed Platforms.Build.0 = Release|x86
		{EF202B69-F091-4B28-B23B-81CFF42C1DC3}.Release_1|x86.ActiveCfg = Release|x86
		{EF202B69-F091-4B28-B23B-81CFF42C1DC3}.Release_1|x86.Build.0 = Release|x86
		{EF202B69-F091-4B28-B23B-81CFF42C1DC3}.Release|Any CPU.ActiveCfg = Release|Any CPU
		{EF202B69-F091-4B28-B23B-81CFF42C1DC3}.Release|Any CPU.Build.0 = Release|Any CPU
		{EF202B69-F091-4B28-B23B-81CFF42C1DC3}.Release|Mixed Platforms.ActiveCfg = Release|x86
		{EF202B69-F091-4B28-B23B-81CFF42C1DC3}.Release|Mixed Platforms.Build.0 = Release|x86
		{EF202B69-F091-4B28-B23B-81CFF42C1DC3}.Release|x86.ActiveCfg = Release|x86
		{EF202B69-F091-4B28-B23B-81CFF42C1DC3}.Release|x86.Build.0 = Release|x86
		{36519D54-E65E-4974-8DA5-1931F1BBB692}.Debug|Any CPU.ActiveCfg = Debug|Any CPU
		{36519D54-E65E-4974-8DA5-1931F1BBB692}.Debug|Any CPU.Build.0 = Debug|Any CPU
		{36519D54-E65E-4974-8DA5-1931F1BBB692}.Debug|Mixed Platforms.ActiveCfg = Debug|x86
		{36519D54-E65E-4974-8DA5-1931F1BBB692}.Debug|Mixed Platforms.Build.0 = Debug|x86
		{36519D54-E65E-4974-8DA5-1931F1BBB692}.Debug|x86.ActiveCfg = Debug|x86
		{36519D54-E65E-4974-8DA5-1931F1BBB692}.Debug|x86.Build.0 = Debug|x86
		{36519D54-E65E-4974-8DA5-1931F1BBB692}.NoBuild|Any CPU.ActiveCfg = NoBuild|Any CPU
		{36519D54-E65E-4974-8DA5-1931F1BBB692}.NoBuild|Any CPU.Build.0 = NoBuild|Any CPU
		{36519D54-E65E-4974-8DA5-1931F1BBB692}.NoBuild|Mixed Platforms.ActiveCfg = NoBuild|x86
		{36519D54-E65E-4974-8DA5-1931F1BBB692}.NoBuild|Mixed Platforms.Build.0 = NoBuild|x86
		{36519D54-E65E-4974-8DA5-1931F1BBB692}.NoBuild|x86.ActiveCfg = NoBuild|x86
		{36519D54-E65E-4974-8DA5-1931F1BBB692}.NoBuild|x86.Build.0 = NoBuild|x86
		{36519D54-E65E-4974-8DA5-1931F1BBB692}.Release_1|Any CPU.ActiveCfg = Release|Any CPU
		{36519D54-E65E-4974-8DA5-1931F1BBB692}.Release_1|Any CPU.Build.0 = Release|Any CPU
		{36519D54-E65E-4974-8DA5-1931F1BBB692}.Release_1|Mixed Platforms.ActiveCfg = Release|x86
		{36519D54-E65E-4974-8DA5-1931F1BBB692}.Release_1|Mixed Platforms.Build.0 = Release|x86
		{36519D54-E65E-4974-8DA5-1931F1BBB692}.Release_1|x86.ActiveCfg = Release|x86
		{36519D54-E65E-4974-8DA5-1931F1BBB692}.Release_1|x86.Build.0 = Release|x86
		{36519D54-E65E-4974-8DA5-1931F1BBB692}.Release|Any CPU.ActiveCfg = Release|Any CPU
		{36519D54-E65E-4974-8DA5-1931F1BBB692}.Release|Any CPU.Build.0 = Release|Any CPU
		{36519D54-E65E-4974-8DA5-1931F1BBB692}.Release|Mixed Platforms.ActiveCfg = Release|x86
		{36519D54-E65E-4974-8DA5-1931F1BBB692}.Release|Mixed Platforms.Build.0 = Release|x86
		{36519D54-E65E-4974-8DA5-1931F1BBB692}.Release|x86.ActiveCfg = Release|x86
		{36519D54-E65E-4974-8DA5-1931F1BBB692}.Release|x86.Build.0 = Release|x86
		{1D019976-FFE6-41A2-AB9C-6241696EDB8E}.Debug|Any CPU.ActiveCfg = Debug|Any CPU
		{1D019976-FFE6-41A2-AB9C-6241696EDB8E}.Debug|Any CPU.Build.0 = Debug|Any CPU
		{1D019976-FFE6-41A2-AB9C-6241696EDB8E}.Debug|Mixed Platforms.ActiveCfg = Debug|x86
		{1D019976-FFE6-41A2-AB9C-6241696EDB8E}.Debug|Mixed Platforms.Build.0 = Debug|x86
		{1D019976-FFE6-41A2-AB9C-6241696EDB8E}.Debug|x86.ActiveCfg = Debug|x86
		{1D019976-FFE6-41A2-AB9C-6241696EDB8E}.Debug|x86.Build.0 = Debug|x86
		{1D019976-FFE6-41A2-AB9C-6241696EDB8E}.NoBuild|Any CPU.ActiveCfg = NoBuild|Any CPU
		{1D019976-FFE6-41A2-AB9C-6241696EDB8E}.NoBuild|Any CPU.Build.0 = NoBuild|Any CPU
		{1D019976-FFE6-41A2-AB9C-6241696EDB8E}.NoBuild|Mixed Platforms.ActiveCfg = NoBuild|x86
		{1D019976-FFE6-41A2-AB9C-6241696EDB8E}.NoBuild|Mixed Platforms.Build.0 = NoBuild|x86
		{1D019976-FFE6-41A2-AB9C-6241696EDB8E}.NoBuild|x86.ActiveCfg = NoBuild|x86
		{1D019976-FFE6-41A2-AB9C-6241696EDB8E}.NoBuild|x86.Build.0 = NoBuild|x86
		{1D019976-FFE6-41A2-AB9C-6241696EDB8E}.Release_1|Any CPU.ActiveCfg = Release|Any CPU
		{1D019976-FFE6-41A2-AB9C-6241696EDB8E}.Release_1|Any CPU.Build.0 = Release|Any CPU
		{1D019976-FFE6-41A2-AB9C-6241696EDB8E}.Release_1|Mixed Platforms.ActiveCfg = Release|x86
		{1D019976-FFE6-41A2-AB9C-6241696EDB8E}.Release_1|Mixed Platforms.Build.0 = Release|x86
		{1D019976-FFE6-41A2-AB9C-6241696EDB8E}.Release_1|x86.ActiveCfg = Release|x86
		{1D019976-FFE6-41A2-AB9C-6241696EDB8E}.Release_1|x86.Build.0 = Release|x86
		{1D019976-FFE6-41A2-AB9C-6241696EDB8E}.Release|Any CPU.ActiveCfg = Release|Any CPU
		{1D019976-FFE6-41A2-AB9C-6241696EDB8E}.Release|Any CPU.Build.0 = Release|Any CPU
		{1D019976-FFE6-41A2-AB9C-6241696EDB8E}.Release|Mixed Platforms.ActiveCfg = Release|x86
		{1D019976-FFE6-41A2-AB9C-6241696EDB8E}.Release|Mixed Platforms.Build.0 = Release|x86
		{1D019976-FFE6-41A2-AB9C-6241696EDB8E}.Release|x86.ActiveCfg = Release|x86
		{1D019976-FFE6-41A2-AB9C-6241696EDB8E}.Release|x86.Build.0 = Release|x86
		{F36C0849-BF86-4632-AED8-DCC7C4827F86}.Debug|Any CPU.ActiveCfg = Debug|Any CPU
		{F36C0849-BF86-4632-AED8-DCC7C4827F86}.Debug|Any CPU.Build.0 = Debug|Any CPU
		{F36C0849-BF86-4632-AED8-DCC7C4827F86}.Debug|Mixed Platforms.ActiveCfg = Debug|x86
		{F36C0849-BF86-4632-AED8-DCC7C4827F86}.Debug|Mixed Platforms.Build.0 = Debug|x86
		{F36C0849-BF86-4632-AED8-DCC7C4827F86}.Debug|x86.ActiveCfg = Debug|x86
		{F36C0849-BF86-4632-AED8-DCC7C4827F86}.Debug|x86.Build.0 = Debug|x86
		{F36C0849-BF86-4632-AED8-DCC7C4827F86}.NoBuild|Any CPU.ActiveCfg = NoBuild|Any CPU
		{F36C0849-BF86-4632-AED8-DCC7C4827F86}.NoBuild|Any CPU.Build.0 = NoBuild|Any CPU
		{F36C0849-BF86-4632-AED8-DCC7C4827F86}.NoBuild|Mixed Platforms.ActiveCfg = NoBuild|x86
		{F36C0849-BF86-4632-AED8-DCC7C4827F86}.NoBuild|Mixed Platforms.Build.0 = NoBuild|x86
		{F36C0849-BF86-4632-AED8-DCC7C4827F86}.NoBuild|x86.ActiveCfg = NoBuild|x86
		{F36C0849-BF86-4632-AED8-DCC7C4827F86}.NoBuild|x86.Build.0 = NoBuild|x86
		{F36C0849-BF86-4632-AED8-DCC7C4827F86}.Release_1|Any CPU.ActiveCfg = Release|Any CPU
		{F36C0849-BF86-4632-AED8-DCC7C4827F86}.Release_1|Any CPU.Build.0 = Release|Any CPU
		{F36C0849-BF86-4632-AED8-DCC7C4827F86}.Release_1|Mixed Platforms.ActiveCfg = Release|x86
		{F36C0849-BF86-4632-AED8-DCC7C4827F86}.Release_1|Mixed Platforms.Build.0 = Release|x86
		{F36C0849-BF86-4632-AED8-DCC7C4827F86}.Release_1|x86.ActiveCfg = Release|x86
		{F36C0849-BF86-4632-AED8-DCC7C4827F86}.Release_1|x86.Build.0 = Release|x86
		{F36C0849-BF86-4632-AED8-DCC7C4827F86}.Release|Any CPU.ActiveCfg = Release|Any CPU
		{F36C0849-BF86-4632-AED8-DCC7C4827F86}.Release|Any CPU.Build.0 = Release|Any CPU
		{F36C0849-BF86-4632-AED8-DCC7C4827F86}.Release|Mixed Platforms.ActiveCfg = Release|x86
		{F36C0849-BF86-4632-AED8-DCC7C4827F86}.Release|Mixed Platforms.Build.0 = Release|x86
		{F36C0849-BF86-4632-AED8-DCC7C4827F86}.Release|x86.ActiveCfg = Release|x86
		{F36C0849-BF86-4632-AED8-DCC7C4827F86}.Release|x86.Build.0 = Release|x86
		{472C594A-CD61-48E0-B814-8144CB1506FC}.Debug|Any CPU.ActiveCfg = Debug|Any CPU
		{472C594A-CD61-48E0-B814-8144CB1506FC}.Debug|Any CPU.Build.0 = Debug|Any CPU
		{472C594A-CD61-48E0-B814-8144CB1506FC}.Debug|Mixed Platforms.ActiveCfg = Debug|x86
		{472C594A-CD61-48E0-B814-8144CB1506FC}.Debug|Mixed Platforms.Build.0 = Debug|x86
		{472C594A-CD61-48E0-B814-8144CB1506FC}.Debug|x86.ActiveCfg = Debug|x86
		{472C594A-CD61-48E0-B814-8144CB1506FC}.Debug|x86.Build.0 = Debug|x86
		{472C594A-CD61-48E0-B814-8144CB1506FC}.NoBuild|Any CPU.ActiveCfg = NoBuild|Any CPU
		{472C594A-CD61-48E0-B814-8144CB1506FC}.NoBuild|Any CPU.Build.0 = NoBuild|Any CPU
		{472C594A-CD61-48E0-B814-8144CB1506FC}.NoBuild|Mixed Platforms.ActiveCfg = NoBuild|x86
		{472C594A-CD61-48E0-B814-8144CB1506FC}.NoBuild|Mixed Platforms.Build.0 = NoBuild|x86
		{472C594A-CD61-48E0-B814-8144CB1506FC}.NoBuild|x86.ActiveCfg = NoBuild|x86
		{472C594A-CD61-48E0-B814-8144CB1506FC}.NoBuild|x86.Build.0 = NoBuild|x86
		{472C594A-CD61-48E0-B814-8144CB1506FC}.Release_1|Any CPU.ActiveCfg = Release|Any CPU
		{472C594A-CD61-48E0-B814-8144CB1506FC}.Release_1|Any CPU.Build.0 = Release|Any CPU
		{472C594A-CD61-48E0-B814-8144CB1506FC}.Release_1|Mixed Platforms.ActiveCfg = Release|x86
		{472C594A-CD61-48E0-B814-8144CB1506FC}.Release_1|Mixed Platforms.Build.0 = Release|x86
		{472C594A-CD61-48E0-B814-8144CB1506FC}.Release_1|x86.ActiveCfg = Release|x86
		{472C594A-CD61-48E0-B814-8144CB1506FC}.Release_1|x86.Build.0 = Release|x86
		{472C594A-CD61-48E0-B814-8144CB1506FC}.Release|Any CPU.ActiveCfg = Release|Any CPU
		{472C594A-CD61-48E0-B814-8144CB1506FC}.Release|Any CPU.Build.0 = Release|Any CPU
		{472C594A-CD61-48E0-B814-8144CB1506FC}.Release|Mixed Platforms.ActiveCfg = Release|x86
		{472C594A-CD61-48E0-B814-8144CB1506FC}.Release|Mixed Platforms.Build.0 = Release|x86
		{472C594A-CD61-48E0-B814-8144CB1506FC}.Release|x86.ActiveCfg = Release|x86
		{472C594A-CD61-48E0-B814-8144CB1506FC}.Release|x86.Build.0 = Release|x86
		{9642FE66-57BD-4BCA-B403-7B95DE781704}.Debug|Any CPU.ActiveCfg = Debug|Any CPU
		{9642FE66-57BD-4BCA-B403-7B95DE781704}.Debug|Any CPU.Build.0 = Debug|Any CPU
		{9642FE66-57BD-4BCA-B403-7B95DE781704}.Debug|Mixed Platforms.ActiveCfg = Debug|x86
		{9642FE66-57BD-4BCA-B403-7B95DE781704}.Debug|Mixed Platforms.Build.0 = Debug|x86
		{9642FE66-57BD-4BCA-B403-7B95DE781704}.Debug|x86.ActiveCfg = Debug|x86
		{9642FE66-57BD-4BCA-B403-7B95DE781704}.Debug|x86.Build.0 = Debug|x86
		{9642FE66-57BD-4BCA-B403-7B95DE781704}.NoBuild|Any CPU.ActiveCfg = NoBuild|Any CPU
		{9642FE66-57BD-4BCA-B403-7B95DE781704}.NoBuild|Any CPU.Build.0 = NoBuild|Any CPU
		{9642FE66-57BD-4BCA-B403-7B95DE781704}.NoBuild|Mixed Platforms.ActiveCfg = NoBuild|x86
		{9642FE66-57BD-4BCA-B403-7B95DE781704}.NoBuild|Mixed Platforms.Build.0 = NoBuild|x86
		{9642FE66-57BD-4BCA-B403-7B95DE781704}.NoBuild|x86.ActiveCfg = NoBuild|x86
		{9642FE66-57BD-4BCA-B403-7B95DE781704}.NoBuild|x86.Build.0 = NoBuild|x86
		{9642FE66-57BD-4BCA-B403-7B95DE781704}.Release_1|Any CPU.ActiveCfg = Release|Any CPU
		{9642FE66-57BD-4BCA-B403-7B95DE781704}.Release_1|Any CPU.Build.0 = Release|Any CPU
		{9642FE66-57BD-4BCA-B403-7B95DE781704}.Release_1|Mixed Platforms.ActiveCfg = Release|x86
		{9642FE66-57BD-4BCA-B403-7B95DE781704}.Release_1|Mixed Platforms.Build.0 = Release|x86
		{9642FE66-57BD-4BCA-B403-7B95DE781704}.Release_1|x86.ActiveCfg = Release|x86
		{9642FE66-57BD-4BCA-B403-7B95DE781704}.Release_1|x86.Build.0 = Release|x86
		{9642FE66-57BD-4BCA-B403-7B95DE781704}.Release|Any CPU.ActiveCfg = Release|Any CPU
		{9642FE66-57BD-4BCA-B403-7B95DE781704}.Release|Any CPU.Build.0 = Release|Any CPU
		{9642FE66-57BD-4BCA-B403-7B95DE781704}.Release|Mixed Platforms.ActiveCfg = Release|x86
		{9642FE66-57BD-4BCA-B403-7B95DE781704}.Release|x86.ActiveCfg = Release|x86
		{9642FE66-57BD-4BCA-B403-7B95DE781704}.Release|x86.Build.0 = Release|x86
		{CA6E78FE-B8BF-4392-815F-EAB93AE66783}.Debug|Any CPU.ActiveCfg = Debug|Any CPU
		{CA6E78FE-B8BF-4392-815F-EAB93AE66783}.Debug|Any CPU.Build.0 = Debug|Any CPU
		{CA6E78FE-B8BF-4392-815F-EAB93AE66783}.Debug|Mixed Platforms.ActiveCfg = Debug|x86
		{CA6E78FE-B8BF-4392-815F-EAB93AE66783}.Debug|Mixed Platforms.Build.0 = Debug|x86
		{CA6E78FE-B8BF-4392-815F-EAB93AE66783}.Debug|x86.ActiveCfg = Debug|x86
		{CA6E78FE-B8BF-4392-815F-EAB93AE66783}.Debug|x86.Build.0 = Debug|x86
		{CA6E78FE-B8BF-4392-815F-EAB93AE66783}.NoBuild|Any CPU.ActiveCfg = NoBuild|Any CPU
		{CA6E78FE-B8BF-4392-815F-EAB93AE66783}.NoBuild|Any CPU.Build.0 = NoBuild|Any CPU
		{CA6E78FE-B8BF-4392-815F-EAB93AE66783}.NoBuild|Mixed Platforms.ActiveCfg = NoBuild|x86
		{CA6E78FE-B8BF-4392-815F-EAB93AE66783}.NoBuild|Mixed Platforms.Build.0 = NoBuild|x86
		{CA6E78FE-B8BF-4392-815F-EAB93AE66783}.NoBuild|x86.ActiveCfg = NoBuild|x86
		{CA6E78FE-B8BF-4392-815F-EAB93AE66783}.NoBuild|x86.Build.0 = NoBuild|x86
		{CA6E78FE-B8BF-4392-815F-EAB93AE66783}.Release_1|Any CPU.ActiveCfg = Release|Any CPU
		{CA6E78FE-B8BF-4392-815F-EAB93AE66783}.Release_1|Any CPU.Build.0 = Release|Any CPU
		{CA6E78FE-B8BF-4392-815F-EAB93AE66783}.Release_1|Mixed Platforms.ActiveCfg = Release|x86
		{CA6E78FE-B8BF-4392-815F-EAB93AE66783}.Release_1|Mixed Platforms.Build.0 = Release|x86
		{CA6E78FE-B8BF-4392-815F-EAB93AE66783}.Release_1|x86.ActiveCfg = Release|x86
		{CA6E78FE-B8BF-4392-815F-EAB93AE66783}.Release_1|x86.Build.0 = Release|x86
		{CA6E78FE-B8BF-4392-815F-EAB93AE66783}.Release|Any CPU.ActiveCfg = Release|Any CPU
		{CA6E78FE-B8BF-4392-815F-EAB93AE66783}.Release|Any CPU.Build.0 = Release|Any CPU
		{CA6E78FE-B8BF-4392-815F-EAB93AE66783}.Release|Mixed Platforms.ActiveCfg = Release|x86
		{CA6E78FE-B8BF-4392-815F-EAB93AE66783}.Release|x86.ActiveCfg = Release|x86
		{CA6E78FE-B8BF-4392-815F-EAB93AE66783}.Release|x86.Build.0 = Release|x86
		{BB4E7878-3B0A-4BB4-A34C-61B4630684BA}.Debug|Any CPU.ActiveCfg = Debug|Any CPU
		{BB4E7878-3B0A-4BB4-A34C-61B4630684BA}.Debug|Any CPU.Build.0 = Debug|Any CPU
		{BB4E7878-3B0A-4BB4-A34C-61B4630684BA}.Debug|Mixed Platforms.ActiveCfg = Debug|x86
		{BB4E7878-3B0A-4BB4-A34C-61B4630684BA}.Debug|Mixed Platforms.Build.0 = Debug|x86
		{BB4E7878-3B0A-4BB4-A34C-61B4630684BA}.Debug|x86.ActiveCfg = Debug|x86
		{BB4E7878-3B0A-4BB4-A34C-61B4630684BA}.Debug|x86.Build.0 = Debug|x86
		{BB4E7878-3B0A-4BB4-A34C-61B4630684BA}.NoBuild|Any CPU.ActiveCfg = NoBuild|Any CPU
		{BB4E7878-3B0A-4BB4-A34C-61B4630684BA}.NoBuild|Any CPU.Build.0 = NoBuild|Any CPU
		{BB4E7878-3B0A-4BB4-A34C-61B4630684BA}.NoBuild|Mixed Platforms.ActiveCfg = NoBuild|x86
		{BB4E7878-3B0A-4BB4-A34C-61B4630684BA}.NoBuild|Mixed Platforms.Build.0 = NoBuild|x86
		{BB4E7878-3B0A-4BB4-A34C-61B4630684BA}.NoBuild|x86.ActiveCfg = NoBuild|x86
		{BB4E7878-3B0A-4BB4-A34C-61B4630684BA}.NoBuild|x86.Build.0 = NoBuild|x86
		{BB4E7878-3B0A-4BB4-A34C-61B4630684BA}.Release_1|Any CPU.ActiveCfg = Release|Any CPU
		{BB4E7878-3B0A-4BB4-A34C-61B4630684BA}.Release_1|Any CPU.Build.0 = Release|Any CPU
		{BB4E7878-3B0A-4BB4-A34C-61B4630684BA}.Release_1|Mixed Platforms.ActiveCfg = Release|x86
		{BB4E7878-3B0A-4BB4-A34C-61B4630684BA}.Release_1|Mixed Platforms.Build.0 = Release|x86
		{BB4E7878-3B0A-4BB4-A34C-61B4630684BA}.Release_1|x86.ActiveCfg = Release|x86
		{BB4E7878-3B0A-4BB4-A34C-61B4630684BA}.Release_1|x86.Build.0 = Release|x86
		{BB4E7878-3B0A-4BB4-A34C-61B4630684BA}.Release|Any CPU.ActiveCfg = Release|Any CPU
		{BB4E7878-3B0A-4BB4-A34C-61B4630684BA}.Release|Any CPU.Build.0 = Release|Any CPU
		{BB4E7878-3B0A-4BB4-A34C-61B4630684BA}.Release|Mixed Platforms.ActiveCfg = Release|x86
		{BB4E7878-3B0A-4BB4-A34C-61B4630684BA}.Release|Mixed Platforms.Build.0 = Release|x86
		{BB4E7878-3B0A-4BB4-A34C-61B4630684BA}.Release|x86.ActiveCfg = Release|x86
		{BB4E7878-3B0A-4BB4-A34C-61B4630684BA}.Release|x86.Build.0 = Release|x86
		{4CF40D10-2919-4C21-A8B0-D370E777D409}.Debug|Any CPU.ActiveCfg = Debug|Any CPU
		{4CF40D10-2919-4C21-A8B0-D370E777D409}.Debug|Any CPU.Build.0 = Debug|Any CPU
		{4CF40D10-2919-4C21-A8B0-D370E777D409}.Debug|Mixed Platforms.ActiveCfg = Debug|x86
		{4CF40D10-2919-4C21-A8B0-D370E777D409}.Debug|Mixed Platforms.Build.0 = Debug|x86
		{4CF40D10-2919-4C21-A8B0-D370E777D409}.Debug|x86.ActiveCfg = Debug|x86
		{4CF40D10-2919-4C21-A8B0-D370E777D409}.Debug|x86.Build.0 = Debug|x86
		{4CF40D10-2919-4C21-A8B0-D370E777D409}.NoBuild|Any CPU.ActiveCfg = NoBuild|Any CPU
		{4CF40D10-2919-4C21-A8B0-D370E777D409}.NoBuild|Any CPU.Build.0 = NoBuild|Any CPU
		{4CF40D10-2919-4C21-A8B0-D370E777D409}.NoBuild|Mixed Platforms.ActiveCfg = NoBuild|x86
		{4CF40D10-2919-4C21-A8B0-D370E777D409}.NoBuild|Mixed Platforms.Build.0 = NoBuild|x86
		{4CF40D10-2919-4C21-A8B0-D370E777D409}.NoBuild|x86.ActiveCfg = NoBuild|x86
		{4CF40D10-2919-4C21-A8B0-D370E777D409}.NoBuild|x86.Build.0 = NoBuild|x86
		{4CF40D10-2919-4C21-A8B0-D370E777D409}.Release_1|Any CPU.ActiveCfg = Release|Any CPU
		{4CF40D10-2919-4C21-A8B0-D370E777D409}.Release_1|Any CPU.Build.0 = Release|Any CPU
		{4CF40D10-2919-4C21-A8B0-D370E777D409}.Release_1|Mixed Platforms.ActiveCfg = Release|x86
		{4CF40D10-2919-4C21-A8B0-D370E777D409}.Release_1|Mixed Platforms.Build.0 = Release|x86
		{4CF40D10-2919-4C21-A8B0-D370E777D409}.Release_1|x86.ActiveCfg = Release|x86
		{4CF40D10-2919-4C21-A8B0-D370E777D409}.Release_1|x86.Build.0 = Release|x86
		{4CF40D10-2919-4C21-A8B0-D370E777D409}.Release|Any CPU.ActiveCfg = Release|Any CPU
		{4CF40D10-2919-4C21-A8B0-D370E777D409}.Release|Any CPU.Build.0 = Release|Any CPU
		{4CF40D10-2919-4C21-A8B0-D370E777D409}.Release|Mixed Platforms.ActiveCfg = Release|x86
		{4CF40D10-2919-4C21-A8B0-D370E777D409}.Release|x86.ActiveCfg = Release|x86
		{4CF40D10-2919-4C21-A8B0-D370E777D409}.Release|x86.Build.0 = Release|x86
		{93C8715D-F09C-4380-831B-31D3EABEA8F2}.Debug|Any CPU.ActiveCfg = Debug|x86
		{93C8715D-F09C-4380-831B-31D3EABEA8F2}.Debug|Mixed Platforms.ActiveCfg = Debug|x86
		{93C8715D-F09C-4380-831B-31D3EABEA8F2}.Debug|Mixed Platforms.Build.0 = Debug|x86
		{93C8715D-F09C-4380-831B-31D3EABEA8F2}.Debug|x86.ActiveCfg = Debug|x86
		{93C8715D-F09C-4380-831B-31D3EABEA8F2}.Debug|x86.Build.0 = Debug|x86
		{93C8715D-F09C-4380-831B-31D3EABEA8F2}.NoBuild|Any CPU.ActiveCfg = Debug|x86
		{93C8715D-F09C-4380-831B-31D3EABEA8F2}.NoBuild|Any CPU.Build.0 = Debug|x86
		{93C8715D-F09C-4380-831B-31D3EABEA8F2}.NoBuild|Mixed Platforms.ActiveCfg = Debug|x86
		{93C8715D-F09C-4380-831B-31D3EABEA8F2}.NoBuild|Mixed Platforms.Build.0 = Debug|x86
		{93C8715D-F09C-4380-831B-31D3EABEA8F2}.NoBuild|x86.ActiveCfg = Debug|x86
		{93C8715D-F09C-4380-831B-31D3EABEA8F2}.NoBuild|x86.Build.0 = Debug|x86
		{93C8715D-F09C-4380-831B-31D3EABEA8F2}.Release_1|Any CPU.ActiveCfg = Release|x86
		{93C8715D-F09C-4380-831B-31D3EABEA8F2}.Release_1|Mixed Platforms.ActiveCfg = Release|x86
		{93C8715D-F09C-4380-831B-31D3EABEA8F2}.Release_1|Mixed Platforms.Build.0 = Release|x86
		{93C8715D-F09C-4380-831B-31D3EABEA8F2}.Release_1|x86.ActiveCfg = Release|x86
		{93C8715D-F09C-4380-831B-31D3EABEA8F2}.Release_1|x86.Build.0 = Release|x86
		{93C8715D-F09C-4380-831B-31D3EABEA8F2}.Release|Any CPU.ActiveCfg = Release|x86
		{93C8715D-F09C-4380-831B-31D3EABEA8F2}.Release|Mixed Platforms.ActiveCfg = Release|x86
		{93C8715D-F09C-4380-831B-31D3EABEA8F2}.Release|x86.ActiveCfg = Release|x86
		{93C8715D-F09C-4380-831B-31D3EABEA8F2}.Release|x86.Build.0 = Release|x86
		{07D76353-E439-4F18-8598-2631494E7DB7}.Debug|Any CPU.ActiveCfg = Debug|x86
		{07D76353-E439-4F18-8598-2631494E7DB7}.Debug|Mixed Platforms.ActiveCfg = Debug|x86
		{07D76353-E439-4F18-8598-2631494E7DB7}.Debug|Mixed Platforms.Build.0 = Debug|x86
		{07D76353-E439-4F18-8598-2631494E7DB7}.Debug|x86.ActiveCfg = Debug|x86
		{07D76353-E439-4F18-8598-2631494E7DB7}.Debug|x86.Build.0 = Debug|x86
		{07D76353-E439-4F18-8598-2631494E7DB7}.NoBuild|Any CPU.ActiveCfg = Debug|x86
		{07D76353-E439-4F18-8598-2631494E7DB7}.NoBuild|Any CPU.Build.0 = Debug|x86
		{07D76353-E439-4F18-8598-2631494E7DB7}.NoBuild|Mixed Platforms.ActiveCfg = Debug|x86
		{07D76353-E439-4F18-8598-2631494E7DB7}.NoBuild|Mixed Platforms.Build.0 = Debug|x86
		{07D76353-E439-4F18-8598-2631494E7DB7}.NoBuild|x86.ActiveCfg = Debug|x86
		{07D76353-E439-4F18-8598-2631494E7DB7}.NoBuild|x86.Build.0 = Debug|x86
		{07D76353-E439-4F18-8598-2631494E7DB7}.Release_1|Any CPU.ActiveCfg = Release|x86
		{07D76353-E439-4F18-8598-2631494E7DB7}.Release_1|Mixed Platforms.ActiveCfg = Release|x86
		{07D76353-E439-4F18-8598-2631494E7DB7}.Release_1|Mixed Platforms.Build.0 = Release|x86
		{07D76353-E439-4F18-8598-2631494E7DB7}.Release_1|x86.ActiveCfg = Release|x86
		{07D76353-E439-4F18-8598-2631494E7DB7}.Release_1|x86.Build.0 = Release|x86
		{07D76353-E439-4F18-8598-2631494E7DB7}.Release|Any CPU.ActiveCfg = Release|x86
		{07D76353-E439-4F18-8598-2631494E7DB7}.Release|Mixed Platforms.ActiveCfg = Release|x86
		{07D76353-E439-4F18-8598-2631494E7DB7}.Release|Mixed Platforms.Build.0 = Release|x86
		{07D76353-E439-4F18-8598-2631494E7DB7}.Release|x86.ActiveCfg = Release|x86
		{07D76353-E439-4F18-8598-2631494E7DB7}.Release|x86.Build.0 = Release|x86
		{B7541D44-8B04-4672-A3DD-FFC4978B367E}.Debug|Any CPU.ActiveCfg = Debug|Any CPU
		{B7541D44-8B04-4672-A3DD-FFC4978B367E}.Debug|Any CPU.Build.0 = Debug|Any CPU
		{B7541D44-8B04-4672-A3DD-FFC4978B367E}.Debug|Mixed Platforms.ActiveCfg = Debug|x86
		{B7541D44-8B04-4672-A3DD-FFC4978B367E}.Debug|Mixed Platforms.Build.0 = Debug|x86
		{B7541D44-8B04-4672-A3DD-FFC4978B367E}.Debug|x86.ActiveCfg = Debug|x86
		{B7541D44-8B04-4672-A3DD-FFC4978B367E}.Debug|x86.Build.0 = Debug|x86
		{B7541D44-8B04-4672-A3DD-FFC4978B367E}.NoBuild|Any CPU.ActiveCfg = Debug|Any CPU
		{B7541D44-8B04-4672-A3DD-FFC4978B367E}.NoBuild|Any CPU.Build.0 = Debug|Any CPU
		{B7541D44-8B04-4672-A3DD-FFC4978B367E}.NoBuild|Mixed Platforms.ActiveCfg = Debug|x86
		{B7541D44-8B04-4672-A3DD-FFC4978B367E}.NoBuild|Mixed Platforms.Build.0 = Debug|x86
		{B7541D44-8B04-4672-A3DD-FFC4978B367E}.NoBuild|x86.ActiveCfg = Debug|x86
		{B7541D44-8B04-4672-A3DD-FFC4978B367E}.NoBuild|x86.Build.0 = Debug|x86
		{B7541D44-8B04-4672-A3DD-FFC4978B367E}.Release_1|Any CPU.ActiveCfg = Release|Any CPU
		{B7541D44-8B04-4672-A3DD-FFC4978B367E}.Release_1|Any CPU.Build.0 = Release|Any CPU
		{B7541D44-8B04-4672-A3DD-FFC4978B367E}.Release_1|Mixed Platforms.ActiveCfg = Release|x86
		{B7541D44-8B04-4672-A3DD-FFC4978B367E}.Release_1|Mixed Platforms.Build.0 = Release|x86
		{B7541D44-8B04-4672-A3DD-FFC4978B367E}.Release_1|x86.ActiveCfg = Release|x86
		{B7541D44-8B04-4672-A3DD-FFC4978B367E}.Release_1|x86.Build.0 = Release|x86
		{B7541D44-8B04-4672-A3DD-FFC4978B367E}.Release|Any CPU.ActiveCfg = Release|Any CPU
		{B7541D44-8B04-4672-A3DD-FFC4978B367E}.Release|Any CPU.Build.0 = Release|Any CPU
		{B7541D44-8B04-4672-A3DD-FFC4978B367E}.Release|Mixed Platforms.ActiveCfg = Release|x86
		{B7541D44-8B04-4672-A3DD-FFC4978B367E}.Release|Mixed Platforms.Build.0 = Release|x86
		{B7541D44-8B04-4672-A3DD-FFC4978B367E}.Release|x86.ActiveCfg = Release|x86
		{B7541D44-8B04-4672-A3DD-FFC4978B367E}.Release|x86.Build.0 = Release|x86
		{1FAA9174-A498-4C1A-B7D8-89056AC765E8}.Debug|Any CPU.ActiveCfg = Debug|x86
		{1FAA9174-A498-4C1A-B7D8-89056AC765E8}.Debug|Mixed Platforms.ActiveCfg = Debug|x86
		{1FAA9174-A498-4C1A-B7D8-89056AC765E8}.Debug|Mixed Platforms.Build.0 = Debug|x86
		{1FAA9174-A498-4C1A-B7D8-89056AC765E8}.Debug|x86.ActiveCfg = Debug|x86
		{1FAA9174-A498-4C1A-B7D8-89056AC765E8}.Debug|x86.Build.0 = Debug|x86
		{1FAA9174-A498-4C1A-B7D8-89056AC765E8}.NoBuild|Any CPU.ActiveCfg = Debug|x86
		{1FAA9174-A498-4C1A-B7D8-89056AC765E8}.NoBuild|Any CPU.Build.0 = Debug|x86
		{1FAA9174-A498-4C1A-B7D8-89056AC765E8}.NoBuild|Mixed Platforms.ActiveCfg = Debug|x86
		{1FAA9174-A498-4C1A-B7D8-89056AC765E8}.NoBuild|Mixed Platforms.Build.0 = Debug|x86
		{1FAA9174-A498-4C1A-B7D8-89056AC765E8}.NoBuild|x86.ActiveCfg = Debug|x86
		{1FAA9174-A498-4C1A-B7D8-89056AC765E8}.NoBuild|x86.Build.0 = Debug|x86
		{1FAA9174-A498-4C1A-B7D8-89056AC765E8}.Release_1|Any CPU.ActiveCfg = Release|x86
		{1FAA9174-A498-4C1A-B7D8-89056AC765E8}.Release_1|Mixed Platforms.ActiveCfg = Release|x86
		{1FAA9174-A498-4C1A-B7D8-89056AC765E8}.Release_1|Mixed Platforms.Build.0 = Release|x86
		{1FAA9174-A498-4C1A-B7D8-89056AC765E8}.Release_1|x86.ActiveCfg = Release|x86
		{1FAA9174-A498-4C1A-B7D8-89056AC765E8}.Release_1|x86.Build.0 = Release|x86
		{1FAA9174-A498-4C1A-B7D8-89056AC765E8}.Release|Any CPU.ActiveCfg = Release|x86
		{1FAA9174-A498-4C1A-B7D8-89056AC765E8}.Release|Mixed Platforms.ActiveCfg = Release|x86
		{1FAA9174-A498-4C1A-B7D8-89056AC765E8}.Release|x86.ActiveCfg = Release|x86
		{1FAA9174-A498-4C1A-B7D8-89056AC765E8}.Release|x86.Build.0 = Release|x86
		{72C00ABA-CBD0-47CB-ACE0-AC424F51848D}.Debug|Any CPU.ActiveCfg = Debug|Any CPU
		{72C00ABA-CBD0-47CB-ACE0-AC424F51848D}.Debug|Any CPU.Build.0 = Debug|Any CPU
		{72C00ABA-CBD0-47CB-ACE0-AC424F51848D}.Debug|Mixed Platforms.ActiveCfg = Debug|x86
		{72C00ABA-CBD0-47CB-ACE0-AC424F51848D}.Debug|Mixed Platforms.Build.0 = Debug|x86
		{72C00ABA-CBD0-47CB-ACE0-AC424F51848D}.Debug|x86.ActiveCfg = Debug|x86
		{72C00ABA-CBD0-47CB-ACE0-AC424F51848D}.Debug|x86.Build.0 = Debug|x86
		{72C00ABA-CBD0-47CB-ACE0-AC424F51848D}.NoBuild|Any CPU.ActiveCfg = Debug|Any CPU
		{72C00ABA-CBD0-47CB-ACE0-AC424F51848D}.NoBuild|Any CPU.Build.0 = Debug|Any CPU
		{72C00ABA-CBD0-47CB-ACE0-AC424F51848D}.NoBuild|Mixed Platforms.ActiveCfg = Debug|x86
		{72C00ABA-CBD0-47CB-ACE0-AC424F51848D}.NoBuild|Mixed Platforms.Build.0 = Debug|x86
		{72C00ABA-CBD0-47CB-ACE0-AC424F51848D}.NoBuild|x86.ActiveCfg = Debug|x86
		{72C00ABA-CBD0-47CB-ACE0-AC424F51848D}.NoBuild|x86.Build.0 = Debug|x86
		{72C00ABA-CBD0-47CB-ACE0-AC424F51848D}.Release_1|Any CPU.ActiveCfg = Release|Any CPU
		{72C00ABA-CBD0-47CB-ACE0-AC424F51848D}.Release_1|Any CPU.Build.0 = Release|Any CPU
		{72C00ABA-CBD0-47CB-ACE0-AC424F51848D}.Release_1|Mixed Platforms.ActiveCfg = Release|x86
		{72C00ABA-CBD0-47CB-ACE0-AC424F51848D}.Release_1|Mixed Platforms.Build.0 = Release|x86
		{72C00ABA-CBD0-47CB-ACE0-AC424F51848D}.Release_1|x86.ActiveCfg = Release|x86
		{72C00ABA-CBD0-47CB-ACE0-AC424F51848D}.Release_1|x86.Build.0 = Release|x86
		{72C00ABA-CBD0-47CB-ACE0-AC424F51848D}.Release|Any CPU.ActiveCfg = Release|Any CPU
		{72C00ABA-CBD0-47CB-ACE0-AC424F51848D}.Release|Any CPU.Build.0 = Release|Any CPU
		{72C00ABA-CBD0-47CB-ACE0-AC424F51848D}.Release|Mixed Platforms.ActiveCfg = Release|x86
		{72C00ABA-CBD0-47CB-ACE0-AC424F51848D}.Release|x86.ActiveCfg = Release|x86
		{72C00ABA-CBD0-47CB-ACE0-AC424F51848D}.Release|x86.Build.0 = Release|x86
		{7E6BEEE8-027F-4F07-969D-24160F1B274D}.Debug|Any CPU.ActiveCfg = Debug|x86
		{7E6BEEE8-027F-4F07-969D-24160F1B274D}.Debug|Mixed Platforms.ActiveCfg = Debug|x86
		{7E6BEEE8-027F-4F07-969D-24160F1B274D}.Debug|Mixed Platforms.Build.0 = Debug|x86
		{7E6BEEE8-027F-4F07-969D-24160F1B274D}.Debug|x86.ActiveCfg = Debug|x86
		{7E6BEEE8-027F-4F07-969D-24160F1B274D}.Debug|x86.Build.0 = Debug|x86
		{7E6BEEE8-027F-4F07-969D-24160F1B274D}.NoBuild|Any CPU.ActiveCfg = Debug|x86
		{7E6BEEE8-027F-4F07-969D-24160F1B274D}.NoBuild|Any CPU.Build.0 = Debug|x86
		{7E6BEEE8-027F-4F07-969D-24160F1B274D}.NoBuild|Mixed Platforms.ActiveCfg = Debug|x86
		{7E6BEEE8-027F-4F07-969D-24160F1B274D}.NoBuild|Mixed Platforms.Build.0 = Debug|x86
		{7E6BEEE8-027F-4F07-969D-24160F1B274D}.NoBuild|x86.ActiveCfg = Debug|x86
		{7E6BEEE8-027F-4F07-969D-24160F1B274D}.NoBuild|x86.Build.0 = Debug|x86
		{7E6BEEE8-027F-4F07-969D-24160F1B274D}.Release_1|Any CPU.ActiveCfg = Release|x86
		{7E6BEEE8-027F-4F07-969D-24160F1B274D}.Release_1|Mixed Platforms.ActiveCfg = Release|x86
		{7E6BEEE8-027F-4F07-969D-24160F1B274D}.Release_1|Mixed Platforms.Build.0 = Release|x86
		{7E6BEEE8-027F-4F07-969D-24160F1B274D}.Release_1|x86.ActiveCfg = Release|x86
		{7E6BEEE8-027F-4F07-969D-24160F1B274D}.Release_1|x86.Build.0 = Release|x86
		{7E6BEEE8-027F-4F07-969D-24160F1B274D}.Release|Any CPU.ActiveCfg = Release|x86
		{7E6BEEE8-027F-4F07-969D-24160F1B274D}.Release|Mixed Platforms.ActiveCfg = Release|x86
		{7E6BEEE8-027F-4F07-969D-24160F1B274D}.Release|x86.ActiveCfg = Release|x86
		{7E6BEEE8-027F-4F07-969D-24160F1B274D}.Release|x86.Build.0 = Release|x86
		{BF5FE80E-E66E-4028-9499-A515055EB4FA}.Debug|Any CPU.ActiveCfg = Debug|x86
		{BF5FE80E-E66E-4028-9499-A515055EB4FA}.Debug|Mixed Platforms.ActiveCfg = Debug|x86
		{BF5FE80E-E66E-4028-9499-A515055EB4FA}.Debug|Mixed Platforms.Build.0 = Debug|x86
		{BF5FE80E-E66E-4028-9499-A515055EB4FA}.Debug|x86.ActiveCfg = Debug|x86
		{BF5FE80E-E66E-4028-9499-A515055EB4FA}.Debug|x86.Build.0 = Debug|x86
		{BF5FE80E-E66E-4028-9499-A515055EB4FA}.NoBuild|Any CPU.ActiveCfg = Debug|x86
		{BF5FE80E-E66E-4028-9499-A515055EB4FA}.NoBuild|Any CPU.Build.0 = Debug|x86
		{BF5FE80E-E66E-4028-9499-A515055EB4FA}.NoBuild|Mixed Platforms.ActiveCfg = Debug|x86
		{BF5FE80E-E66E-4028-9499-A515055EB4FA}.NoBuild|Mixed Platforms.Build.0 = Debug|x86
		{BF5FE80E-E66E-4028-9499-A515055EB4FA}.NoBuild|x86.ActiveCfg = Debug|x86
		{BF5FE80E-E66E-4028-9499-A515055EB4FA}.NoBuild|x86.Build.0 = Debug|x86
		{BF5FE80E-E66E-4028-9499-A515055EB4FA}.Release_1|Any CPU.ActiveCfg = Release|x86
		{BF5FE80E-E66E-4028-9499-A515055EB4FA}.Release_1|Mixed Platforms.ActiveCfg = Release|x86
		{BF5FE80E-E66E-4028-9499-A515055EB4FA}.Release_1|Mixed Platforms.Build.0 = Release|x86
		{BF5FE80E-E66E-4028-9499-A515055EB4FA}.Release_1|x86.ActiveCfg = Release|x86
		{BF5FE80E-E66E-4028-9499-A515055EB4FA}.Release_1|x86.Build.0 = Release|x86
		{BF5FE80E-E66E-4028-9499-A515055EB4FA}.Release|Any CPU.ActiveCfg = Release|x86
		{BF5FE80E-E66E-4028-9499-A515055EB4FA}.Release|Mixed Platforms.ActiveCfg = Release|x86
		{BF5FE80E-E66E-4028-9499-A515055EB4FA}.Release|x86.ActiveCfg = Release|x86
		{BF5FE80E-E66E-4028-9499-A515055EB4FA}.Release|x86.Build.0 = Release|x86
		{E1E6938F-57D6-4C36-BAAD-2F00DBA2C9A3}.Debug|Any CPU.ActiveCfg = Debug
		{E1E6938F-57D6-4C36-BAAD-2F00DBA2C9A3}.Debug|Any CPU.Build.0 = Debug
		{E1E6938F-57D6-4C36-BAAD-2F00DBA2C9A3}.Debug|Mixed Platforms.ActiveCfg = Debug
		{E1E6938F-57D6-4C36-BAAD-2F00DBA2C9A3}.Debug|Mixed Platforms.Build.0 = Debug
		{E1E6938F-57D6-4C36-BAAD-2F00DBA2C9A3}.Debug|x86.ActiveCfg = Debug
		{E1E6938F-57D6-4C36-BAAD-2F00DBA2C9A3}.Debug|x86.Build.0 = Debug
		{E1E6938F-57D6-4C36-BAAD-2F00DBA2C9A3}.NoBuild|Any CPU.ActiveCfg = Debug
		{E1E6938F-57D6-4C36-BAAD-2F00DBA2C9A3}.NoBuild|Any CPU.Build.0 = Debug
		{E1E6938F-57D6-4C36-BAAD-2F00DBA2C9A3}.NoBuild|Mixed Platforms.ActiveCfg = Debug
		{E1E6938F-57D6-4C36-BAAD-2F00DBA2C9A3}.NoBuild|Mixed Platforms.Build.0 = Debug
		{E1E6938F-57D6-4C36-BAAD-2F00DBA2C9A3}.NoBuild|x86.ActiveCfg = Debug
		{E1E6938F-57D6-4C36-BAAD-2F00DBA2C9A3}.NoBuild|x86.Build.0 = Debug
		{E1E6938F-57D6-4C36-BAAD-2F00DBA2C9A3}.Release_1|Any CPU.ActiveCfg = Release
		{E1E6938F-57D6-4C36-BAAD-2F00DBA2C9A3}.Release_1|Any CPU.Build.0 = Release
		{E1E6938F-57D6-4C36-BAAD-2F00DBA2C9A3}.Release_1|Mixed Platforms.ActiveCfg = Release
		{E1E6938F-57D6-4C36-BAAD-2F00DBA2C9A3}.Release_1|x86.ActiveCfg = Release
		{E1E6938F-57D6-4C36-BAAD-2F00DBA2C9A3}.Release|Any CPU.ActiveCfg = Release
		{E1E6938F-57D6-4C36-BAAD-2F00DBA2C9A3}.Release|Any CPU.Build.0 = Release
		{E1E6938F-57D6-4C36-BAAD-2F00DBA2C9A3}.Release|Mixed Platforms.ActiveCfg = Release
		{E1E6938F-57D6-4C36-BAAD-2F00DBA2C9A3}.Release|x86.ActiveCfg = Release
		{E1E6938F-57D6-4C36-BAAD-2F00DBA2C9A3}.Release|x86.Build.0 = Release
		{78AB1225-5A1E-45AE-9A43-BD3A79D23600}.Debug|Any CPU.ActiveCfg = Debug|x86
		{78AB1225-5A1E-45AE-9A43-BD3A79D23600}.Debug|Mixed Platforms.ActiveCfg = Debug|x86
		{78AB1225-5A1E-45AE-9A43-BD3A79D23600}.Debug|Mixed Platforms.Build.0 = Debug|x86
		{78AB1225-5A1E-45AE-9A43-BD3A79D23600}.Debug|x86.ActiveCfg = Debug|x86
		{78AB1225-5A1E-45AE-9A43-BD3A79D23600}.Debug|x86.Build.0 = Debug|x86
		{78AB1225-5A1E-45AE-9A43-BD3A79D23600}.NoBuild|Any CPU.ActiveCfg = Debug|x86
		{78AB1225-5A1E-45AE-9A43-BD3A79D23600}.NoBuild|Any CPU.Build.0 = Debug|x86
		{78AB1225-5A1E-45AE-9A43-BD3A79D23600}.NoBuild|Mixed Platforms.ActiveCfg = Debug|x86
		{78AB1225-5A1E-45AE-9A43-BD3A79D23600}.NoBuild|Mixed Platforms.Build.0 = Debug|x86
		{78AB1225-5A1E-45AE-9A43-BD3A79D23600}.NoBuild|x86.ActiveCfg = Debug|x86
		{78AB1225-5A1E-45AE-9A43-BD3A79D23600}.NoBuild|x86.Build.0 = Debug|x86
		{78AB1225-5A1E-45AE-9A43-BD3A79D23600}.Release_1|Any CPU.ActiveCfg = Release|x86
		{78AB1225-5A1E-45AE-9A43-BD3A79D23600}.Release_1|Mixed Platforms.ActiveCfg = Release|x86
		{78AB1225-5A1E-45AE-9A43-BD3A79D23600}.Release_1|Mixed Platforms.Build.0 = Release|x86
		{78AB1225-5A1E-45AE-9A43-BD3A79D23600}.Release_1|x86.ActiveCfg = Release|x86
		{78AB1225-5A1E-45AE-9A43-BD3A79D23600}.Release_1|x86.Build.0 = Release|x86
		{78AB1225-5A1E-45AE-9A43-BD3A79D23600}.Release|Any CPU.ActiveCfg = Release|x86
		{78AB1225-5A1E-45AE-9A43-BD3A79D23600}.Release|Mixed Platforms.ActiveCfg = Release|x86
		{78AB1225-5A1E-45AE-9A43-BD3A79D23600}.Release|x86.ActiveCfg = Release|x86
		{78AB1225-5A1E-45AE-9A43-BD3A79D23600}.Release|x86.Build.0 = Release|x86
		{EBD690CE-CA0D-45EA-8D3D-BEBBDBC8A1A2}.Debug|Any CPU.ActiveCfg = Debug
		{EBD690CE-CA0D-45EA-8D3D-BEBBDBC8A1A2}.Debug|Mixed Platforms.ActiveCfg = Debug
		{EBD690CE-CA0D-45EA-8D3D-BEBBDBC8A1A2}.Debug|x86.ActiveCfg = Debug
		{EBD690CE-CA0D-45EA-8D3D-BEBBDBC8A1A2}.NoBuild|Any CPU.ActiveCfg = Release
		{EBD690CE-CA0D-45EA-8D3D-BEBBDBC8A1A2}.NoBuild|Mixed Platforms.ActiveCfg = Release
		{EBD690CE-CA0D-45EA-8D3D-BEBBDBC8A1A2}.NoBuild|x86.ActiveCfg = Release
		{EBD690CE-CA0D-45EA-8D3D-BEBBDBC8A1A2}.Release_1|Any CPU.ActiveCfg = Release
		{EBD690CE-CA0D-45EA-8D3D-BEBBDBC8A1A2}.Release_1|Mixed Platforms.ActiveCfg = Release
		{EBD690CE-CA0D-45EA-8D3D-BEBBDBC8A1A2}.Release_1|x86.ActiveCfg = Release
		{EBD690CE-CA0D-45EA-8D3D-BEBBDBC8A1A2}.Release|Any CPU.ActiveCfg = Release
		{EBD690CE-CA0D-45EA-8D3D-BEBBDBC8A1A2}.Release|Mixed Platforms.ActiveCfg = Release
		{EBD690CE-CA0D-45EA-8D3D-BEBBDBC8A1A2}.Release|x86.ActiveCfg = Release
		{EBD690CE-CA0D-45EA-8D3D-BEBBDBC8A1A2}.Release|x86.Build.0 = Release
		{69B7FF1F-49BF-46F5-8D71-B09AE5E8FC2A}.Debug|Any CPU.ActiveCfg = Debug|Any CPU
		{69B7FF1F-49BF-46F5-8D71-B09AE5E8FC2A}.Debug|Any CPU.Build.0 = Debug|Any CPU
		{69B7FF1F-49BF-46F5-8D71-B09AE5E8FC2A}.Debug|Mixed Platforms.ActiveCfg = Debug|x86
		{69B7FF1F-49BF-46F5-8D71-B09AE5E8FC2A}.Debug|Mixed Platforms.Build.0 = Debug|x86
		{69B7FF1F-49BF-46F5-8D71-B09AE5E8FC2A}.Debug|x86.ActiveCfg = Debug|x86
		{69B7FF1F-49BF-46F5-8D71-B09AE5E8FC2A}.Debug|x86.Build.0 = Debug|x86
		{69B7FF1F-49BF-46F5-8D71-B09AE5E8FC2A}.NoBuild|Any CPU.ActiveCfg = Debug|Any CPU
		{69B7FF1F-49BF-46F5-8D71-B09AE5E8FC2A}.NoBuild|Any CPU.Build.0 = Debug|Any CPU
		{69B7FF1F-49BF-46F5-8D71-B09AE5E8FC2A}.NoBuild|Mixed Platforms.ActiveCfg = Debug|x86
		{69B7FF1F-49BF-46F5-8D71-B09AE5E8FC2A}.NoBuild|Mixed Platforms.Build.0 = Debug|x86
		{69B7FF1F-49BF-46F5-8D71-B09AE5E8FC2A}.NoBuild|x86.ActiveCfg = Debug|x86
		{69B7FF1F-49BF-46F5-8D71-B09AE5E8FC2A}.NoBuild|x86.Build.0 = Debug|x86
		{69B7FF1F-49BF-46F5-8D71-B09AE5E8FC2A}.Release_1|Any CPU.ActiveCfg = Release|Any CPU
		{69B7FF1F-49BF-46F5-8D71-B09AE5E8FC2A}.Release_1|Any CPU.Build.0 = Release|Any CPU
		{69B7FF1F-49BF-46F5-8D71-B09AE5E8FC2A}.Release_1|Mixed Platforms.ActiveCfg = Release|x86
		{69B7FF1F-49BF-46F5-8D71-B09AE5E8FC2A}.Release_1|Mixed Platforms.Build.0 = Release|x86
		{69B7FF1F-49BF-46F5-8D71-B09AE5E8FC2A}.Release_1|x86.ActiveCfg = Release|x86
		{69B7FF1F-49BF-46F5-8D71-B09AE5E8FC2A}.Release_1|x86.Build.0 = Release|x86
		{69B7FF1F-49BF-46F5-8D71-B09AE5E8FC2A}.Release|Any CPU.ActiveCfg = Release|Any CPU
		{69B7FF1F-49BF-46F5-8D71-B09AE5E8FC2A}.Release|Any CPU.Build.0 = Release|Any CPU
		{69B7FF1F-49BF-46F5-8D71-B09AE5E8FC2A}.Release|Mixed Platforms.ActiveCfg = Release|x86
		{69B7FF1F-49BF-46F5-8D71-B09AE5E8FC2A}.Release|Mixed Platforms.Build.0 = Release|x86
		{69B7FF1F-49BF-46F5-8D71-B09AE5E8FC2A}.Release|x86.ActiveCfg = Release|x86
		{69B7FF1F-49BF-46F5-8D71-B09AE5E8FC2A}.Release|x86.Build.0 = Release|x86
	EndGlobalSection
	GlobalSection(SolutionProperties) = preSolution
		HideSolutionNode = FALSE
	EndGlobalSection
	GlobalSection(NestedProjects) = preSolution
		{EF202B69-F091-4B28-B23B-81CFF42C1DC3} = {C8239096-2A24-470B-B1AA-42C872A44179}
		{36519D54-E65E-4974-8DA5-1931F1BBB692} = {C8239096-2A24-470B-B1AA-42C872A44179}
		{1D019976-FFE6-41A2-AB9C-6241696EDB8E} = {C8239096-2A24-470B-B1AA-42C872A44179}
		{F36C0849-BF86-4632-AED8-DCC7C4827F86} = {C8239096-2A24-470B-B1AA-42C872A44179}
		{472C594A-CD61-48E0-B814-8144CB1506FC} = {C8239096-2A24-470B-B1AA-42C872A44179}
		{9642FE66-57BD-4BCA-B403-7B95DE781704} = {C8239096-2A24-470B-B1AA-42C872A44179}
		{CA6E78FE-B8BF-4392-815F-EAB93AE66783} = {C8239096-2A24-470B-B1AA-42C872A44179}
		{BB4E7878-3B0A-4BB4-A34C-61B4630684BA} = {C8239096-2A24-470B-B1AA-42C872A44179}
		{4CF40D10-2919-4C21-A8B0-D370E777D409} = {C8239096-2A24-470B-B1AA-42C872A44179}
		{69B7FF1F-49BF-46F5-8D71-B09AE5E8FC2A} = {C8239096-2A24-470B-B1AA-42C872A44179}
	EndGlobalSection
	GlobalSection(ExtensibilityGlobals) = postSolution
		SolutionGuid = {E3EB5CE7-83CB-49C2-AE78-95E85F6C5760}
	EndGlobalSection
	GlobalSection(SubversionScc) = preSolution
		Svn-Managed = True
		Manager = AnkhSVN - Subversion Support for Visual Studio
	EndGlobalSection
EndGlobal
